Microsoft Visual Studio Solution File, Format Version 9.00
# Visual Studio 2005
Project("{8BC9CEB8-8B4A-11D0-8D11-00A0C91BC942}") = "GNbase", "8.0\GNbase.vcproj", "{28A1B915-7618-4A20-B9CA-CDF3D71BFF1F}"
EndProject
Project("{8BC9CEB8-8B4A-11D0-8D11-00A0C91BC942}") = "GNcore", "8.0\GNcore.vcproj", "{377D307A-4C54-48C0-A63F-EA2CE57A7454}"
EndProject
Project("{8BC9CEB8-8B4A-11D0-8D11-00A0C91BC942}") = "GNextern", "8.0\GNextern.vcproj", "{73FAB416-7CC6-4C10-9796-D31EFB1ECF93}"
EndProject
Project("{8BC9CEB8-8B4A-11D0-8D11-00A0C91BC942}") = "GNgfxD3D", "8.0\GNgfxD3D.vcproj", "{F6477341-665B-4364-94CA-54A90D73DDF8}"
EndProject
Project("{8BC9CEB8-8B4A-11D0-8D11-00A0C91BC942}") = "GNgfxOGL", "8.0\GNgfxOGL.vcproj", "{8610F200-C249-468C-9639-CD9C88CC95E3}"
EndProject
Project("{8BC9CEB8-8B4A-11D0-8D11-00A0C91BC942}") = "GNgfxCommon", "8.0\GNgfxCommon.vcproj", "{351F298C-528A-47EC-99AC-8EFD4E35F309}"
EndProject
Project("{8BC9CEB8-8B4A-11D0-8D11-00A0C91BC942}") = "GNgfxTest", "8.0\GNgfxTest.vcproj", "{E02AA3B9-18D7-46C3-BEF5-44823CFD78A7}"
EndProject
Project("{8BC9CEB8-8B4A-11D0-8D11-00A0C91BC942}") = "GNinputTest", "8.0\GNinputTest.vcproj", "{277441C3-4DA1-4FD1-BE8D-BCFA37C8A023}"
EndProject
Project("{8BC9CEB8-8B4A-11D0-8D11-00A0C91BC942}") = "GNinput", "8.0\GNinput.vcproj", "{813D9241-581A-44E0-840A-F2CB26D10EA0}"
EndProject
Project("{8BC9CEB8-8B4A-11D0-8D11-00A0C91BC942}") = "GNut", "8.0\GNut.vcproj", "{6FFBC754-64A4-4B99-BA6A-51DC9AAB91EA}"
EndProject
Project("{8BC9CEB8-8B4A-11D0-8D11-00A0C91BC942}") = "GNwinTest", "8.0\GNwinTest.vcproj", "{99C64004-2623-4D98-AB2F-D47B694B557B}"
EndProject
Project("{8BC9CEB8-8B4A-11D0-8D11-00A0C91BC942}") = "GNwin", "8.0\GNwin.vcproj", "{72B0E203-3E5A-401F-9EEF-255AC49084EF}"
EndProject
Project("{8BC9CEB8-8B4A-11D0-8D11-00A0C91BC942}") = "GNgfxLib", "8.0\GNgfxLib.vcproj", "{4C197C4E-59E9-48ED-95F8-A54434812D48}"
EndProject
Project("{8BC9CEB8-8B4A-11D0-8D11-00A0C91BC942}") = "GNdepthTexture", "8.0\GNdepthTexture.vcproj", "{CA9338CE-DC53-4203-811D-E95AAB5A1E86}"
EndProject
Global
	GlobalSection(SolutionConfigurationPlatforms) = preSolution
		Debug|Win32 = Debug|Win32
		Debug|x64 = Debug|x64
		Release|Win32 = Release|Win32
		Release|x64 = Release|x64
		Stdbg|Win32 = Stdbg|Win32
		Stdbg|x64 = Stdbg|x64
		Strel|Win32 = Strel|Win32
		Strel|x64 = Strel|x64
	EndGlobalSection
	GlobalSection(ProjectConfigurationPlatforms) = postSolution
		{28A1B915-7618-4A20-B9CA-CDF3D71BFF1F}.Debug|Win32.ActiveCfg = debug|Win32
		{28A1B915-7618-4A20-B9CA-CDF3D71BFF1F}.Debug|Win32.Build.0 = debug|Win32
		{28A1B915-7618-4A20-B9CA-CDF3D71BFF1F}.Debug|x64.ActiveCfg = debug|x64
		{28A1B915-7618-4A20-B9CA-CDF3D71BFF1F}.Debug|x64.Build.0 = debug|x64
		{28A1B915-7618-4A20-B9CA-CDF3D71BFF1F}.Release|Win32.ActiveCfg = debug|Win32
		{28A1B915-7618-4A20-B9CA-CDF3D71BFF1F}.Release|Win32.Build.0 = debug|Win32
		{28A1B915-7618-4A20-B9CA-CDF3D71BFF1F}.Release|x64.ActiveCfg = release|x64
		{28A1B915-7618-4A20-B9CA-CDF3D71BFF1F}.Release|x64.Build.0 = release|x64
		{28A1B915-7618-4A20-B9CA-CDF3D71BFF1F}.Stdbg|Win32.ActiveCfg = stdbg|Win32
		{28A1B915-7618-4A20-B9CA-CDF3D71BFF1F}.Stdbg|Win32.Build.0 = stdbg|Win32
		{28A1B915-7618-4A20-B9CA-CDF3D71BFF1F}.Stdbg|x64.ActiveCfg = stdbg|x64
		{28A1B915-7618-4A20-B9CA-CDF3D71BFF1F}.Stdbg|x64.Build.0 = stdbg|x64
		{28A1B915-7618-4A20-B9CA-CDF3D71BFF1F}.Strel|Win32.ActiveCfg = strel|Win32
		{28A1B915-7618-4A20-B9CA-CDF3D71BFF1F}.Strel|Win32.Build.0 = strel|Win32
		{28A1B915-7618-4A20-B9CA-CDF3D71BFF1F}.Strel|x64.ActiveCfg = strel|x64
		{28A1B915-7618-4A20-B9CA-CDF3D71BFF1F}.Strel|x64.Build.0 = strel|x64
		{377D307A-4C54-48C0-A63F-EA2CE57A7454}.Debug|Win32.ActiveCfg = debug|Win32
		{377D307A-4C54-48C0-A63F-EA2CE57A7454}.Debug|Win32.Build.0 = debug|Win32
		{377D307A-4C54-48C0-A63F-EA2CE57A7454}.Debug|x64.ActiveCfg = debug|x64
		{377D307A-4C54-48C0-A63F-EA2CE57A7454}.Debug|x64.Build.0 = debug|x64
		{377D307A-4C54-48C0-A63F-EA2CE57A7454}.Release|Win32.ActiveCfg = debug|Win32
		{377D307A-4C54-48C0-A63F-EA2CE57A7454}.Release|Win32.Build.0 = debug|Win32
		{377D307A-4C54-48C0-A63F-EA2CE57A7454}.Release|x64.ActiveCfg = release|x64
		{377D307A-4C54-48C0-A63F-EA2CE57A7454}.Release|x64.Build.0 = release|x64
		{377D307A-4C54-48C0-A63F-EA2CE57A7454}.Stdbg|Win32.ActiveCfg = stdbg|Win32
		{377D307A-4C54-48C0-A63F-EA2CE57A7454}.Stdbg|Win32.Build.0 = stdbg|Win32
		{377D307A-4C54-48C0-A63F-EA2CE57A7454}.Stdbg|x64.ActiveCfg = stdbg|x64
		{377D307A-4C54-48C0-A63F-EA2CE57A7454}.Stdbg|x64.Build.0 = stdbg|x64
		{377D307A-4C54-48C0-A63F-EA2CE57A7454}.Strel|Win32.ActiveCfg = strel|Win32
		{377D307A-4C54-48C0-A63F-EA2CE57A7454}.Strel|Win32.Build.0 = strel|Win32
		{377D307A-4C54-48C0-A63F-EA2CE57A7454}.Strel|x64.ActiveCfg = strel|x64
		{377D307A-4C54-48C0-A63F-EA2CE57A7454}.Strel|x64.Build.0 = strel|x64
		{73FAB416-7CC6-4C10-9796-D31EFB1ECF93}.Debug|Win32.ActiveCfg = debug|Win32
		{73FAB416-7CC6-4C10-9796-D31EFB1ECF93}.Debug|Win32.Build.0 = debug|Win32
		{73FAB416-7CC6-4C10-9796-D31EFB1ECF93}.Debug|x64.ActiveCfg = debug|x64
		{73FAB416-7CC6-4C10-9796-D31EFB1ECF93}.Debug|x64.Build.0 = debug|x64
		{73FAB416-7CC6-4C10-9796-D31EFB1ECF93}.Release|Win32.ActiveCfg = debug|Win32
		{73FAB416-7CC6-4C10-9796-D31EFB1ECF93}.Release|Win32.Build.0 = debug|Win32
		{73FAB416-7CC6-4C10-9796-D31EFB1ECF93}.Release|x64.ActiveCfg = release|x64
		{73FAB416-7CC6-4C10-9796-D31EFB1ECF93}.Release|x64.Build.0 = release|x64
		{73FAB416-7CC6-4C10-9796-D31EFB1ECF93}.Stdbg|Win32.ActiveCfg = stdbg|Win32
		{73FAB416-7CC6-4C10-9796-D31EFB1ECF93}.Stdbg|Win32.Build.0 = stdbg|Win32
		{73FAB416-7CC6-4C10-9796-D31EFB1ECF93}.Stdbg|x64.ActiveCfg = stdbg|x64
		{73FAB416-7CC6-4C10-9796-D31EFB1ECF93}.Stdbg|x64.Build.0 = stdbg|x64
		{73FAB416-7CC6-4C10-9796-D31EFB1ECF93}.Strel|Win32.ActiveCfg = strel|Win32
		{73FAB416-7CC6-4C10-9796-D31EFB1ECF93}.Strel|Win32.Build.0 = strel|Win32
		{73FAB416-7CC6-4C10-9796-D31EFB1ECF93}.Strel|x64.ActiveCfg = strel|x64
		{73FAB416-7CC6-4C10-9796-D31EFB1ECF93}.Strel|x64.Build.0 = strel|x64
		{F6477341-665B-4364-94CA-54A90D73DDF8}.Debug|Win32.ActiveCfg = debug|Win32
		{F6477341-665B-4364-94CA-54A90D73DDF8}.Debug|Win32.Build.0 = debug|Win32
		{F6477341-665B-4364-94CA-54A90D73DDF8}.Debug|x64.ActiveCfg = debug|x64
		{F6477341-665B-4364-94CA-54A90D73DDF8}.Debug|x64.Build.0 = debug|x64
		{F6477341-665B-4364-94CA-54A90D73DDF8}.Release|Win32.ActiveCfg = debug|Win32
		{F6477341-665B-4364-94CA-54A90D73DDF8}.Release|Win32.Build.0 = debug|Win32
		{F6477341-665B-4364-94CA-54A90D73DDF8}.Release|x64.ActiveCfg = release|x64
		{F6477341-665B-4364-94CA-54A90D73DDF8}.Release|x64.Build.0 = release|x64
		{F6477341-665B-4364-94CA-54A90D73DDF8}.Stdbg|Win32.ActiveCfg = stdbg|Win32
		{F6477341-665B-4364-94CA-54A90D73DDF8}.Stdbg|Win32.Build.0 = stdbg|Win32
		{F6477341-665B-4364-94CA-54A90D73DDF8}.Stdbg|x64.ActiveCfg = stdbg|x64
		{F6477341-665B-4364-94CA-54A90D73DDF8}.Stdbg|x64.Build.0 = stdbg|x64
		{F6477341-665B-4364-94CA-54A90D73DDF8}.Strel|Win32.ActiveCfg = strel|Win32
		{F6477341-665B-4364-94CA-54A90D73DDF8}.Strel|Win32.Build.0 = strel|Win32
		{F6477341-665B-4364-94CA-54A90D73DDF8}.Strel|x64.ActiveCfg = strel|x64
		{F6477341-665B-4364-94CA-54A90D73DDF8}.Strel|x64.Build.0 = strel|x64
		{8610F200-C249-468C-9639-CD9C88CC95E3}.Debug|Win32.ActiveCfg = debug|Win32
		{8610F200-C249-468C-9639-CD9C88CC95E3}.Debug|Win32.Build.0 = debug|Win32
		{8610F200-C249-468C-9639-CD9C88CC95E3}.Debug|x64.ActiveCfg = debug|x64
		{8610F200-C249-468C-9639-CD9C88CC95E3}.Debug|x64.Build.0 = debug|x64
		{8610F200-C249-468C-9639-CD9C88CC95E3}.Release|Win32.ActiveCfg = debug|Win32
		{8610F200-C249-468C-9639-CD9C88CC95E3}.Release|Win32.Build.0 = debug|Win32
		{8610F200-C249-468C-9639-CD9C88CC95E3}.Release|x64.ActiveCfg = release|x64
		{8610F200-C249-468C-9639-CD9C88CC95E3}.Release|x64.Build.0 = release|x64
		{8610F200-C249-468C-9639-CD9C88CC95E3}.Stdbg|Win32.ActiveCfg = stdbg|Win32
		{8610F200-C249-468C-9639-CD9C88CC95E3}.Stdbg|Win32.Build.0 = stdbg|Win32
		{8610F200-C249-468C-9639-CD9C88CC95E3}.Stdbg|x64.ActiveCfg = stdbg|x64
		{8610F200-C249-468C-9639-CD9C88CC95E3}.Stdbg|x64.Build.0 = stdbg|x64
		{8610F200-C249-468C-9639-CD9C88CC95E3}.Strel|Win32.ActiveCfg = strel|Win32
		{8610F200-C249-468C-9639-CD9C88CC95E3}.Strel|Win32.Build.0 = strel|Win32
		{8610F200-C249-468C-9639-CD9C88CC95E3}.Strel|x64.ActiveCfg = strel|x64
		{8610F200-C249-468C-9639-CD9C88CC95E3}.Strel|x64.Build.0 = strel|x64
		{351F298C-528A-47EC-99AC-8EFD4E35F309}.Debug|Win32.ActiveCfg = debug|Win32
		{351F298C-528A-47EC-99AC-8EFD4E35F309}.Debug|Win32.Build.0 = debug|Win32
		{351F298C-528A-47EC-99AC-8EFD4E35F309}.Debug|x64.ActiveCfg = debug|x64
		{351F298C-528A-47EC-99AC-8EFD4E35F309}.Debug|x64.Build.0 = debug|x64
		{351F298C-528A-47EC-99AC-8EFD4E35F309}.Release|Win32.ActiveCfg = debug|Win32
		{351F298C-528A-47EC-99AC-8EFD4E35F309}.Release|Win32.Build.0 = debug|Win32
		{351F298C-528A-47EC-99AC-8EFD4E35F309}.Release|x64.ActiveCfg = release|x64
		{351F298C-528A-47EC-99AC-8EFD4E35F309}.Release|x64.Build.0 = release|x64
		{351F298C-528A-47EC-99AC-8EFD4E35F309}.Stdbg|Win32.ActiveCfg = stdbg|Win32
		{351F298C-528A-47EC-99AC-8EFD4E35F309}.Stdbg|Win32.Build.0 = stdbg|Win32
		{351F298C-528A-47EC-99AC-8EFD4E35F309}.Stdbg|x64.ActiveCfg = stdbg|x64
		{351F298C-528A-47EC-99AC-8EFD4E35F309}.Stdbg|x64.Build.0 = stdbg|x64
		{351F298C-528A-47EC-99AC-8EFD4E35F309}.Strel|Win32.ActiveCfg = strel|Win32
		{351F298C-528A-47EC-99AC-8EFD4E35F309}.Strel|Win32.Build.0 = strel|Win32
		{351F298C-528A-47EC-99AC-8EFD4E35F309}.Strel|x64.ActiveCfg = strel|x64
		{351F298C-528A-47EC-99AC-8EFD4E35F309}.Strel|x64.Build.0 = strel|x64
		{E02AA3B9-18D7-46C3-BEF5-44823CFD78A7}.Debug|Win32.ActiveCfg = debug|Win32
		{E02AA3B9-18D7-46C3-BEF5-44823CFD78A7}.Debug|Win32.Build.0 = debug|Win32
		{E02AA3B9-18D7-46C3-BEF5-44823CFD78A7}.Debug|x64.ActiveCfg = debug|x64
		{E02AA3B9-18D7-46C3-BEF5-44823CFD78A7}.Debug|x64.Build.0 = debug|x64
		{E02AA3B9-18D7-46C3-BEF5-44823CFD78A7}.Release|Win32.ActiveCfg = debug|Win32
		{E02AA3B9-18D7-46C3-BEF5-44823CFD78A7}.Release|Win32.Build.0 = debug|Win32
		{E02AA3B9-18D7-46C3-BEF5-44823CFD78A7}.Release|x64.ActiveCfg = release|x64
		{E02AA3B9-18D7-46C3-BEF5-44823CFD78A7}.Release|x64.Build.0 = release|x64
		{E02AA3B9-18D7-46C3-BEF5-44823CFD78A7}.Stdbg|Win32.ActiveCfg = stdbg|Win32
		{E02AA3B9-18D7-46C3-BEF5-44823CFD78A7}.Stdbg|Win32.Build.0 = stdbg|Win32
		{E02AA3B9-18D7-46C3-BEF5-44823CFD78A7}.Stdbg|x64.ActiveCfg = stdbg|x64
		{E02AA3B9-18D7-46C3-BEF5-44823CFD78A7}.Stdbg|x64.Build.0 = stdbg|x64
		{E02AA3B9-18D7-46C3-BEF5-44823CFD78A7}.Strel|Win32.ActiveCfg = strel|Win32
		{E02AA3B9-18D7-46C3-BEF5-44823CFD78A7}.Strel|Win32.Build.0 = strel|Win32
		{E02AA3B9-18D7-46C3-BEF5-44823CFD78A7}.Strel|x64.ActiveCfg = strel|x64
		{E02AA3B9-18D7-46C3-BEF5-44823CFD78A7}.Strel|x64.Build.0 = strel|x64
		{277441C3-4DA1-4FD1-BE8D-BCFA37C8A023}.Debug|Win32.ActiveCfg = debug|Win32
		{277441C3-4DA1-4FD1-BE8D-BCFA37C8A023}.Debug|Win32.Build.0 = debug|Win32
		{277441C3-4DA1-4FD1-BE8D-BCFA37C8A023}.Debug|x64.ActiveCfg = debug|x64
		{277441C3-4DA1-4FD1-BE8D-BCFA37C8A023}.Debug|x64.Build.0 = debug|x64
		{277441C3-4DA1-4FD1-BE8D-BCFA37C8A023}.Release|Win32.ActiveCfg = debug|Win32
		{277441C3-4DA1-4FD1-BE8D-BCFA37C8A023}.Release|Win32.Build.0 = debug|Win32
		{277441C3-4DA1-4FD1-BE8D-BCFA37C8A023}.Release|x64.ActiveCfg = release|x64
		{277441C3-4DA1-4FD1-BE8D-BCFA37C8A023}.Release|x64.Build.0 = release|x64
		{277441C3-4DA1-4FD1-BE8D-BCFA37C8A023}.Stdbg|Win32.ActiveCfg = stdbg|Win32
		{277441C3-4DA1-4FD1-BE8D-BCFA37C8A023}.Stdbg|Win32.Build.0 = stdbg|Win32
		{277441C3-4DA1-4FD1-BE8D-BCFA37C8A023}.Stdbg|x64.ActiveCfg = stdbg|x64
		{277441C3-4DA1-4FD1-BE8D-BCFA37C8A023}.Stdbg|x64.Build.0 = stdbg|x64
		{277441C3-4DA1-4FD1-BE8D-BCFA37C8A023}.Strel|Win32.ActiveCfg = strel|Win32
		{277441C3-4DA1-4FD1-BE8D-BCFA37C8A023}.Strel|Win32.Build.0 = strel|Win32
		{277441C3-4DA1-4FD1-BE8D-BCFA37C8A023}.Strel|x64.ActiveCfg = strel|x64
		{277441C3-4DA1-4FD1-BE8D-BCFA37C8A023}.Strel|x64.Build.0 = strel|x64
		{813D9241-581A-44E0-840A-F2CB26D10EA0}.Debug|Win32.ActiveCfg = debug|Win32
		{813D9241-581A-44E0-840A-F2CB26D10EA0}.Debug|Win32.Build.0 = debug|Win32
		{813D9241-581A-44E0-840A-F2CB26D10EA0}.Debug|x64.ActiveCfg = debug|x64
		{813D9241-581A-44E0-840A-F2CB26D10EA0}.Debug|x64.Build.0 = debug|x64
		{813D9241-581A-44E0-840A-F2CB26D10EA0}.Release|Win32.ActiveCfg = debug|Win32
		{813D9241-581A-44E0-840A-F2CB26D10EA0}.Release|Win32.Build.0 = debug|Win32
		{813D9241-581A-44E0-840A-F2CB26D10EA0}.Release|x64.ActiveCfg = release|x64
		{813D9241-581A-44E0-840A-F2CB26D10EA0}.Release|x64.Build.0 = release|x64
		{813D9241-581A-44E0-840A-F2CB26D10EA0}.Stdbg|Win32.ActiveCfg = stdbg|Win32
		{813D9241-581A-44E0-840A-F2CB26D10EA0}.Stdbg|Win32.Build.0 = stdbg|Win32
		{813D9241-581A-44E0-840A-F2CB26D10EA0}.Stdbg|x64.ActiveCfg = stdbg|x64
		{813D9241-581A-44E0-840A-F2CB26D10EA0}.Stdbg|x64.Build.0 = stdbg|x64
		{813D9241-581A-44E0-840A-F2CB26D10EA0}.Strel|Win32.ActiveCfg = strel|Win32
		{813D9241-581A-44E0-840A-F2CB26D10EA0}.Strel|Win32.Build.0 = strel|Win32
		{813D9241-581A-44E0-840A-F2CB26D10EA0}.Strel|x64.ActiveCfg = strel|x64
		{813D9241-581A-44E0-840A-F2CB26D10EA0}.Strel|x64.Build.0 = strel|x64
		{6FFBC754-64A4-4B99-BA6A-51DC9AAB91EA}.Debug|Win32.ActiveCfg = debug|Win32
		{6FFBC754-64A4-4B99-BA6A-51DC9AAB91EA}.Debug|Win32.Build.0 = debug|Win32
		{6FFBC754-64A4-4B99-BA6A-51DC9AAB91EA}.Debug|x64.ActiveCfg = debug|x64
		{6FFBC754-64A4-4B99-BA6A-51DC9AAB91EA}.Debug|x64.Build.0 = debug|x64
		{6FFBC754-64A4-4B99-BA6A-51DC9AAB91EA}.Release|Win32.ActiveCfg = debug|Win32
		{6FFBC754-64A4-4B99-BA6A-51DC9AAB91EA}.Release|Win32.Build.0 = debug|Win32
		{6FFBC754-64A4-4B99-BA6A-51DC9AAB91EA}.Release|x64.ActiveCfg = release|x64
		{6FFBC754-64A4-4B99-BA6A-51DC9AAB91EA}.Release|x64.Build.0 = release|x64
		{6FFBC754-64A4-4B99-BA6A-51DC9AAB91EA}.Stdbg|Win32.ActiveCfg = stdbg|Win32
		{6FFBC754-64A4-4B99-BA6A-51DC9AAB91EA}.Stdbg|Win32.Build.0 = stdbg|Win32
		{6FFBC754-64A4-4B99-BA6A-51DC9AAB91EA}.Stdbg|x64.ActiveCfg = stdbg|x64
		{6FFBC754-64A4-4B99-BA6A-51DC9AAB91EA}.Stdbg|x64.Build.0 = stdbg|x64
		{6FFBC754-64A4-4B99-BA6A-51DC9AAB91EA}.Strel|Win32.ActiveCfg = strel|Win32
		{6FFBC754-64A4-4B99-BA6A-51DC9AAB91EA}.Strel|Win32.Build.0 = strel|Win32
		{6FFBC754-64A4-4B99-BA6A-51DC9AAB91EA}.Strel|x64.ActiveCfg = strel|x64
		{6FFBC754-64A4-4B99-BA6A-51DC9AAB91EA}.Strel|x64.Build.0 = strel|x64
		{99C64004-2623-4D98-AB2F-D47B694B557B}.Debug|Win32.ActiveCfg = debug|Win32
		{99C64004-2623-4D98-AB2F-D47B694B557B}.Debug|Win32.Build.0 = debug|Win32
		{99C64004-2623-4D98-AB2F-D47B694B557B}.Debug|x64.ActiveCfg = debug|x64
		{99C64004-2623-4D98-AB2F-D47B694B557B}.Debug|x64.Build.0 = debug|x64
		{99C64004-2623-4D98-AB2F-D47B694B557B}.Release|Win32.ActiveCfg = debug|Win32
		{99C64004-2623-4D98-AB2F-D47B694B557B}.Release|Win32.Build.0 = debug|Win32
		{99C64004-2623-4D98-AB2F-D47B694B557B}.Release|x64.ActiveCfg = release|x64
		{99C64004-2623-4D98-AB2F-D47B694B557B}.Release|x64.Build.0 = release|x64
		{99C64004-2623-4D98-AB2F-D47B694B557B}.Stdbg|Win32.ActiveCfg = stdbg|Win32
		{99C64004-2623-4D98-AB2F-D47B694B557B}.Stdbg|Win32.Build.0 = stdbg|Win32
		{99C64004-2623-4D98-AB2F-D47B694B557B}.Stdbg|x64.ActiveCfg = stdbg|x64
		{99C64004-2623-4D98-AB2F-D47B694B557B}.Stdbg|x64.Build.0 = stdbg|x64
		{99C64004-2623-4D98-AB2F-D47B694B557B}.Strel|Win32.ActiveCfg = strel|Win32
		{99C64004-2623-4D98-AB2F-D47B694B557B}.Strel|Win32.Build.0 = strel|Win32
		{99C64004-2623-4D98-AB2F-D47B694B557B}.Strel|x64.ActiveCfg = strel|x64
		{99C64004-2623-4D98-AB2F-D47B694B557B}.Strel|x64.Build.0 = strel|x64
		{72B0E203-3E5A-401F-9EEF-255AC49084EF}.Debug|Win32.ActiveCfg = debug|Win32
		{72B0E203-3E5A-401F-9EEF-255AC49084EF}.Debug|Win32.Build.0 = debug|Win32
		{72B0E203-3E5A-401F-9EEF-255AC49084EF}.Debug|x64.ActiveCfg = debug|x64
		{72B0E203-3E5A-401F-9EEF-255AC49084EF}.Debug|x64.Build.0 = debug|x64
		{72B0E203-3E5A-401F-9EEF-255AC49084EF}.Release|Win32.ActiveCfg = debug|Win32
		{72B0E203-3E5A-401F-9EEF-255AC49084EF}.Release|Win32.Build.0 = debug|Win32
		{72B0E203-3E5A-401F-9EEF-255AC49084EF}.Release|x64.ActiveCfg = release|x64
		{72B0E203-3E5A-401F-9EEF-255AC49084EF}.Release|x64.Build.0 = release|x64
		{72B0E203-3E5A-401F-9EEF-255AC49084EF}.Stdbg|Win32.ActiveCfg = stdbg|Win32
		{72B0E203-3E5A-401F-9EEF-255AC49084EF}.Stdbg|Win32.Build.0 = stdbg|Win32
		{72B0E203-3E5A-401F-9EEF-255AC49084EF}.Stdbg|x64.ActiveCfg = stdbg|x64
		{72B0E203-3E5A-401F-9EEF-255AC49084EF}.Stdbg|x64.Build.0 = stdbg|x64
		{72B0E203-3E5A-401F-9EEF-255AC49084EF}.Strel|Win32.ActiveCfg = strel|Win32
		{72B0E203-3E5A-401F-9EEF-255AC49084EF}.Strel|Win32.Build.0 = strel|Win32
		{72B0E203-3E5A-401F-9EEF-255AC49084EF}.Strel|x64.ActiveCfg = strel|x64
		{72B0E203-3E5A-401F-9EEF-255AC49084EF}.Strel|x64.Build.0 = strel|x64
		{4C197C4E-59E9-48ED-95F8-A54434812D48}.Debug|Win32.ActiveCfg = debug|Win32
		{4C197C4E-59E9-48ED-95F8-A54434812D48}.Debug|Win32.Build.0 = debug|Win32
		{4C197C4E-59E9-48ED-95F8-A54434812D48}.Debug|x64.ActiveCfg = debug|x64
		{4C197C4E-59E9-48ED-95F8-A54434812D48}.Debug|x64.Build.0 = debug|x64
		{4C197C4E-59E9-48ED-95F8-A54434812D48}.Release|Win32.ActiveCfg = debug|Win32
		{4C197C4E-59E9-48ED-95F8-A54434812D48}.Release|Win32.Build.0 = debug|Win32
		{4C197C4E-59E9-48ED-95F8-A54434812D48}.Release|x64.ActiveCfg = release|x64
		{4C197C4E-59E9-48ED-95F8-A54434812D48}.Release|x64.Build.0 = release|x64
		{4C197C4E-59E9-48ED-95F8-A54434812D48}.Stdbg|Win32.ActiveCfg = stdbg|Win32
		{4C197C4E-59E9-48ED-95F8-A54434812D48}.Stdbg|Win32.Build.0 = stdbg|Win32
		{4C197C4E-59E9-48ED-95F8-A54434812D48}.Stdbg|x64.ActiveCfg = stdbg|x64
		{4C197C4E-59E9-48ED-95F8-A54434812D48}.Stdbg|x64.Build.0 = stdbg|x64
		{4C197C4E-59E9-48ED-95F8-A54434812D48}.Strel|Win32.ActiveCfg = strel|Win32
		{4C197C4E-59E9-48ED-95F8-A54434812D48}.Strel|Win32.Build.0 = strel|Win32
		{4C197C4E-59E9-48ED-95F8-A54434812D48}.Strel|x64.ActiveCfg = strel|x64
		{4C197C4E-59E9-48ED-95F8-A54434812D48}.Strel|x64.Build.0 = strel|x64
		{CA9338CE-DC53-4203-811D-E95AAB5A1E86}.Debug|Win32.ActiveCfg = debug|Win32
		{CA9338CE-DC53-4203-811D-E95AAB5A1E86}.Debug|Win32.Build.0 = debug|Win32
		{CA9338CE-DC53-4203-811D-E95AAB5A1E86}.Debug|x64.ActiveCfg = debug|x64
		{CA9338CE-DC53-4203-811D-E95AAB5A1E86}.Debug|x64.Build.0 = debug|x64
		{CA9338CE-DC53-4203-811D-E95AAB5A1E86}.Release|Win32.ActiveCfg = release|Win32
		{CA9338CE-DC53-4203-811D-E95AAB5A1E86}.Release|Win32.Build.0 = release|Win32
		{CA9338CE-DC53-4203-811D-E95AAB5A1E86}.Release|x64.ActiveCfg = release|x64
		{CA9338CE-DC53-4203-811D-E95AAB5A1E86}.Release|x64.Build.0 = release|x64
		{CA9338CE-DC53-4203-811D-E95AAB5A1E86}.Stdbg|Win32.ActiveCfg = stdbg|Win32
		{CA9338CE-DC53-4203-811D-E95AAB5A1E86}.Stdbg|Win32.Build.0 = stdbg|Win32
		{CA9338CE-DC53-4203-811D-E95AAB5A1E86}.Stdbg|x64.ActiveCfg = stdbg|x64
		{CA9338CE-DC53-4203-811D-E95AAB5A1E86}.Stdbg|x64.Build.0 = stdbg|x64
		{CA9338CE-DC53-4203-811D-E95AAB5A1E86}.Strel|Win32.ActiveCfg = strel|Win32
		{CA9338CE-DC53-4203-811D-E95AAB5A1E86}.Strel|Win32.Build.0 = strel|Win32
		{CA9338CE-DC53-4203-811D-E95AAB5A1E86}.Strel|x64.ActiveCfg = strel|x64
		{CA9338CE-DC53-4203-811D-E95AAB5A1E86}.Strel|x64.Build.0 = strel|x64
	EndGlobalSection
	GlobalSection(SolutionProperties) = preSolution
		HideSolutionNode = FALSE
	EndGlobalSection
	GlobalSection(DPCodeReviewSolutionGUID) = preSolution
		DPCodeReviewSolutionGUID = {00000000-0000-0000-0000-000000000000}
	EndGlobalSection
EndGlobal
