Microsoft Visual Studio Solution File, Format Version 9.00
# Visual Studio 2005
Project("{8BC9CEB8-8B4A-11D0-8D11-00A0C91BC942}") = "GNbase", "8.0\GNbase.vcproj", "{84BDBB67-F288-ABE4-2353-DCE2E8930901}"
EndProject
Project("{8BC9CEB8-8B4A-11D0-8D11-00A0C91BC942}") = "GNcore", "8.0\GNcore.vcproj", "{C4B645A8-4C48-1699-08BB-545659257CFE}"
EndProject
Project("{8BC9CEB8-8B4A-11D0-8D11-00A0C91BC942}") = "GNextern", "8.0\GNextern.vcproj", "{26CDAEA7-6950-0D40-5147-80655E71FA35}"
EndProject
Project("{8BC9CEB8-8B4A-11D0-8D11-00A0C91BC942}") = "GNtestGfx", "8.0\GNtestGfx.vcproj", "{2C2B1129-9ADF-B031-E14B-D07561506F37}"
EndProject
Project("{8BC9CEB8-8B4A-11D0-8D11-00A0C91BC942}") = "GNtestInput", "8.0\GNtestInput.vcproj", "{2724AA38-88B3-A991-18D8-968EC5BE05AE}"
EndProject
Project("{8BC9CEB8-8B4A-11D0-8D11-00A0C91BC942}") = "GNut", "8.0\GNut.vcproj", "{34CE666B-4DE2-0733-567B-4421561291BF}"
EndProject
Project("{8BC9CEB8-8B4A-11D0-8D11-00A0C91BC942}") = "GNsampleDepthTexture", "8.0\GNsampleDepthTexture.vcproj", "{49024D69-1C93-E2A7-D830-3AE7948B6CCA}"
EndProject
Project("{8BC9CEB8-8B4A-11D0-8D11-00A0C91BC942}") = "GNsampleRenderToTexture", "8.0\GNsampleRenderToTexture.vcproj", "{896A6551-3D34-8082-9722-60156FE26C1F}"
EndProject
Project("{8BC9CEB8-8B4A-11D0-8D11-00A0C91BC942}") = "GNtoolOGLInfo", "8.0\GNtoolOGLInfo.vcproj", "{55AFCE9B-5B30-B947-B1A9-0775DAC24193}"
EndProject
Project("{8BC9CEB8-8B4A-11D0-8D11-00A0C91BC942}") = "GNtestGui", "8.0\GNtestGui.vcproj", "{57E7D624-3724-1A94-559E-CAA4BB8CB51C}"
EndProject
Project("{8BC9CEB8-8B4A-11D0-8D11-00A0C91BC942}") = "GNtestD3D9", "8.0\GNtestD3D9.vcproj", "{BAC3B387-ADD9-8FAF-F9AC-0850A34B4D3C}"
EndProject
Project("{8BC9CEB8-8B4A-11D0-8D11-00A0C91BC942}") = "GNtestOGL", "8.0\GNtestOGL.vcproj", "{0030C6D7-21B2-A0F1-AD6A-5D1FE4119C0D}"
EndProject
Project("{8BC9CEB8-8B4A-11D0-8D11-00A0C91BC942}") = "GNtestXml", "8.0\GNtestXml.vcproj", "{B6CA4EE4-F6BB-7124-1595-C8CC3ABAC586}"
EndProject
Project("{8BC9CEB8-8B4A-11D0-8D11-00A0C91BC942}") = "GNtoolGPUBenchmark", "8.0\GNtoolGPUBenchmark.vcproj", "{7796C64C-76A4-CC9C-607A-E1749B466B12}"
EndProject
Project("{8BC9CEB8-8B4A-11D0-8D11-00A0C91BC942}") = "GNrndrCommon", "8.0\GNrndrCommon.vcproj", "{5924FAD8-FED6-E547-D735-81C563E9A4FA}"
EndProject
Project("{8BC9CEB8-8B4A-11D0-8D11-00A0C91BC942}") = "GNrndrD3D9", "8.0\GNrndrD3D9.vcproj", "{0ABA59A4-8F0A-60C2-35CB-3B7CFE80C60F}"
EndProject
Project("{8BC9CEB8-8B4A-11D0-8D11-00A0C91BC942}") = "GNrndrD3D10", "8.0\GNrndrD3D10.vcproj", "{E2C4A641-F50F-445D-B63C-70927512A1AA}"
EndProject
Project("{8BC9CEB8-8B4A-11D0-8D11-00A0C91BC942}") = "GNrndrOGL", "8.0\GNrndrOGL.vcproj", "{2BD9CA63-D051-B696-1C58-47414384E93D}"
EndProject
Project("{8BC9CEB8-8B4A-11D0-8D11-00A0C91BC942}") = "GNutil", "8.0\GNutil.vcproj", "{E8C765CE-3ADE-A0A2-959D-D47084133245}"
EndProject
Project("{8BC9CEB8-8B4A-11D0-8D11-00A0C91BC942}") = "GNtestXenonStackTexture", "8.0\GNtestXenonStackTexture.vcproj", "{6718D29A-26B5-9A7C-742B-D18392AB9C16}"
EndProject
Project("{8BC9CEB8-8B4A-11D0-8D11-00A0C91BC942}") = "GNsampleDolphin", "8.0\GNsampleDolphin.vcproj", "{CCE88701-E61F-7DF1-A29B-1E1056CA12E4}"
EndProject
Project("{8BC9CEB8-8B4A-11D0-8D11-00A0C91BC942}") = "GNgfxBase", "8.0\GNgfxBase.vcproj", "{D2E8B602-E951-160C-535B-AEC80FA92388}"
EndProject
Project("{8BC9CEB8-8B4A-11D0-8D11-00A0C91BC942}") = "GNgfxUtil", "8.0\GNgfxUtil.vcproj", "{8FA39028-3627-CD4C-1B15-C9DF7C0021B3}"
EndProject
Project("{8BC9CEB8-8B4A-11D0-8D11-00A0C91BC942}") = "GNtoolMeshConverter", "8.0\GNtoolMeshConverter.vcproj", "{8E4C8E7C-75C0-2B3E-5FEB-B70AFC7FC131}"
EndProject
Project("{8BC9CEB8-8B4A-11D0-8D11-00A0C91BC942}") = "GNtestXenonNegativeZRange", "8.0\GNtestXenonNegativeZRange.vcproj", "{B9A7A21C-42EA-E933-A931-6390979871B5}"
EndProject
Project("{8BC9CEB8-8B4A-11D0-8D11-00A0C91BC942}") = "GNtoolMeshViewer", "8.0\GNtoolMeshViewer.vcproj", "{CC08EF7D-EFC2-E1AF-4FF6-036FF940E833}"
EndProject
Global
	GlobalSection(SolutionConfigurationPlatforms) = preSolution
		debug|Win32 = debug|Win32
		debug|x64 = debug|x64
		debug|Xbox 360 = debug|Xbox 360
		profile|Win32 = profile|Win32
		profile|x64 = profile|x64
		profile|Xbox 360 = profile|Xbox 360
		retail|Win32 = retail|Win32
		retail|x64 = retail|x64
		retail|Xbox 360 = retail|Xbox 360
		stdbg|Win32 = stdbg|Win32
		stdbg|x64 = stdbg|x64
		stdbg|Xbox 360 = stdbg|Xbox 360
		stprof|Win32 = stprof|Win32
		stprof|x64 = stprof|x64
		stprof|Xbox 360 = stprof|Xbox 360
		stret|Win32 = stret|Win32
		stret|x64 = stret|x64
		stret|Xbox 360 = stret|Xbox 360
	EndGlobalSection
	GlobalSection(ProjectConfigurationPlatforms) = postSolution
		{84BDBB67-F288-ABE4-2353-DCE2E8930901}.debug|Win32.ActiveCfg = debug|Win32
		{84BDBB67-F288-ABE4-2353-DCE2E8930901}.debug|Win32.Build.0 = debug|Win32
		{84BDBB67-F288-ABE4-2353-DCE2E8930901}.debug|x64.ActiveCfg = debug|x64
		{84BDBB67-F288-ABE4-2353-DCE2E8930901}.debug|x64.Build.0 = debug|x64
		{84BDBB67-F288-ABE4-2353-DCE2E8930901}.debug|Xbox 360.ActiveCfg = debug|Xbox 360
		{84BDBB67-F288-ABE4-2353-DCE2E8930901}.debug|Xbox 360.Build.0 = debug|Xbox 360
		{84BDBB67-F288-ABE4-2353-DCE2E8930901}.profile|Win32.ActiveCfg = profile|Win32
		{84BDBB67-F288-ABE4-2353-DCE2E8930901}.profile|Win32.Build.0 = profile|Win32
		{84BDBB67-F288-ABE4-2353-DCE2E8930901}.profile|x64.ActiveCfg = profile|x64
		{84BDBB67-F288-ABE4-2353-DCE2E8930901}.profile|x64.Build.0 = profile|x64
		{84BDBB67-F288-ABE4-2353-DCE2E8930901}.profile|Xbox 360.ActiveCfg = profile|Xbox 360
		{84BDBB67-F288-ABE4-2353-DCE2E8930901}.profile|Xbox 360.Build.0 = profile|Xbox 360
		{84BDBB67-F288-ABE4-2353-DCE2E8930901}.retail|Win32.ActiveCfg = retail|Win32
		{84BDBB67-F288-ABE4-2353-DCE2E8930901}.retail|Win32.Build.0 = retail|Win32
		{84BDBB67-F288-ABE4-2353-DCE2E8930901}.retail|x64.ActiveCfg = retail|x64
		{84BDBB67-F288-ABE4-2353-DCE2E8930901}.retail|x64.Build.0 = retail|x64
		{84BDBB67-F288-ABE4-2353-DCE2E8930901}.retail|Xbox 360.ActiveCfg = retail|Xbox 360
		{84BDBB67-F288-ABE4-2353-DCE2E8930901}.retail|Xbox 360.Build.0 = retail|Xbox 360
		{84BDBB67-F288-ABE4-2353-DCE2E8930901}.stdbg|Win32.ActiveCfg = stdbg|Win32
		{84BDBB67-F288-ABE4-2353-DCE2E8930901}.stdbg|Win32.Build.0 = stdbg|Win32
		{84BDBB67-F288-ABE4-2353-DCE2E8930901}.stdbg|x64.ActiveCfg = stdbg|x64
		{84BDBB67-F288-ABE4-2353-DCE2E8930901}.stdbg|x64.Build.0 = stdbg|x64
		{84BDBB67-F288-ABE4-2353-DCE2E8930901}.stdbg|Xbox 360.ActiveCfg = stdbg|Xbox 360
		{84BDBB67-F288-ABE4-2353-DCE2E8930901}.stdbg|Xbox 360.Build.0 = stdbg|Xbox 360
		{84BDBB67-F288-ABE4-2353-DCE2E8930901}.stprof|Win32.ActiveCfg = stprof|Win32
		{84BDBB67-F288-ABE4-2353-DCE2E8930901}.stprof|Win32.Build.0 = stprof|Win32
		{84BDBB67-F288-ABE4-2353-DCE2E8930901}.stprof|x64.ActiveCfg = stprof|x64
		{84BDBB67-F288-ABE4-2353-DCE2E8930901}.stprof|x64.Build.0 = stprof|x64
		{84BDBB67-F288-ABE4-2353-DCE2E8930901}.stprof|Xbox 360.ActiveCfg = stprof|Xbox 360
		{84BDBB67-F288-ABE4-2353-DCE2E8930901}.stprof|Xbox 360.Build.0 = stprof|Xbox 360
		{84BDBB67-F288-ABE4-2353-DCE2E8930901}.stret|Win32.ActiveCfg = stret|Win32
		{84BDBB67-F288-ABE4-2353-DCE2E8930901}.stret|Win32.Build.0 = stret|Win32
		{84BDBB67-F288-ABE4-2353-DCE2E8930901}.stret|x64.ActiveCfg = stret|x64
		{84BDBB67-F288-ABE4-2353-DCE2E8930901}.stret|x64.Build.0 = stret|x64
		{84BDBB67-F288-ABE4-2353-DCE2E8930901}.stret|Xbox 360.ActiveCfg = stret|Xbox 360
		{84BDBB67-F288-ABE4-2353-DCE2E8930901}.stret|Xbox 360.Build.0 = stret|Xbox 360
		{C4B645A8-4C48-1699-08BB-545659257CFE}.debug|Win32.ActiveCfg = debug|Win32
		{C4B645A8-4C48-1699-08BB-545659257CFE}.debug|Win32.Build.0 = debug|Win32
		{C4B645A8-4C48-1699-08BB-545659257CFE}.debug|x64.ActiveCfg = debug|x64
		{C4B645A8-4C48-1699-08BB-545659257CFE}.debug|x64.Build.0 = debug|x64
		{C4B645A8-4C48-1699-08BB-545659257CFE}.debug|Xbox 360.ActiveCfg = debug|Xbox 360
		{C4B645A8-4C48-1699-08BB-545659257CFE}.debug|Xbox 360.Build.0 = debug|Xbox 360
		{C4B645A8-4C48-1699-08BB-545659257CFE}.profile|Win32.ActiveCfg = profile|Win32
		{C4B645A8-4C48-1699-08BB-545659257CFE}.profile|Win32.Build.0 = profile|Win32
		{C4B645A8-4C48-1699-08BB-545659257CFE}.profile|x64.ActiveCfg = profile|x64
		{C4B645A8-4C48-1699-08BB-545659257CFE}.profile|x64.Build.0 = profile|x64
		{C4B645A8-4C48-1699-08BB-545659257CFE}.profile|Xbox 360.ActiveCfg = profile|Xbox 360
		{C4B645A8-4C48-1699-08BB-545659257CFE}.profile|Xbox 360.Build.0 = profile|Xbox 360
		{C4B645A8-4C48-1699-08BB-545659257CFE}.retail|Win32.ActiveCfg = retail|Win32
		{C4B645A8-4C48-1699-08BB-545659257CFE}.retail|Win32.Build.0 = retail|Win32
		{C4B645A8-4C48-1699-08BB-545659257CFE}.retail|x64.ActiveCfg = retail|x64
		{C4B645A8-4C48-1699-08BB-545659257CFE}.retail|x64.Build.0 = retail|x64
		{C4B645A8-4C48-1699-08BB-545659257CFE}.retail|Xbox 360.ActiveCfg = retail|Xbox 360
		{C4B645A8-4C48-1699-08BB-545659257CFE}.retail|Xbox 360.Build.0 = retail|Xbox 360
		{C4B645A8-4C48-1699-08BB-545659257CFE}.stdbg|Win32.ActiveCfg = stdbg|Win32
		{C4B645A8-4C48-1699-08BB-545659257CFE}.stdbg|Win32.Build.0 = stdbg|Win32
		{C4B645A8-4C48-1699-08BB-545659257CFE}.stdbg|x64.ActiveCfg = stdbg|x64
		{C4B645A8-4C48-1699-08BB-545659257CFE}.stdbg|x64.Build.0 = stdbg|x64
		{C4B645A8-4C48-1699-08BB-545659257CFE}.stdbg|Xbox 360.ActiveCfg = stdbg|Xbox 360
		{C4B645A8-4C48-1699-08BB-545659257CFE}.stdbg|Xbox 360.Build.0 = stdbg|Xbox 360
		{C4B645A8-4C48-1699-08BB-545659257CFE}.stprof|Win32.ActiveCfg = stprof|Win32
		{C4B645A8-4C48-1699-08BB-545659257CFE}.stprof|Win32.Build.0 = stprof|Win32
		{C4B645A8-4C48-1699-08BB-545659257CFE}.stprof|x64.ActiveCfg = stprof|x64
		{C4B645A8-4C48-1699-08BB-545659257CFE}.stprof|x64.Build.0 = stprof|x64
		{C4B645A8-4C48-1699-08BB-545659257CFE}.stprof|Xbox 360.ActiveCfg = stprof|Xbox 360
		{C4B645A8-4C48-1699-08BB-545659257CFE}.stprof|Xbox 360.Build.0 = stprof|Xbox 360
		{C4B645A8-4C48-1699-08BB-545659257CFE}.stret|Win32.ActiveCfg = stret|Win32
		{C4B645A8-4C48-1699-08BB-545659257CFE}.stret|Win32.Build.0 = stret|Win32
		{C4B645A8-4C48-1699-08BB-545659257CFE}.stret|x64.ActiveCfg = stret|x64
		{C4B645A8-4C48-1699-08BB-545659257CFE}.stret|x64.Build.0 = stret|x64
		{C4B645A8-4C48-1699-08BB-545659257CFE}.stret|Xbox 360.ActiveCfg = stret|Xbox 360
		{C4B645A8-4C48-1699-08BB-545659257CFE}.stret|Xbox 360.Build.0 = stret|Xbox 360
		{26CDAEA7-6950-0D40-5147-80655E71FA35}.debug|Win32.ActiveCfg = debug|Win32
		{26CDAEA7-6950-0D40-5147-80655E71FA35}.debug|Win32.Build.0 = debug|Win32
		{26CDAEA7-6950-0D40-5147-80655E71FA35}.debug|x64.ActiveCfg = debug|x64
		{26CDAEA7-6950-0D40-5147-80655E71FA35}.debug|x64.Build.0 = debug|x64
		{26CDAEA7-6950-0D40-5147-80655E71FA35}.debug|Xbox 360.ActiveCfg = debug|Xbox 360
		{26CDAEA7-6950-0D40-5147-80655E71FA35}.debug|Xbox 360.Build.0 = debug|Xbox 360
		{26CDAEA7-6950-0D40-5147-80655E71FA35}.profile|Win32.ActiveCfg = profile|Win32
		{26CDAEA7-6950-0D40-5147-80655E71FA35}.profile|Win32.Build.0 = profile|Win32
		{26CDAEA7-6950-0D40-5147-80655E71FA35}.profile|x64.ActiveCfg = profile|x64
		{26CDAEA7-6950-0D40-5147-80655E71FA35}.profile|x64.Build.0 = profile|x64
		{26CDAEA7-6950-0D40-5147-80655E71FA35}.profile|Xbox 360.ActiveCfg = profile|Xbox 360
		{26CDAEA7-6950-0D40-5147-80655E71FA35}.profile|Xbox 360.Build.0 = profile|Xbox 360
		{26CDAEA7-6950-0D40-5147-80655E71FA35}.retail|Win32.ActiveCfg = retail|Win32
		{26CDAEA7-6950-0D40-5147-80655E71FA35}.retail|Win32.Build.0 = retail|Win32
		{26CDAEA7-6950-0D40-5147-80655E71FA35}.retail|x64.ActiveCfg = retail|x64
		{26CDAEA7-6950-0D40-5147-80655E71FA35}.retail|x64.Build.0 = retail|x64
		{26CDAEA7-6950-0D40-5147-80655E71FA35}.retail|Xbox 360.ActiveCfg = retail|Xbox 360
		{26CDAEA7-6950-0D40-5147-80655E71FA35}.retail|Xbox 360.Build.0 = retail|Xbox 360
		{26CDAEA7-6950-0D40-5147-80655E71FA35}.stdbg|Win32.ActiveCfg = stdbg|Win32
		{26CDAEA7-6950-0D40-5147-80655E71FA35}.stdbg|Win32.Build.0 = stdbg|Win32
		{26CDAEA7-6950-0D40-5147-80655E71FA35}.stdbg|x64.ActiveCfg = stdbg|x64
		{26CDAEA7-6950-0D40-5147-80655E71FA35}.stdbg|x64.Build.0 = stdbg|x64
		{26CDAEA7-6950-0D40-5147-80655E71FA35}.stdbg|Xbox 360.ActiveCfg = stdbg|Xbox 360
		{26CDAEA7-6950-0D40-5147-80655E71FA35}.stdbg|Xbox 360.Build.0 = stdbg|Xbox 360
		{26CDAEA7-6950-0D40-5147-80655E71FA35}.stprof|Win32.ActiveCfg = stprof|Win32
		{26CDAEA7-6950-0D40-5147-80655E71FA35}.stprof|Win32.Build.0 = stprof|Win32
		{26CDAEA7-6950-0D40-5147-80655E71FA35}.stprof|x64.ActiveCfg = stprof|x64
		{26CDAEA7-6950-0D40-5147-80655E71FA35}.stprof|x64.Build.0 = stprof|x64
		{26CDAEA7-6950-0D40-5147-80655E71FA35}.stprof|Xbox 360.ActiveCfg = stprof|Xbox 360
		{26CDAEA7-6950-0D40-5147-80655E71FA35}.stprof|Xbox 360.Build.0 = stprof|Xbox 360
		{26CDAEA7-6950-0D40-5147-80655E71FA35}.stret|Win32.ActiveCfg = stret|Win32
		{26CDAEA7-6950-0D40-5147-80655E71FA35}.stret|Win32.Build.0 = stret|Win32
		{26CDAEA7-6950-0D40-5147-80655E71FA35}.stret|x64.ActiveCfg = stret|x64
		{26CDAEA7-6950-0D40-5147-80655E71FA35}.stret|x64.Build.0 = stret|x64
		{26CDAEA7-6950-0D40-5147-80655E71FA35}.stret|Xbox 360.ActiveCfg = stret|Xbox 360
		{26CDAEA7-6950-0D40-5147-80655E71FA35}.stret|Xbox 360.Build.0 = stret|Xbox 360
		{2C2B1129-9ADF-B031-E14B-D07561506F37}.debug|Win32.ActiveCfg = debug|Win32
		{2C2B1129-9ADF-B031-E14B-D07561506F37}.debug|Win32.Build.0 = debug|Win32
		{2C2B1129-9ADF-B031-E14B-D07561506F37}.debug|x64.ActiveCfg = debug|x64
		{2C2B1129-9ADF-B031-E14B-D07561506F37}.debug|x64.Build.0 = debug|x64
		{2C2B1129-9ADF-B031-E14B-D07561506F37}.debug|Xbox 360.ActiveCfg = debug|Xbox 360
		{2C2B1129-9ADF-B031-E14B-D07561506F37}.debug|Xbox 360.Build.0 = debug|Xbox 360
		{2C2B1129-9ADF-B031-E14B-D07561506F37}.profile|Win32.ActiveCfg = profile|Win32
		{2C2B1129-9ADF-B031-E14B-D07561506F37}.profile|Win32.Build.0 = profile|Win32
		{2C2B1129-9ADF-B031-E14B-D07561506F37}.profile|x64.ActiveCfg = profile|x64
		{2C2B1129-9ADF-B031-E14B-D07561506F37}.profile|x64.Build.0 = profile|x64
		{2C2B1129-9ADF-B031-E14B-D07561506F37}.profile|Xbox 360.ActiveCfg = profile|Xbox 360
		{2C2B1129-9ADF-B031-E14B-D07561506F37}.profile|Xbox 360.Build.0 = profile|Xbox 360
		{2C2B1129-9ADF-B031-E14B-D07561506F37}.retail|Win32.ActiveCfg = retail|Win32
		{2C2B1129-9ADF-B031-E14B-D07561506F37}.retail|Win32.Build.0 = retail|Win32
		{2C2B1129-9ADF-B031-E14B-D07561506F37}.retail|x64.ActiveCfg = retail|x64
		{2C2B1129-9ADF-B031-E14B-D07561506F37}.retail|x64.Build.0 = retail|x64
		{2C2B1129-9ADF-B031-E14B-D07561506F37}.retail|Xbox 360.ActiveCfg = retail|Xbox 360
		{2C2B1129-9ADF-B031-E14B-D07561506F37}.retail|Xbox 360.Build.0 = retail|Xbox 360
		{2C2B1129-9ADF-B031-E14B-D07561506F37}.stdbg|Win32.ActiveCfg = stdbg|Win32
		{2C2B1129-9ADF-B031-E14B-D07561506F37}.stdbg|Win32.Build.0 = stdbg|Win32
		{2C2B1129-9ADF-B031-E14B-D07561506F37}.stdbg|x64.ActiveCfg = stdbg|x64
		{2C2B1129-9ADF-B031-E14B-D07561506F37}.stdbg|x64.Build.0 = stdbg|x64
		{2C2B1129-9ADF-B031-E14B-D07561506F37}.stdbg|Xbox 360.ActiveCfg = stdbg|Xbox 360
		{2C2B1129-9ADF-B031-E14B-D07561506F37}.stdbg|Xbox 360.Build.0 = stdbg|Xbox 360
		{2C2B1129-9ADF-B031-E14B-D07561506F37}.stprof|Win32.ActiveCfg = stprof|Win32
		{2C2B1129-9ADF-B031-E14B-D07561506F37}.stprof|Win32.Build.0 = stprof|Win32
		{2C2B1129-9ADF-B031-E14B-D07561506F37}.stprof|x64.ActiveCfg = stprof|x64
		{2C2B1129-9ADF-B031-E14B-D07561506F37}.stprof|x64.Build.0 = stprof|x64
		{2C2B1129-9ADF-B031-E14B-D07561506F37}.stprof|Xbox 360.ActiveCfg = stprof|Xbox 360
		{2C2B1129-9ADF-B031-E14B-D07561506F37}.stprof|Xbox 360.Build.0 = stprof|Xbox 360
		{2C2B1129-9ADF-B031-E14B-D07561506F37}.stret|Win32.ActiveCfg = stret|Win32
		{2C2B1129-9ADF-B031-E14B-D07561506F37}.stret|Win32.Build.0 = stret|Win32
		{2C2B1129-9ADF-B031-E14B-D07561506F37}.stret|x64.ActiveCfg = stret|x64
		{2C2B1129-9ADF-B031-E14B-D07561506F37}.stret|x64.Build.0 = stret|x64
		{2C2B1129-9ADF-B031-E14B-D07561506F37}.stret|Xbox 360.ActiveCfg = stret|Xbox 360
		{2C2B1129-9ADF-B031-E14B-D07561506F37}.stret|Xbox 360.Build.0 = stret|Xbox 360
		{2724AA38-88B3-A991-18D8-968EC5BE05AE}.debug|Win32.ActiveCfg = debug|Win32
		{2724AA38-88B3-A991-18D8-968EC5BE05AE}.debug|Win32.Build.0 = debug|Win32
		{2724AA38-88B3-A991-18D8-968EC5BE05AE}.debug|x64.ActiveCfg = debug|x64
		{2724AA38-88B3-A991-18D8-968EC5BE05AE}.debug|x64.Build.0 = debug|x64
		{2724AA38-88B3-A991-18D8-968EC5BE05AE}.debug|Xbox 360.ActiveCfg = debug|Xbox 360
		{2724AA38-88B3-A991-18D8-968EC5BE05AE}.debug|Xbox 360.Build.0 = debug|Xbox 360
		{2724AA38-88B3-A991-18D8-968EC5BE05AE}.profile|Win32.ActiveCfg = profile|Win32
		{2724AA38-88B3-A991-18D8-968EC5BE05AE}.profile|Win32.Build.0 = profile|Win32
		{2724AA38-88B3-A991-18D8-968EC5BE05AE}.profile|x64.ActiveCfg = profile|x64
		{2724AA38-88B3-A991-18D8-968EC5BE05AE}.profile|x64.Build.0 = profile|x64
		{2724AA38-88B3-A991-18D8-968EC5BE05AE}.profile|Xbox 360.ActiveCfg = profile|Xbox 360
		{2724AA38-88B3-A991-18D8-968EC5BE05AE}.profile|Xbox 360.Build.0 = profile|Xbox 360
		{2724AA38-88B3-A991-18D8-968EC5BE05AE}.retail|Win32.ActiveCfg = retail|Win32
		{2724AA38-88B3-A991-18D8-968EC5BE05AE}.retail|Win32.Build.0 = retail|Win32
		{2724AA38-88B3-A991-18D8-968EC5BE05AE}.retail|x64.ActiveCfg = retail|x64
		{2724AA38-88B3-A991-18D8-968EC5BE05AE}.retail|x64.Build.0 = retail|x64
		{2724AA38-88B3-A991-18D8-968EC5BE05AE}.retail|Xbox 360.ActiveCfg = retail|Xbox 360
		{2724AA38-88B3-A991-18D8-968EC5BE05AE}.retail|Xbox 360.Build.0 = retail|Xbox 360
		{2724AA38-88B3-A991-18D8-968EC5BE05AE}.stdbg|Win32.ActiveCfg = stdbg|Win32
		{2724AA38-88B3-A991-18D8-968EC5BE05AE}.stdbg|Win32.Build.0 = stdbg|Win32
		{2724AA38-88B3-A991-18D8-968EC5BE05AE}.stdbg|x64.ActiveCfg = stdbg|x64
		{2724AA38-88B3-A991-18D8-968EC5BE05AE}.stdbg|x64.Build.0 = stdbg|x64
		{2724AA38-88B3-A991-18D8-968EC5BE05AE}.stdbg|Xbox 360.ActiveCfg = stdbg|Xbox 360
		{2724AA38-88B3-A991-18D8-968EC5BE05AE}.stdbg|Xbox 360.Build.0 = stdbg|Xbox 360
		{2724AA38-88B3-A991-18D8-968EC5BE05AE}.stprof|Win32.ActiveCfg = stprof|Win32
		{2724AA38-88B3-A991-18D8-968EC5BE05AE}.stprof|Win32.Build.0 = stprof|Win32
		{2724AA38-88B3-A991-18D8-968EC5BE05AE}.stprof|x64.ActiveCfg = stprof|x64
		{2724AA38-88B3-A991-18D8-968EC5BE05AE}.stprof|x64.Build.0 = stprof|x64
		{2724AA38-88B3-A991-18D8-968EC5BE05AE}.stprof|Xbox 360.ActiveCfg = stprof|Xbox 360
		{2724AA38-88B3-A991-18D8-968EC5BE05AE}.stprof|Xbox 360.Build.0 = stprof|Xbox 360
		{2724AA38-88B3-A991-18D8-968EC5BE05AE}.stret|Win32.ActiveCfg = stret|Win32
		{2724AA38-88B3-A991-18D8-968EC5BE05AE}.stret|Win32.Build.0 = stret|Win32
		{2724AA38-88B3-A991-18D8-968EC5BE05AE}.stret|x64.ActiveCfg = stret|x64
		{2724AA38-88B3-A991-18D8-968EC5BE05AE}.stret|x64.Build.0 = stret|x64
		{2724AA38-88B3-A991-18D8-968EC5BE05AE}.stret|Xbox 360.ActiveCfg = stret|Xbox 360
		{2724AA38-88B3-A991-18D8-968EC5BE05AE}.stret|Xbox 360.Build.0 = stret|Xbox 360
		{34CE666B-4DE2-0733-567B-4421561291BF}.debug|Win32.ActiveCfg = debug|Win32
		{34CE666B-4DE2-0733-567B-4421561291BF}.debug|Win32.Build.0 = debug|Win32
		{34CE666B-4DE2-0733-567B-4421561291BF}.debug|x64.ActiveCfg = debug|x64
		{34CE666B-4DE2-0733-567B-4421561291BF}.debug|x64.Build.0 = debug|x64
		{34CE666B-4DE2-0733-567B-4421561291BF}.debug|Xbox 360.ActiveCfg = debug|Xbox 360
		{34CE666B-4DE2-0733-567B-4421561291BF}.debug|Xbox 360.Build.0 = debug|Xbox 360
		{34CE666B-4DE2-0733-567B-4421561291BF}.profile|Win32.ActiveCfg = profile|Win32
		{34CE666B-4DE2-0733-567B-4421561291BF}.profile|Win32.Build.0 = profile|Win32
		{34CE666B-4DE2-0733-567B-4421561291BF}.profile|x64.ActiveCfg = profile|x64
		{34CE666B-4DE2-0733-567B-4421561291BF}.profile|x64.Build.0 = profile|x64
		{34CE666B-4DE2-0733-567B-4421561291BF}.profile|Xbox 360.ActiveCfg = profile|Xbox 360
		{34CE666B-4DE2-0733-567B-4421561291BF}.profile|Xbox 360.Build.0 = profile|Xbox 360
		{34CE666B-4DE2-0733-567B-4421561291BF}.retail|Win32.ActiveCfg = retail|Win32
		{34CE666B-4DE2-0733-567B-4421561291BF}.retail|Win32.Build.0 = retail|Win32
		{34CE666B-4DE2-0733-567B-4421561291BF}.retail|x64.ActiveCfg = retail|x64
		{34CE666B-4DE2-0733-567B-4421561291BF}.retail|x64.Build.0 = retail|x64
		{34CE666B-4DE2-0733-567B-4421561291BF}.retail|Xbox 360.ActiveCfg = retail|Xbox 360
		{34CE666B-4DE2-0733-567B-4421561291BF}.retail|Xbox 360.Build.0 = retail|Xbox 360
		{34CE666B-4DE2-0733-567B-4421561291BF}.stdbg|Win32.ActiveCfg = stdbg|Win32
		{34CE666B-4DE2-0733-567B-4421561291BF}.stdbg|Win32.Build.0 = stdbg|Win32
		{34CE666B-4DE2-0733-567B-4421561291BF}.stdbg|x64.ActiveCfg = stdbg|x64
		{34CE666B-4DE2-0733-567B-4421561291BF}.stdbg|x64.Build.0 = stdbg|x64
		{34CE666B-4DE2-0733-567B-4421561291BF}.stdbg|Xbox 360.ActiveCfg = stdbg|Xbox 360
		{34CE666B-4DE2-0733-567B-4421561291BF}.stdbg|Xbox 360.Build.0 = stdbg|Xbox 360
		{34CE666B-4DE2-0733-567B-4421561291BF}.stprof|Win32.ActiveCfg = stprof|Win32
		{34CE666B-4DE2-0733-567B-4421561291BF}.stprof|Win32.Build.0 = stprof|Win32
		{34CE666B-4DE2-0733-567B-4421561291BF}.stprof|x64.ActiveCfg = stprof|x64
		{34CE666B-4DE2-0733-567B-4421561291BF}.stprof|x64.Build.0 = stprof|x64
		{34CE666B-4DE2-0733-567B-4421561291BF}.stprof|Xbox 360.ActiveCfg = stprof|Xbox 360
		{34CE666B-4DE2-0733-567B-4421561291BF}.stprof|Xbox 360.Build.0 = stprof|Xbox 360
		{34CE666B-4DE2-0733-567B-4421561291BF}.stret|Win32.ActiveCfg = stret|Win32
		{34CE666B-4DE2-0733-567B-4421561291BF}.stret|Win32.Build.0 = stret|Win32
		{34CE666B-4DE2-0733-567B-4421561291BF}.stret|x64.ActiveCfg = stret|x64
		{34CE666B-4DE2-0733-567B-4421561291BF}.stret|x64.Build.0 = stret|x64
		{34CE666B-4DE2-0733-567B-4421561291BF}.stret|Xbox 360.ActiveCfg = stret|Xbox 360
		{34CE666B-4DE2-0733-567B-4421561291BF}.stret|Xbox 360.Build.0 = stret|Xbox 360
		{49024D69-1C93-E2A7-D830-3AE7948B6CCA}.debug|Win32.ActiveCfg = debug|Win32
		{49024D69-1C93-E2A7-D830-3AE7948B6CCA}.debug|Win32.Build.0 = debug|Win32
		{49024D69-1C93-E2A7-D830-3AE7948B6CCA}.debug|x64.ActiveCfg = debug|x64
		{49024D69-1C93-E2A7-D830-3AE7948B6CCA}.debug|x64.Build.0 = debug|x64
		{49024D69-1C93-E2A7-D830-3AE7948B6CCA}.debug|Xbox 360.ActiveCfg = debug|Xbox 360
		{49024D69-1C93-E2A7-D830-3AE7948B6CCA}.debug|Xbox 360.Build.0 = debug|Xbox 360
		{49024D69-1C93-E2A7-D830-3AE7948B6CCA}.profile|Win32.ActiveCfg = profile|Win32
		{49024D69-1C93-E2A7-D830-3AE7948B6CCA}.profile|Win32.Build.0 = profile|Win32
		{49024D69-1C93-E2A7-D830-3AE7948B6CCA}.profile|x64.ActiveCfg = profile|x64
		{49024D69-1C93-E2A7-D830-3AE7948B6CCA}.profile|x64.Build.0 = profile|x64
		{49024D69-1C93-E2A7-D830-3AE7948B6CCA}.profile|Xbox 360.ActiveCfg = profile|Xbox 360
		{49024D69-1C93-E2A7-D830-3AE7948B6CCA}.profile|Xbox 360.Build.0 = profile|Xbox 360
		{49024D69-1C93-E2A7-D830-3AE7948B6CCA}.retail|Win32.ActiveCfg = retail|Win32
		{49024D69-1C93-E2A7-D830-3AE7948B6CCA}.retail|Win32.Build.0 = retail|Win32
		{49024D69-1C93-E2A7-D830-3AE7948B6CCA}.retail|x64.ActiveCfg = retail|x64
		{49024D69-1C93-E2A7-D830-3AE7948B6CCA}.retail|x64.Build.0 = retail|x64
		{49024D69-1C93-E2A7-D830-3AE7948B6CCA}.retail|Xbox 360.ActiveCfg = retail|Xbox 360
		{49024D69-1C93-E2A7-D830-3AE7948B6CCA}.retail|Xbox 360.Build.0 = retail|Xbox 360
		{49024D69-1C93-E2A7-D830-3AE7948B6CCA}.stdbg|Win32.ActiveCfg = stdbg|Win32
		{49024D69-1C93-E2A7-D830-3AE7948B6CCA}.stdbg|Win32.Build.0 = stdbg|Win32
		{49024D69-1C93-E2A7-D830-3AE7948B6CCA}.stdbg|x64.ActiveCfg = stdbg|x64
		{49024D69-1C93-E2A7-D830-3AE7948B6CCA}.stdbg|x64.Build.0 = stdbg|x64
		{49024D69-1C93-E2A7-D830-3AE7948B6CCA}.stdbg|Xbox 360.ActiveCfg = stdbg|Xbox 360
		{49024D69-1C93-E2A7-D830-3AE7948B6CCA}.stdbg|Xbox 360.Build.0 = stdbg|Xbox 360
		{49024D69-1C93-E2A7-D830-3AE7948B6CCA}.stprof|Win32.ActiveCfg = stprof|Win32
		{49024D69-1C93-E2A7-D830-3AE7948B6CCA}.stprof|Win32.Build.0 = stprof|Win32
		{49024D69-1C93-E2A7-D830-3AE7948B6CCA}.stprof|x64.ActiveCfg = stprof|x64
		{49024D69-1C93-E2A7-D830-3AE7948B6CCA}.stprof|x64.Build.0 = stprof|x64
		{49024D69-1C93-E2A7-D830-3AE7948B6CCA}.stprof|Xbox 360.ActiveCfg = stprof|Xbox 360
		{49024D69-1C93-E2A7-D830-3AE7948B6CCA}.stprof|Xbox 360.Build.0 = stprof|Xbox 360
		{49024D69-1C93-E2A7-D830-3AE7948B6CCA}.stret|Win32.ActiveCfg = stret|Win32
		{49024D69-1C93-E2A7-D830-3AE7948B6CCA}.stret|Win32.Build.0 = stret|Win32
		{49024D69-1C93-E2A7-D830-3AE7948B6CCA}.stret|x64.ActiveCfg = stret|x64
		{49024D69-1C93-E2A7-D830-3AE7948B6CCA}.stret|x64.Build.0 = stret|x64
		{49024D69-1C93-E2A7-D830-3AE7948B6CCA}.stret|Xbox 360.ActiveCfg = stret|Xbox 360
		{49024D69-1C93-E2A7-D830-3AE7948B6CCA}.stret|Xbox 360.Build.0 = stret|Xbox 360
		{896A6551-3D34-8082-9722-60156FE26C1F}.debug|Win32.ActiveCfg = debug|Win32
		{896A6551-3D34-8082-9722-60156FE26C1F}.debug|Win32.Build.0 = debug|Win32
		{896A6551-3D34-8082-9722-60156FE26C1F}.debug|x64.ActiveCfg = debug|x64
		{896A6551-3D34-8082-9722-60156FE26C1F}.debug|x64.Build.0 = debug|x64
		{896A6551-3D34-8082-9722-60156FE26C1F}.debug|Xbox 360.ActiveCfg = debug|Xbox 360
		{896A6551-3D34-8082-9722-60156FE26C1F}.debug|Xbox 360.Build.0 = debug|Xbox 360
		{896A6551-3D34-8082-9722-60156FE26C1F}.profile|Win32.ActiveCfg = profile|Win32
		{896A6551-3D34-8082-9722-60156FE26C1F}.profile|Win32.Build.0 = profile|Win32
		{896A6551-3D34-8082-9722-60156FE26C1F}.profile|x64.ActiveCfg = profile|x64
		{896A6551-3D34-8082-9722-60156FE26C1F}.profile|x64.Build.0 = profile|x64
		{896A6551-3D34-8082-9722-60156FE26C1F}.profile|Xbox 360.ActiveCfg = profile|Xbox 360
		{896A6551-3D34-8082-9722-60156FE26C1F}.profile|Xbox 360.Build.0 = profile|Xbox 360
		{896A6551-3D34-8082-9722-60156FE26C1F}.retail|Win32.ActiveCfg = retail|Win32
		{896A6551-3D34-8082-9722-60156FE26C1F}.retail|Win32.Build.0 = retail|Win32
		{896A6551-3D34-8082-9722-60156FE26C1F}.retail|x64.ActiveCfg = retail|x64
		{896A6551-3D34-8082-9722-60156FE26C1F}.retail|x64.Build.0 = retail|x64
		{896A6551-3D34-8082-9722-60156FE26C1F}.retail|Xbox 360.ActiveCfg = retail|Xbox 360
		{896A6551-3D34-8082-9722-60156FE26C1F}.retail|Xbox 360.Build.0 = retail|Xbox 360
		{896A6551-3D34-8082-9722-60156FE26C1F}.stdbg|Win32.ActiveCfg = stdbg|Win32
		{896A6551-3D34-8082-9722-60156FE26C1F}.stdbg|Win32.Build.0 = stdbg|Win32
		{896A6551-3D34-8082-9722-60156FE26C1F}.stdbg|x64.ActiveCfg = stdbg|x64
		{896A6551-3D34-8082-9722-60156FE26C1F}.stdbg|x64.Build.0 = stdbg|x64
		{896A6551-3D34-8082-9722-60156FE26C1F}.stdbg|Xbox 360.ActiveCfg = stdbg|Xbox 360
		{896A6551-3D34-8082-9722-60156FE26C1F}.stdbg|Xbox 360.Build.0 = stdbg|Xbox 360
		{896A6551-3D34-8082-9722-60156FE26C1F}.stprof|Win32.ActiveCfg = stprof|Win32
		{896A6551-3D34-8082-9722-60156FE26C1F}.stprof|Win32.Build.0 = stprof|Win32
		{896A6551-3D34-8082-9722-60156FE26C1F}.stprof|x64.ActiveCfg = stprof|x64
		{896A6551-3D34-8082-9722-60156FE26C1F}.stprof|x64.Build.0 = stprof|x64
		{896A6551-3D34-8082-9722-60156FE26C1F}.stprof|Xbox 360.ActiveCfg = stprof|Xbox 360
		{896A6551-3D34-8082-9722-60156FE26C1F}.stprof|Xbox 360.Build.0 = stprof|Xbox 360
		{896A6551-3D34-8082-9722-60156FE26C1F}.stret|Win32.ActiveCfg = stret|Win32
		{896A6551-3D34-8082-9722-60156FE26C1F}.stret|Win32.Build.0 = stret|Win32
		{896A6551-3D34-8082-9722-60156FE26C1F}.stret|x64.ActiveCfg = stret|x64
		{896A6551-3D34-8082-9722-60156FE26C1F}.stret|x64.Build.0 = stret|x64
		{896A6551-3D34-8082-9722-60156FE26C1F}.stret|Xbox 360.ActiveCfg = stret|Xbox 360
		{896A6551-3D34-8082-9722-60156FE26C1F}.stret|Xbox 360.Build.0 = stret|Xbox 360
		{55AFCE9B-5B30-B947-B1A9-0775DAC24193}.debug|Win32.ActiveCfg = debug|Win32
		{55AFCE9B-5B30-B947-B1A9-0775DAC24193}.debug|Win32.Build.0 = debug|Win32
		{55AFCE9B-5B30-B947-B1A9-0775DAC24193}.debug|x64.ActiveCfg = debug|x64
		{55AFCE9B-5B30-B947-B1A9-0775DAC24193}.debug|x64.Build.0 = debug|x64
		{55AFCE9B-5B30-B947-B1A9-0775DAC24193}.debug|Xbox 360.ActiveCfg = debug|Xbox 360
		{55AFCE9B-5B30-B947-B1A9-0775DAC24193}.debug|Xbox 360.Build.0 = debug|Xbox 360
		{55AFCE9B-5B30-B947-B1A9-0775DAC24193}.profile|Win32.ActiveCfg = profile|Win32
		{55AFCE9B-5B30-B947-B1A9-0775DAC24193}.profile|Win32.Build.0 = profile|Win32
		{55AFCE9B-5B30-B947-B1A9-0775DAC24193}.profile|x64.ActiveCfg = profile|x64
		{55AFCE9B-5B30-B947-B1A9-0775DAC24193}.profile|x64.Build.0 = profile|x64
		{55AFCE9B-5B30-B947-B1A9-0775DAC24193}.profile|Xbox 360.ActiveCfg = profile|Xbox 360
		{55AFCE9B-5B30-B947-B1A9-0775DAC24193}.profile|Xbox 360.Build.0 = profile|Xbox 360
		{55AFCE9B-5B30-B947-B1A9-0775DAC24193}.retail|Win32.ActiveCfg = retail|Win32
		{55AFCE9B-5B30-B947-B1A9-0775DAC24193}.retail|Win32.Build.0 = retail|Win32
		{55AFCE9B-5B30-B947-B1A9-0775DAC24193}.retail|x64.ActiveCfg = retail|x64
		{55AFCE9B-5B30-B947-B1A9-0775DAC24193}.retail|x64.Build.0 = retail|x64
		{55AFCE9B-5B30-B947-B1A9-0775DAC24193}.retail|Xbox 360.ActiveCfg = retail|Xbox 360
		{55AFCE9B-5B30-B947-B1A9-0775DAC24193}.retail|Xbox 360.Build.0 = retail|Xbox 360
		{55AFCE9B-5B30-B947-B1A9-0775DAC24193}.stdbg|Win32.ActiveCfg = stdbg|Win32
		{55AFCE9B-5B30-B947-B1A9-0775DAC24193}.stdbg|Win32.Build.0 = stdbg|Win32
		{55AFCE9B-5B30-B947-B1A9-0775DAC24193}.stdbg|x64.ActiveCfg = stdbg|x64
		{55AFCE9B-5B30-B947-B1A9-0775DAC24193}.stdbg|x64.Build.0 = stdbg|x64
		{55AFCE9B-5B30-B947-B1A9-0775DAC24193}.stdbg|Xbox 360.ActiveCfg = stdbg|Xbox 360
		{55AFCE9B-5B30-B947-B1A9-0775DAC24193}.stdbg|Xbox 360.Build.0 = stdbg|Xbox 360
		{55AFCE9B-5B30-B947-B1A9-0775DAC24193}.stprof|Win32.ActiveCfg = stprof|Win32
		{55AFCE9B-5B30-B947-B1A9-0775DAC24193}.stprof|Win32.Build.0 = stprof|Win32
		{55AFCE9B-5B30-B947-B1A9-0775DAC24193}.stprof|x64.ActiveCfg = stprof|x64
		{55AFCE9B-5B30-B947-B1A9-0775DAC24193}.stprof|x64.Build.0 = stprof|x64
		{55AFCE9B-5B30-B947-B1A9-0775DAC24193}.stprof|Xbox 360.ActiveCfg = stprof|Xbox 360
		{55AFCE9B-5B30-B947-B1A9-0775DAC24193}.stprof|Xbox 360.Build.0 = stprof|Xbox 360
		{55AFCE9B-5B30-B947-B1A9-0775DAC24193}.stret|Win32.ActiveCfg = stret|Win32
		{55AFCE9B-5B30-B947-B1A9-0775DAC24193}.stret|Win32.Build.0 = stret|Win32
		{55AFCE9B-5B30-B947-B1A9-0775DAC24193}.stret|x64.ActiveCfg = stret|x64
		{55AFCE9B-5B30-B947-B1A9-0775DAC24193}.stret|x64.Build.0 = stret|x64
		{55AFCE9B-5B30-B947-B1A9-0775DAC24193}.stret|Xbox 360.ActiveCfg = stret|Xbox 360
		{55AFCE9B-5B30-B947-B1A9-0775DAC24193}.stret|Xbox 360.Build.0 = stret|Xbox 360
		{57E7D624-3724-1A94-559E-CAA4BB8CB51C}.debug|Win32.ActiveCfg = debug|Win32
		{57E7D624-3724-1A94-559E-CAA4BB8CB51C}.debug|Win32.Build.0 = debug|Win32
		{57E7D624-3724-1A94-559E-CAA4BB8CB51C}.debug|x64.ActiveCfg = debug|x64
		{57E7D624-3724-1A94-559E-CAA4BB8CB51C}.debug|x64.Build.0 = debug|x64
		{57E7D624-3724-1A94-559E-CAA4BB8CB51C}.debug|Xbox 360.ActiveCfg = debug|Xbox 360
		{57E7D624-3724-1A94-559E-CAA4BB8CB51C}.debug|Xbox 360.Build.0 = debug|Xbox 360
		{57E7D624-3724-1A94-559E-CAA4BB8CB51C}.profile|Win32.ActiveCfg = profile|Win32
		{57E7D624-3724-1A94-559E-CAA4BB8CB51C}.profile|Win32.Build.0 = profile|Win32
		{57E7D624-3724-1A94-559E-CAA4BB8CB51C}.profile|x64.ActiveCfg = profile|x64
		{57E7D624-3724-1A94-559E-CAA4BB8CB51C}.profile|x64.Build.0 = profile|x64
		{57E7D624-3724-1A94-559E-CAA4BB8CB51C}.profile|Xbox 360.ActiveCfg = profile|Xbox 360
		{57E7D624-3724-1A94-559E-CAA4BB8CB51C}.profile|Xbox 360.Build.0 = profile|Xbox 360
		{57E7D624-3724-1A94-559E-CAA4BB8CB51C}.retail|Win32.ActiveCfg = retail|Win32
		{57E7D624-3724-1A94-559E-CAA4BB8CB51C}.retail|Win32.Build.0 = retail|Win32
		{57E7D624-3724-1A94-559E-CAA4BB8CB51C}.retail|x64.ActiveCfg = retail|x64
		{57E7D624-3724-1A94-559E-CAA4BB8CB51C}.retail|x64.Build.0 = retail|x64
		{57E7D624-3724-1A94-559E-CAA4BB8CB51C}.retail|Xbox 360.ActiveCfg = retail|Xbox 360
		{57E7D624-3724-1A94-559E-CAA4BB8CB51C}.retail|Xbox 360.Build.0 = retail|Xbox 360
		{57E7D624-3724-1A94-559E-CAA4BB8CB51C}.stdbg|Win32.ActiveCfg = stdbg|Win32
		{57E7D624-3724-1A94-559E-CAA4BB8CB51C}.stdbg|Win32.Build.0 = stdbg|Win32
		{57E7D624-3724-1A94-559E-CAA4BB8CB51C}.stdbg|x64.ActiveCfg = stdbg|x64
		{57E7D624-3724-1A94-559E-CAA4BB8CB51C}.stdbg|x64.Build.0 = stdbg|x64
		{57E7D624-3724-1A94-559E-CAA4BB8CB51C}.stdbg|Xbox 360.ActiveCfg = stdbg|Xbox 360
		{57E7D624-3724-1A94-559E-CAA4BB8CB51C}.stdbg|Xbox 360.Build.0 = stdbg|Xbox 360
		{57E7D624-3724-1A94-559E-CAA4BB8CB51C}.stprof|Win32.ActiveCfg = stprof|Win32
		{57E7D624-3724-1A94-559E-CAA4BB8CB51C}.stprof|Win32.Build.0 = stprof|Win32
		{57E7D624-3724-1A94-559E-CAA4BB8CB51C}.stprof|x64.ActiveCfg = stprof|x64
		{57E7D624-3724-1A94-559E-CAA4BB8CB51C}.stprof|x64.Build.0 = stprof|x64
		{57E7D624-3724-1A94-559E-CAA4BB8CB51C}.stprof|Xbox 360.ActiveCfg = stprof|Xbox 360
		{57E7D624-3724-1A94-559E-CAA4BB8CB51C}.stprof|Xbox 360.Build.0 = stprof|Xbox 360
		{57E7D624-3724-1A94-559E-CAA4BB8CB51C}.stret|Win32.ActiveCfg = stret|Win32
		{57E7D624-3724-1A94-559E-CAA4BB8CB51C}.stret|Win32.Build.0 = stret|Win32
		{57E7D624-3724-1A94-559E-CAA4BB8CB51C}.stret|x64.ActiveCfg = stret|x64
		{57E7D624-3724-1A94-559E-CAA4BB8CB51C}.stret|x64.Build.0 = stret|x64
		{57E7D624-3724-1A94-559E-CAA4BB8CB51C}.stret|Xbox 360.ActiveCfg = stret|Xbox 360
		{57E7D624-3724-1A94-559E-CAA4BB8CB51C}.stret|Xbox 360.Build.0 = stret|Xbox 360
		{BAC3B387-ADD9-8FAF-F9AC-0850A34B4D3C}.debug|Win32.ActiveCfg = debug|Win32
		{BAC3B387-ADD9-8FAF-F9AC-0850A34B4D3C}.debug|Win32.Build.0 = debug|Win32
		{BAC3B387-ADD9-8FAF-F9AC-0850A34B4D3C}.debug|x64.ActiveCfg = debug|x64
		{BAC3B387-ADD9-8FAF-F9AC-0850A34B4D3C}.debug|x64.Build.0 = debug|x64
		{BAC3B387-ADD9-8FAF-F9AC-0850A34B4D3C}.debug|Xbox 360.ActiveCfg = debug|Xbox 360
		{BAC3B387-ADD9-8FAF-F9AC-0850A34B4D3C}.debug|Xbox 360.Build.0 = debug|Xbox 360
		{BAC3B387-ADD9-8FAF-F9AC-0850A34B4D3C}.profile|Win32.ActiveCfg = profile|Win32
		{BAC3B387-ADD9-8FAF-F9AC-0850A34B4D3C}.profile|Win32.Build.0 = profile|Win32
		{BAC3B387-ADD9-8FAF-F9AC-0850A34B4D3C}.profile|x64.ActiveCfg = profile|x64
		{BAC3B387-ADD9-8FAF-F9AC-0850A34B4D3C}.profile|x64.Build.0 = profile|x64
		{BAC3B387-ADD9-8FAF-F9AC-0850A34B4D3C}.profile|Xbox 360.ActiveCfg = profile|Xbox 360
		{BAC3B387-ADD9-8FAF-F9AC-0850A34B4D3C}.profile|Xbox 360.Build.0 = profile|Xbox 360
		{BAC3B387-ADD9-8FAF-F9AC-0850A34B4D3C}.retail|Win32.ActiveCfg = retail|Win32
		{BAC3B387-ADD9-8FAF-F9AC-0850A34B4D3C}.retail|Win32.Build.0 = retail|Win32
		{BAC3B387-ADD9-8FAF-F9AC-0850A34B4D3C}.retail|x64.ActiveCfg = retail|x64
		{BAC3B387-ADD9-8FAF-F9AC-0850A34B4D3C}.retail|x64.Build.0 = retail|x64
		{BAC3B387-ADD9-8FAF-F9AC-0850A34B4D3C}.retail|Xbox 360.ActiveCfg = retail|Xbox 360
		{BAC3B387-ADD9-8FAF-F9AC-0850A34B4D3C}.retail|Xbox 360.Build.0 = retail|Xbox 360
		{BAC3B387-ADD9-8FAF-F9AC-0850A34B4D3C}.stdbg|Win32.ActiveCfg = stdbg|Win32
		{BAC3B387-ADD9-8FAF-F9AC-0850A34B4D3C}.stdbg|Win32.Build.0 = stdbg|Win32
		{BAC3B387-ADD9-8FAF-F9AC-0850A34B4D3C}.stdbg|x64.ActiveCfg = stdbg|x64
		{BAC3B387-ADD9-8FAF-F9AC-0850A34B4D3C}.stdbg|x64.Build.0 = stdbg|x64
		{BAC3B387-ADD9-8FAF-F9AC-0850A34B4D3C}.stdbg|Xbox 360.ActiveCfg = stdbg|Xbox 360
		{BAC3B387-ADD9-8FAF-F9AC-0850A34B4D3C}.stdbg|Xbox 360.Build.0 = stdbg|Xbox 360
		{BAC3B387-ADD9-8FAF-F9AC-0850A34B4D3C}.stprof|Win32.ActiveCfg = stprof|Win32
		{BAC3B387-ADD9-8FAF-F9AC-0850A34B4D3C}.stprof|Win32.Build.0 = stprof|Win32
		{BAC3B387-ADD9-8FAF-F9AC-0850A34B4D3C}.stprof|x64.ActiveCfg = stprof|x64
		{BAC3B387-ADD9-8FAF-F9AC-0850A34B4D3C}.stprof|x64.Build.0 = stprof|x64
		{BAC3B387-ADD9-8FAF-F9AC-0850A34B4D3C}.stprof|Xbox 360.ActiveCfg = stprof|Xbox 360
		{BAC3B387-ADD9-8FAF-F9AC-0850A34B4D3C}.stprof|Xbox 360.Build.0 = stprof|Xbox 360
		{BAC3B387-ADD9-8FAF-F9AC-0850A34B4D3C}.stret|Win32.ActiveCfg = stret|Win32
		{BAC3B387-ADD9-8FAF-F9AC-0850A34B4D3C}.stret|Win32.Build.0 = stret|Win32
		{BAC3B387-ADD9-8FAF-F9AC-0850A34B4D3C}.stret|x64.ActiveCfg = stret|x64
		{BAC3B387-ADD9-8FAF-F9AC-0850A34B4D3C}.stret|x64.Build.0 = stret|x64
		{BAC3B387-ADD9-8FAF-F9AC-0850A34B4D3C}.stret|Xbox 360.ActiveCfg = stret|Xbox 360
		{BAC3B387-ADD9-8FAF-F9AC-0850A34B4D3C}.stret|Xbox 360.Build.0 = stret|Xbox 360
		{0030C6D7-21B2-A0F1-AD6A-5D1FE4119C0D}.debug|Win32.ActiveCfg = debug|Win32
		{0030C6D7-21B2-A0F1-AD6A-5D1FE4119C0D}.debug|Win32.Build.0 = debug|Win32
		{0030C6D7-21B2-A0F1-AD6A-5D1FE4119C0D}.debug|x64.ActiveCfg = debug|x64
		{0030C6D7-21B2-A0F1-AD6A-5D1FE4119C0D}.debug|x64.Build.0 = debug|x64
		{0030C6D7-21B2-A0F1-AD6A-5D1FE4119C0D}.debug|Xbox 360.ActiveCfg = debug|Xbox 360
		{0030C6D7-21B2-A0F1-AD6A-5D1FE4119C0D}.debug|Xbox 360.Build.0 = debug|Xbox 360
		{0030C6D7-21B2-A0F1-AD6A-5D1FE4119C0D}.profile|Win32.ActiveCfg = profile|Win32
		{0030C6D7-21B2-A0F1-AD6A-5D1FE4119C0D}.profile|Win32.Build.0 = profile|Win32
		{0030C6D7-21B2-A0F1-AD6A-5D1FE4119C0D}.profile|x64.ActiveCfg = profile|x64
		{0030C6D7-21B2-A0F1-AD6A-5D1FE4119C0D}.profile|x64.Build.0 = profile|x64
		{0030C6D7-21B2-A0F1-AD6A-5D1FE4119C0D}.profile|Xbox 360.ActiveCfg = profile|Xbox 360
		{0030C6D7-21B2-A0F1-AD6A-5D1FE4119C0D}.profile|Xbox 360.Build.0 = profile|Xbox 360
		{0030C6D7-21B2-A0F1-AD6A-5D1FE4119C0D}.retail|Win32.ActiveCfg = retail|Win32
		{0030C6D7-21B2-A0F1-AD6A-5D1FE4119C0D}.retail|Win32.Build.0 = retail|Win32
		{0030C6D7-21B2-A0F1-AD6A-5D1FE4119C0D}.retail|x64.ActiveCfg = retail|x64
		{0030C6D7-21B2-A0F1-AD6A-5D1FE4119C0D}.retail|x64.Build.0 = retail|x64
		{0030C6D7-21B2-A0F1-AD6A-5D1FE4119C0D}.retail|Xbox 360.ActiveCfg = retail|Xbox 360
		{0030C6D7-21B2-A0F1-AD6A-5D1FE4119C0D}.retail|Xbox 360.Build.0 = retail|Xbox 360
		{0030C6D7-21B2-A0F1-AD6A-5D1FE4119C0D}.stdbg|Win32.ActiveCfg = stdbg|Win32
		{0030C6D7-21B2-A0F1-AD6A-5D1FE4119C0D}.stdbg|Win32.Build.0 = stdbg|Win32
		{0030C6D7-21B2-A0F1-AD6A-5D1FE4119C0D}.stdbg|x64.ActiveCfg = stdbg|x64
		{0030C6D7-21B2-A0F1-AD6A-5D1FE4119C0D}.stdbg|x64.Build.0 = stdbg|x64
		{0030C6D7-21B2-A0F1-AD6A-5D1FE4119C0D}.stdbg|Xbox 360.ActiveCfg = stdbg|Xbox 360
		{0030C6D7-21B2-A0F1-AD6A-5D1FE4119C0D}.stdbg|Xbox 360.Build.0 = stdbg|Xbox 360
		{0030C6D7-21B2-A0F1-AD6A-5D1FE4119C0D}.stprof|Win32.ActiveCfg = stprof|Win32
		{0030C6D7-21B2-A0F1-AD6A-5D1FE4119C0D}.stprof|Win32.Build.0 = stprof|Win32
		{0030C6D7-21B2-A0F1-AD6A-5D1FE4119C0D}.stprof|x64.ActiveCfg = stprof|x64
		{0030C6D7-21B2-A0F1-AD6A-5D1FE4119C0D}.stprof|x64.Build.0 = stprof|x64
		{0030C6D7-21B2-A0F1-AD6A-5D1FE4119C0D}.stprof|Xbox 360.ActiveCfg = stprof|Xbox 360
		{0030C6D7-21B2-A0F1-AD6A-5D1FE4119C0D}.stprof|Xbox 360.Build.0 = stprof|Xbox 360
		{0030C6D7-21B2-A0F1-AD6A-5D1FE4119C0D}.stret|Win32.ActiveCfg = stret|Win32
		{0030C6D7-21B2-A0F1-AD6A-5D1FE4119C0D}.stret|Win32.Build.0 = stret|Win32
		{0030C6D7-21B2-A0F1-AD6A-5D1FE4119C0D}.stret|x64.ActiveCfg = stret|x64
		{0030C6D7-21B2-A0F1-AD6A-5D1FE4119C0D}.stret|x64.Build.0 = stret|x64
		{0030C6D7-21B2-A0F1-AD6A-5D1FE4119C0D}.stret|Xbox 360.ActiveCfg = stret|Xbox 360
		{0030C6D7-21B2-A0F1-AD6A-5D1FE4119C0D}.stret|Xbox 360.Build.0 = stret|Xbox 360
		{B6CA4EE4-F6BB-7124-1595-C8CC3ABAC586}.debug|Win32.ActiveCfg = debug|Win32
		{B6CA4EE4-F6BB-7124-1595-C8CC3ABAC586}.debug|Win32.Build.0 = debug|Win32
		{B6CA4EE4-F6BB-7124-1595-C8CC3ABAC586}.debug|x64.ActiveCfg = debug|x64
		{B6CA4EE4-F6BB-7124-1595-C8CC3ABAC586}.debug|x64.Build.0 = debug|x64
		{B6CA4EE4-F6BB-7124-1595-C8CC3ABAC586}.debug|Xbox 360.ActiveCfg = debug|Xbox 360
		{B6CA4EE4-F6BB-7124-1595-C8CC3ABAC586}.debug|Xbox 360.Build.0 = debug|Xbox 360
		{B6CA4EE4-F6BB-7124-1595-C8CC3ABAC586}.profile|Win32.ActiveCfg = profile|Win32
		{B6CA4EE4-F6BB-7124-1595-C8CC3ABAC586}.profile|Win32.Build.0 = profile|Win32
		{B6CA4EE4-F6BB-7124-1595-C8CC3ABAC586}.profile|x64.ActiveCfg = profile|x64
		{B6CA4EE4-F6BB-7124-1595-C8CC3ABAC586}.profile|x64.Build.0 = profile|x64
		{B6CA4EE4-F6BB-7124-1595-C8CC3ABAC586}.profile|Xbox 360.ActiveCfg = profile|Xbox 360
		{B6CA4EE4-F6BB-7124-1595-C8CC3ABAC586}.profile|Xbox 360.Build.0 = profile|Xbox 360
		{B6CA4EE4-F6BB-7124-1595-C8CC3ABAC586}.retail|Win32.ActiveCfg = retail|Win32
		{B6CA4EE4-F6BB-7124-1595-C8CC3ABAC586}.retail|Win32.Build.0 = retail|Win32
		{B6CA4EE4-F6BB-7124-1595-C8CC3ABAC586}.retail|x64.ActiveCfg = retail|x64
		{B6CA4EE4-F6BB-7124-1595-C8CC3ABAC586}.retail|x64.Build.0 = retail|x64
		{B6CA4EE4-F6BB-7124-1595-C8CC3ABAC586}.retail|Xbox 360.ActiveCfg = retail|Xbox 360
		{B6CA4EE4-F6BB-7124-1595-C8CC3ABAC586}.retail|Xbox 360.Build.0 = retail|Xbox 360
		{B6CA4EE4-F6BB-7124-1595-C8CC3ABAC586}.stdbg|Win32.ActiveCfg = stdbg|Win32
		{B6CA4EE4-F6BB-7124-1595-C8CC3ABAC586}.stdbg|Win32.Build.0 = stdbg|Win32
		{B6CA4EE4-F6BB-7124-1595-C8CC3ABAC586}.stdbg|x64.ActiveCfg = stdbg|x64
		{B6CA4EE4-F6BB-7124-1595-C8CC3ABAC586}.stdbg|x64.Build.0 = stdbg|x64
		{B6CA4EE4-F6BB-7124-1595-C8CC3ABAC586}.stdbg|Xbox 360.ActiveCfg = stdbg|Xbox 360
		{B6CA4EE4-F6BB-7124-1595-C8CC3ABAC586}.stdbg|Xbox 360.Build.0 = stdbg|Xbox 360
		{B6CA4EE4-F6BB-7124-1595-C8CC3ABAC586}.stprof|Win32.ActiveCfg = stprof|Win32
		{B6CA4EE4-F6BB-7124-1595-C8CC3ABAC586}.stprof|Win32.Build.0 = stprof|Win32
		{B6CA4EE4-F6BB-7124-1595-C8CC3ABAC586}.stprof|x64.ActiveCfg = stprof|x64
		{B6CA4EE4-F6BB-7124-1595-C8CC3ABAC586}.stprof|x64.Build.0 = stprof|x64
		{B6CA4EE4-F6BB-7124-1595-C8CC3ABAC586}.stprof|Xbox 360.ActiveCfg = stprof|Xbox 360
		{B6CA4EE4-F6BB-7124-1595-C8CC3ABAC586}.stprof|Xbox 360.Build.0 = stprof|Xbox 360
		{B6CA4EE4-F6BB-7124-1595-C8CC3ABAC586}.stret|Win32.ActiveCfg = stret|Win32
		{B6CA4EE4-F6BB-7124-1595-C8CC3ABAC586}.stret|Win32.Build.0 = stret|Win32
		{B6CA4EE4-F6BB-7124-1595-C8CC3ABAC586}.stret|x64.ActiveCfg = stret|x64
		{B6CA4EE4-F6BB-7124-1595-C8CC3ABAC586}.stret|x64.Build.0 = stret|x64
		{B6CA4EE4-F6BB-7124-1595-C8CC3ABAC586}.stret|Xbox 360.ActiveCfg = stret|Xbox 360
		{B6CA4EE4-F6BB-7124-1595-C8CC3ABAC586}.stret|Xbox 360.Build.0 = stret|Xbox 360
		{7796C64C-76A4-CC9C-607A-E1749B466B12}.debug|Win32.ActiveCfg = debug|Win32
		{7796C64C-76A4-CC9C-607A-E1749B466B12}.debug|Win32.Build.0 = debug|Win32
		{7796C64C-76A4-CC9C-607A-E1749B466B12}.debug|x64.ActiveCfg = debug|x64
		{7796C64C-76A4-CC9C-607A-E1749B466B12}.debug|x64.Build.0 = debug|x64
		{7796C64C-76A4-CC9C-607A-E1749B466B12}.debug|Xbox 360.ActiveCfg = debug|Xbox 360
		{7796C64C-76A4-CC9C-607A-E1749B466B12}.debug|Xbox 360.Build.0 = debug|Xbox 360
		{7796C64C-76A4-CC9C-607A-E1749B466B12}.profile|Win32.ActiveCfg = profile|Win32
		{7796C64C-76A4-CC9C-607A-E1749B466B12}.profile|Win32.Build.0 = profile|Win32
		{7796C64C-76A4-CC9C-607A-E1749B466B12}.profile|x64.ActiveCfg = profile|x64
		{7796C64C-76A4-CC9C-607A-E1749B466B12}.profile|x64.Build.0 = profile|x64
		{7796C64C-76A4-CC9C-607A-E1749B466B12}.profile|Xbox 360.ActiveCfg = profile|Xbox 360
		{7796C64C-76A4-CC9C-607A-E1749B466B12}.profile|Xbox 360.Build.0 = profile|Xbox 360
		{7796C64C-76A4-CC9C-607A-E1749B466B12}.retail|Win32.ActiveCfg = retail|Win32
		{7796C64C-76A4-CC9C-607A-E1749B466B12}.retail|Win32.Build.0 = retail|Win32
		{7796C64C-76A4-CC9C-607A-E1749B466B12}.retail|x64.ActiveCfg = retail|x64
		{7796C64C-76A4-CC9C-607A-E1749B466B12}.retail|x64.Build.0 = retail|x64
		{7796C64C-76A4-CC9C-607A-E1749B466B12}.retail|Xbox 360.ActiveCfg = retail|Xbox 360
		{7796C64C-76A4-CC9C-607A-E1749B466B12}.retail|Xbox 360.Build.0 = retail|Xbox 360
		{7796C64C-76A4-CC9C-607A-E1749B466B12}.stdbg|Win32.ActiveCfg = stdbg|Win32
		{7796C64C-76A4-CC9C-607A-E1749B466B12}.stdbg|Win32.Build.0 = stdbg|Win32
		{7796C64C-76A4-CC9C-607A-E1749B466B12}.stdbg|x64.ActiveCfg = stdbg|x64
		{7796C64C-76A4-CC9C-607A-E1749B466B12}.stdbg|x64.Build.0 = stdbg|x64
		{7796C64C-76A4-CC9C-607A-E1749B466B12}.stdbg|Xbox 360.ActiveCfg = stdbg|Xbox 360
		{7796C64C-76A4-CC9C-607A-E1749B466B12}.stdbg|Xbox 360.Build.0 = stdbg|Xbox 360
		{7796C64C-76A4-CC9C-607A-E1749B466B12}.stprof|Win32.ActiveCfg = stprof|Win32
		{7796C64C-76A4-CC9C-607A-E1749B466B12}.stprof|Win32.Build.0 = stprof|Win32
		{7796C64C-76A4-CC9C-607A-E1749B466B12}.stprof|x64.ActiveCfg = stprof|x64
		{7796C64C-76A4-CC9C-607A-E1749B466B12}.stprof|x64.Build.0 = stprof|x64
		{7796C64C-76A4-CC9C-607A-E1749B466B12}.stprof|Xbox 360.ActiveCfg = stprof|Xbox 360
		{7796C64C-76A4-CC9C-607A-E1749B466B12}.stprof|Xbox 360.Build.0 = stprof|Xbox 360
		{7796C64C-76A4-CC9C-607A-E1749B466B12}.stret|Win32.ActiveCfg = stret|Win32
		{7796C64C-76A4-CC9C-607A-E1749B466B12}.stret|Win32.Build.0 = stret|Win32
		{7796C64C-76A4-CC9C-607A-E1749B466B12}.stret|x64.ActiveCfg = stret|x64
		{7796C64C-76A4-CC9C-607A-E1749B466B12}.stret|x64.Build.0 = stret|x64
		{7796C64C-76A4-CC9C-607A-E1749B466B12}.stret|Xbox 360.ActiveCfg = stret|Xbox 360
		{7796C64C-76A4-CC9C-607A-E1749B466B12}.stret|Xbox 360.Build.0 = stret|Xbox 360
		{5924FAD8-FED6-E547-D735-81C563E9A4FA}.debug|Win32.ActiveCfg = debug|Win32
		{5924FAD8-FED6-E547-D735-81C563E9A4FA}.debug|Win32.Build.0 = debug|Win32
		{5924FAD8-FED6-E547-D735-81C563E9A4FA}.debug|x64.ActiveCfg = debug|x64
		{5924FAD8-FED6-E547-D735-81C563E9A4FA}.debug|x64.Build.0 = debug|x64
		{5924FAD8-FED6-E547-D735-81C563E9A4FA}.debug|Xbox 360.ActiveCfg = debug|Xbox 360
		{5924FAD8-FED6-E547-D735-81C563E9A4FA}.debug|Xbox 360.Build.0 = debug|Xbox 360
		{5924FAD8-FED6-E547-D735-81C563E9A4FA}.profile|Win32.ActiveCfg = profile|Win32
		{5924FAD8-FED6-E547-D735-81C563E9A4FA}.profile|Win32.Build.0 = profile|Win32
		{5924FAD8-FED6-E547-D735-81C563E9A4FA}.profile|x64.ActiveCfg = profile|x64
		{5924FAD8-FED6-E547-D735-81C563E9A4FA}.profile|x64.Build.0 = profile|x64
		{5924FAD8-FED6-E547-D735-81C563E9A4FA}.profile|Xbox 360.ActiveCfg = profile|Xbox 360
		{5924FAD8-FED6-E547-D735-81C563E9A4FA}.profile|Xbox 360.Build.0 = profile|Xbox 360
		{5924FAD8-FED6-E547-D735-81C563E9A4FA}.retail|Win32.ActiveCfg = retail|Win32
		{5924FAD8-FED6-E547-D735-81C563E9A4FA}.retail|Win32.Build.0 = retail|Win32
		{5924FAD8-FED6-E547-D735-81C563E9A4FA}.retail|x64.ActiveCfg = retail|x64
		{5924FAD8-FED6-E547-D735-81C563E9A4FA}.retail|x64.Build.0 = retail|x64
		{5924FAD8-FED6-E547-D735-81C563E9A4FA}.retail|Xbox 360.ActiveCfg = retail|Xbox 360
		{5924FAD8-FED6-E547-D735-81C563E9A4FA}.retail|Xbox 360.Build.0 = retail|Xbox 360
		{5924FAD8-FED6-E547-D735-81C563E9A4FA}.stdbg|Win32.ActiveCfg = stdbg|Win32
		{5924FAD8-FED6-E547-D735-81C563E9A4FA}.stdbg|Win32.Build.0 = stdbg|Win32
		{5924FAD8-FED6-E547-D735-81C563E9A4FA}.stdbg|x64.ActiveCfg = stdbg|x64
		{5924FAD8-FED6-E547-D735-81C563E9A4FA}.stdbg|x64.Build.0 = stdbg|x64
		{5924FAD8-FED6-E547-D735-81C563E9A4FA}.stdbg|Xbox 360.ActiveCfg = stdbg|Xbox 360
		{5924FAD8-FED6-E547-D735-81C563E9A4FA}.stdbg|Xbox 360.Build.0 = stdbg|Xbox 360
		{5924FAD8-FED6-E547-D735-81C563E9A4FA}.stprof|Win32.ActiveCfg = stprof|Win32
		{5924FAD8-FED6-E547-D735-81C563E9A4FA}.stprof|Win32.Build.0 = stprof|Win32
		{5924FAD8-FED6-E547-D735-81C563E9A4FA}.stprof|x64.ActiveCfg = stprof|x64
		{5924FAD8-FED6-E547-D735-81C563E9A4FA}.stprof|x64.Build.0 = stprof|x64
		{5924FAD8-FED6-E547-D735-81C563E9A4FA}.stprof|Xbox 360.ActiveCfg = stprof|Xbox 360
		{5924FAD8-FED6-E547-D735-81C563E9A4FA}.stprof|Xbox 360.Build.0 = stprof|Xbox 360
		{5924FAD8-FED6-E547-D735-81C563E9A4FA}.stret|Win32.ActiveCfg = stret|Win32
		{5924FAD8-FED6-E547-D735-81C563E9A4FA}.stret|Win32.Build.0 = stret|Win32
		{5924FAD8-FED6-E547-D735-81C563E9A4FA}.stret|x64.ActiveCfg = stret|x64
		{5924FAD8-FED6-E547-D735-81C563E9A4FA}.stret|x64.Build.0 = stret|x64
		{5924FAD8-FED6-E547-D735-81C563E9A4FA}.stret|Xbox 360.ActiveCfg = stret|Xbox 360
		{5924FAD8-FED6-E547-D735-81C563E9A4FA}.stret|Xbox 360.Build.0 = stret|Xbox 360
		{0ABA59A4-8F0A-60C2-35CB-3B7CFE80C60F}.debug|Win32.ActiveCfg = debug|Win32
		{0ABA59A4-8F0A-60C2-35CB-3B7CFE80C60F}.debug|Win32.Build.0 = debug|Win32
		{0ABA59A4-8F0A-60C2-35CB-3B7CFE80C60F}.debug|x64.ActiveCfg = debug|x64
		{0ABA59A4-8F0A-60C2-35CB-3B7CFE80C60F}.debug|x64.Build.0 = debug|x64
		{0ABA59A4-8F0A-60C2-35CB-3B7CFE80C60F}.debug|Xbox 360.ActiveCfg = debug|Xbox 360
		{0ABA59A4-8F0A-60C2-35CB-3B7CFE80C60F}.debug|Xbox 360.Build.0 = debug|Xbox 360
		{0ABA59A4-8F0A-60C2-35CB-3B7CFE80C60F}.profile|Win32.ActiveCfg = profile|Win32
		{0ABA59A4-8F0A-60C2-35CB-3B7CFE80C60F}.profile|Win32.Build.0 = profile|Win32
		{0ABA59A4-8F0A-60C2-35CB-3B7CFE80C60F}.profile|x64.ActiveCfg = profile|x64
		{0ABA59A4-8F0A-60C2-35CB-3B7CFE80C60F}.profile|x64.Build.0 = profile|x64
		{0ABA59A4-8F0A-60C2-35CB-3B7CFE80C60F}.profile|Xbox 360.ActiveCfg = profile|Xbox 360
		{0ABA59A4-8F0A-60C2-35CB-3B7CFE80C60F}.profile|Xbox 360.Build.0 = profile|Xbox 360
		{0ABA59A4-8F0A-60C2-35CB-3B7CFE80C60F}.retail|Win32.ActiveCfg = retail|Win32
		{0ABA59A4-8F0A-60C2-35CB-3B7CFE80C60F}.retail|Win32.Build.0 = retail|Win32
		{0ABA59A4-8F0A-60C2-35CB-3B7CFE80C60F}.retail|x64.ActiveCfg = retail|x64
		{0ABA59A4-8F0A-60C2-35CB-3B7CFE80C60F}.retail|x64.Build.0 = retail|x64
		{0ABA59A4-8F0A-60C2-35CB-3B7CFE80C60F}.retail|Xbox 360.ActiveCfg = retail|Xbox 360
		{0ABA59A4-8F0A-60C2-35CB-3B7CFE80C60F}.retail|Xbox 360.Build.0 = retail|Xbox 360
		{0ABA59A4-8F0A-60C2-35CB-3B7CFE80C60F}.stdbg|Win32.ActiveCfg = stdbg|Win32
		{0ABA59A4-8F0A-60C2-35CB-3B7CFE80C60F}.stdbg|Win32.Build.0 = stdbg|Win32
		{0ABA59A4-8F0A-60C2-35CB-3B7CFE80C60F}.stdbg|x64.ActiveCfg = stdbg|x64
		{0ABA59A4-8F0A-60C2-35CB-3B7CFE80C60F}.stdbg|x64.Build.0 = stdbg|x64
		{0ABA59A4-8F0A-60C2-35CB-3B7CFE80C60F}.stdbg|Xbox 360.ActiveCfg = stdbg|Xbox 360
		{0ABA59A4-8F0A-60C2-35CB-3B7CFE80C60F}.stdbg|Xbox 360.Build.0 = stdbg|Xbox 360
		{0ABA59A4-8F0A-60C2-35CB-3B7CFE80C60F}.stprof|Win32.ActiveCfg = stprof|Win32
		{0ABA59A4-8F0A-60C2-35CB-3B7CFE80C60F}.stprof|Win32.Build.0 = stprof|Win32
		{0ABA59A4-8F0A-60C2-35CB-3B7CFE80C60F}.stprof|x64.ActiveCfg = stprof|x64
		{0ABA59A4-8F0A-60C2-35CB-3B7CFE80C60F}.stprof|x64.Build.0 = stprof|x64
		{0ABA59A4-8F0A-60C2-35CB-3B7CFE80C60F}.stprof|Xbox 360.ActiveCfg = stprof|Xbox 360
		{0ABA59A4-8F0A-60C2-35CB-3B7CFE80C60F}.stprof|Xbox 360.Build.0 = stprof|Xbox 360
		{0ABA59A4-8F0A-60C2-35CB-3B7CFE80C60F}.stret|Win32.ActiveCfg = stret|Win32
		{0ABA59A4-8F0A-60C2-35CB-3B7CFE80C60F}.stret|Win32.Build.0 = stret|Win32
		{0ABA59A4-8F0A-60C2-35CB-3B7CFE80C60F}.stret|x64.ActiveCfg = stret|x64
		{0ABA59A4-8F0A-60C2-35CB-3B7CFE80C60F}.stret|x64.Build.0 = stret|x64
		{0ABA59A4-8F0A-60C2-35CB-3B7CFE80C60F}.stret|Xbox 360.ActiveCfg = stret|Xbox 360
		{0ABA59A4-8F0A-60C2-35CB-3B7CFE80C60F}.stret|Xbox 360.Build.0 = stret|Xbox 360
		{E2C4A641-F50F-445D-B63C-70927512A1AA}.debug|Win32.ActiveCfg = debug|Win32
		{E2C4A641-F50F-445D-B63C-70927512A1AA}.debug|Win32.Build.0 = debug|Win32
		{E2C4A641-F50F-445D-B63C-70927512A1AA}.debug|x64.ActiveCfg = debug|x64
		{E2C4A641-F50F-445D-B63C-70927512A1AA}.debug|x64.Build.0 = debug|x64
		{E2C4A641-F50F-445D-B63C-70927512A1AA}.debug|Xbox 360.ActiveCfg = debug|Xbox 360
		{E2C4A641-F50F-445D-B63C-70927512A1AA}.debug|Xbox 360.Build.0 = debug|Xbox 360
		{E2C4A641-F50F-445D-B63C-70927512A1AA}.profile|Win32.ActiveCfg = profile|Win32
		{E2C4A641-F50F-445D-B63C-70927512A1AA}.profile|Win32.Build.0 = profile|Win32
		{E2C4A641-F50F-445D-B63C-70927512A1AA}.profile|x64.ActiveCfg = profile|x64
		{E2C4A641-F50F-445D-B63C-70927512A1AA}.profile|x64.Build.0 = profile|x64
		{E2C4A641-F50F-445D-B63C-70927512A1AA}.profile|Xbox 360.ActiveCfg = profile|Xbox 360
		{E2C4A641-F50F-445D-B63C-70927512A1AA}.profile|Xbox 360.Build.0 = profile|Xbox 360
		{E2C4A641-F50F-445D-B63C-70927512A1AA}.retail|Win32.ActiveCfg = retail|Win32
		{E2C4A641-F50F-445D-B63C-70927512A1AA}.retail|Win32.Build.0 = retail|Win32
		{E2C4A641-F50F-445D-B63C-70927512A1AA}.retail|x64.ActiveCfg = retail|x64
		{E2C4A641-F50F-445D-B63C-70927512A1AA}.retail|x64.Build.0 = retail|x64
		{E2C4A641-F50F-445D-B63C-70927512A1AA}.retail|Xbox 360.ActiveCfg = retail|Xbox 360
		{E2C4A641-F50F-445D-B63C-70927512A1AA}.retail|Xbox 360.Build.0 = retail|Xbox 360
		{E2C4A641-F50F-445D-B63C-70927512A1AA}.stdbg|Win32.ActiveCfg = stdbg|Win32
		{E2C4A641-F50F-445D-B63C-70927512A1AA}.stdbg|Win32.Build.0 = stdbg|Win32
		{E2C4A641-F50F-445D-B63C-70927512A1AA}.stdbg|x64.ActiveCfg = stdbg|x64
		{E2C4A641-F50F-445D-B63C-70927512A1AA}.stdbg|x64.Build.0 = stdbg|x64
		{E2C4A641-F50F-445D-B63C-70927512A1AA}.stdbg|Xbox 360.ActiveCfg = stdbg|Xbox 360
		{E2C4A641-F50F-445D-B63C-70927512A1AA}.stdbg|Xbox 360.Build.0 = stdbg|Xbox 360
		{E2C4A641-F50F-445D-B63C-70927512A1AA}.stprof|Win32.ActiveCfg = stprof|Win32
		{E2C4A641-F50F-445D-B63C-70927512A1AA}.stprof|Win32.Build.0 = stprof|Win32
		{E2C4A641-F50F-445D-B63C-70927512A1AA}.stprof|x64.ActiveCfg = stprof|x64
		{E2C4A641-F50F-445D-B63C-70927512A1AA}.stprof|x64.Build.0 = stprof|x64
		{E2C4A641-F50F-445D-B63C-70927512A1AA}.stprof|Xbox 360.ActiveCfg = stprof|Xbox 360
		{E2C4A641-F50F-445D-B63C-70927512A1AA}.stprof|Xbox 360.Build.0 = stprof|Xbox 360
		{E2C4A641-F50F-445D-B63C-70927512A1AA}.stret|Win32.ActiveCfg = stret|Win32
		{E2C4A641-F50F-445D-B63C-70927512A1AA}.stret|Win32.Build.0 = stret|Win32
		{E2C4A641-F50F-445D-B63C-70927512A1AA}.stret|x64.ActiveCfg = stret|x64
		{E2C4A641-F50F-445D-B63C-70927512A1AA}.stret|x64.Build.0 = stret|x64
		{E2C4A641-F50F-445D-B63C-70927512A1AA}.stret|Xbox 360.ActiveCfg = stret|Xbox 360
		{E2C4A641-F50F-445D-B63C-70927512A1AA}.stret|Xbox 360.Build.0 = stret|Xbox 360
		{2BD9CA63-D051-B696-1C58-47414384E93D}.debug|Win32.ActiveCfg = debug|Win32
		{2BD9CA63-D051-B696-1C58-47414384E93D}.debug|Win32.Build.0 = debug|Win32
		{2BD9CA63-D051-B696-1C58-47414384E93D}.debug|x64.ActiveCfg = debug|x64
		{2BD9CA63-D051-B696-1C58-47414384E93D}.debug|x64.Build.0 = debug|x64
		{2BD9CA63-D051-B696-1C58-47414384E93D}.debug|Xbox 360.ActiveCfg = debug|Xbox 360
		{2BD9CA63-D051-B696-1C58-47414384E93D}.debug|Xbox 360.Build.0 = debug|Xbox 360
		{2BD9CA63-D051-B696-1C58-47414384E93D}.profile|Win32.ActiveCfg = profile|Win32
		{2BD9CA63-D051-B696-1C58-47414384E93D}.profile|Win32.Build.0 = profile|Win32
		{2BD9CA63-D051-B696-1C58-47414384E93D}.profile|x64.ActiveCfg = profile|x64
		{2BD9CA63-D051-B696-1C58-47414384E93D}.profile|x64.Build.0 = profile|x64
		{2BD9CA63-D051-B696-1C58-47414384E93D}.profile|Xbox 360.ActiveCfg = profile|Xbox 360
		{2BD9CA63-D051-B696-1C58-47414384E93D}.profile|Xbox 360.Build.0 = profile|Xbox 360
		{2BD9CA63-D051-B696-1C58-47414384E93D}.retail|Win32.ActiveCfg = retail|Win32
		{2BD9CA63-D051-B696-1C58-47414384E93D}.retail|Win32.Build.0 = retail|Win32
		{2BD9CA63-D051-B696-1C58-47414384E93D}.retail|x64.ActiveCfg = retail|x64
		{2BD9CA63-D051-B696-1C58-47414384E93D}.retail|x64.Build.0 = retail|x64
		{2BD9CA63-D051-B696-1C58-47414384E93D}.retail|Xbox 360.ActiveCfg = retail|Xbox 360
		{2BD9CA63-D051-B696-1C58-47414384E93D}.retail|Xbox 360.Build.0 = retail|Win32
		{2BD9CA63-D051-B696-1C58-47414384E93D}.stdbg|Win32.ActiveCfg = stdbg|Win32
		{2BD9CA63-D051-B696-1C58-47414384E93D}.stdbg|Win32.Build.0 = stdbg|Win32
		{2BD9CA63-D051-B696-1C58-47414384E93D}.stdbg|x64.ActiveCfg = stdbg|x64
		{2BD9CA63-D051-B696-1C58-47414384E93D}.stdbg|x64.Build.0 = stdbg|x64
		{2BD9CA63-D051-B696-1C58-47414384E93D}.stdbg|Xbox 360.ActiveCfg = stdbg|Xbox 360
		{2BD9CA63-D051-B696-1C58-47414384E93D}.stdbg|Xbox 360.Build.0 = stdbg|Xbox 360
		{2BD9CA63-D051-B696-1C58-47414384E93D}.stprof|Win32.ActiveCfg = stprof|Win32
		{2BD9CA63-D051-B696-1C58-47414384E93D}.stprof|Win32.Build.0 = stprof|Win32
		{2BD9CA63-D051-B696-1C58-47414384E93D}.stprof|x64.ActiveCfg = stprof|x64
		{2BD9CA63-D051-B696-1C58-47414384E93D}.stprof|x64.Build.0 = stprof|x64
		{2BD9CA63-D051-B696-1C58-47414384E93D}.stprof|Xbox 360.ActiveCfg = stprof|Xbox 360
		{2BD9CA63-D051-B696-1C58-47414384E93D}.stprof|Xbox 360.Build.0 = stprof|Xbox 360
		{2BD9CA63-D051-B696-1C58-47414384E93D}.stret|Win32.ActiveCfg = stret|Win32
		{2BD9CA63-D051-B696-1C58-47414384E93D}.stret|Win32.Build.0 = stret|Win32
		{2BD9CA63-D051-B696-1C58-47414384E93D}.stret|x64.ActiveCfg = stret|x64
		{2BD9CA63-D051-B696-1C58-47414384E93D}.stret|x64.Build.0 = stret|x64
		{2BD9CA63-D051-B696-1C58-47414384E93D}.stret|Xbox 360.ActiveCfg = stret|Xbox 360
		{2BD9CA63-D051-B696-1C58-47414384E93D}.stret|Xbox 360.Build.0 = stret|Xbox 360
		{E8C765CE-3ADE-A0A2-959D-D47084133245}.debug|Win32.ActiveCfg = debug|Win32
		{E8C765CE-3ADE-A0A2-959D-D47084133245}.debug|Win32.Build.0 = debug|Win32
		{E8C765CE-3ADE-A0A2-959D-D47084133245}.debug|x64.ActiveCfg = debug|x64
		{E8C765CE-3ADE-A0A2-959D-D47084133245}.debug|x64.Build.0 = debug|x64
		{E8C765CE-3ADE-A0A2-959D-D47084133245}.debug|Xbox 360.ActiveCfg = debug|Xbox 360
		{E8C765CE-3ADE-A0A2-959D-D47084133245}.debug|Xbox 360.Build.0 = debug|Xbox 360
		{E8C765CE-3ADE-A0A2-959D-D47084133245}.profile|Win32.ActiveCfg = profile|Win32
		{E8C765CE-3ADE-A0A2-959D-D47084133245}.profile|Win32.Build.0 = profile|Win32
		{E8C765CE-3ADE-A0A2-959D-D47084133245}.profile|x64.ActiveCfg = profile|x64
		{E8C765CE-3ADE-A0A2-959D-D47084133245}.profile|x64.Build.0 = profile|x64
		{E8C765CE-3ADE-A0A2-959D-D47084133245}.profile|Xbox 360.ActiveCfg = profile|Xbox 360
		{E8C765CE-3ADE-A0A2-959D-D47084133245}.profile|Xbox 360.Build.0 = profile|Xbox 360
		{E8C765CE-3ADE-A0A2-959D-D47084133245}.retail|Win32.ActiveCfg = retail|Win32
		{E8C765CE-3ADE-A0A2-959D-D47084133245}.retail|Win32.Build.0 = retail|Win32
		{E8C765CE-3ADE-A0A2-959D-D47084133245}.retail|x64.ActiveCfg = retail|x64
		{E8C765CE-3ADE-A0A2-959D-D47084133245}.retail|x64.Build.0 = retail|x64
		{E8C765CE-3ADE-A0A2-959D-D47084133245}.retail|Xbox 360.ActiveCfg = retail|Xbox 360
		{E8C765CE-3ADE-A0A2-959D-D47084133245}.retail|Xbox 360.Build.0 = retail|Xbox 360
		{E8C765CE-3ADE-A0A2-959D-D47084133245}.stdbg|Win32.ActiveCfg = stdbg|Win32
		{E8C765CE-3ADE-A0A2-959D-D47084133245}.stdbg|Win32.Build.0 = stdbg|Win32
		{E8C765CE-3ADE-A0A2-959D-D47084133245}.stdbg|x64.ActiveCfg = stdbg|x64
		{E8C765CE-3ADE-A0A2-959D-D47084133245}.stdbg|x64.Build.0 = stdbg|x64
		{E8C765CE-3ADE-A0A2-959D-D47084133245}.stdbg|Xbox 360.ActiveCfg = stdbg|Xbox 360
		{E8C765CE-3ADE-A0A2-959D-D47084133245}.stdbg|Xbox 360.Build.0 = stdbg|Xbox 360
		{E8C765CE-3ADE-A0A2-959D-D47084133245}.stprof|Win32.ActiveCfg = stprof|Win32
		{E8C765CE-3ADE-A0A2-959D-D47084133245}.stprof|Win32.Build.0 = stprof|Win32
		{E8C765CE-3ADE-A0A2-959D-D47084133245}.stprof|x64.ActiveCfg = stprof|x64
		{E8C765CE-3ADE-A0A2-959D-D47084133245}.stprof|x64.Build.0 = stprof|x64
		{E8C765CE-3ADE-A0A2-959D-D47084133245}.stprof|Xbox 360.ActiveCfg = stprof|Xbox 360
		{E8C765CE-3ADE-A0A2-959D-D47084133245}.stprof|Xbox 360.Build.0 = stprof|Xbox 360
		{E8C765CE-3ADE-A0A2-959D-D47084133245}.stret|Win32.ActiveCfg = stret|Win32
		{E8C765CE-3ADE-A0A2-959D-D47084133245}.stret|Win32.Build.0 = stret|Win32
		{E8C765CE-3ADE-A0A2-959D-D47084133245}.stret|x64.ActiveCfg = stret|x64
		{E8C765CE-3ADE-A0A2-959D-D47084133245}.stret|x64.Build.0 = stret|x64
		{E8C765CE-3ADE-A0A2-959D-D47084133245}.stret|Xbox 360.ActiveCfg = stret|Xbox 360
		{E8C765CE-3ADE-A0A2-959D-D47084133245}.stret|Xbox 360.Build.0 = stret|Xbox 360
		{6718D29A-26B5-9A7C-742B-D18392AB9C16}.debug|Win32.ActiveCfg = debug|Xbox 360
		{6718D29A-26B5-9A7C-742B-D18392AB9C16}.debug|x64.ActiveCfg = debug|Xbox 360
		{6718D29A-26B5-9A7C-742B-D18392AB9C16}.debug|Xbox 360.ActiveCfg = debug|Xbox 360
		{6718D29A-26B5-9A7C-742B-D18392AB9C16}.debug|Xbox 360.Build.0 = debug|Xbox 360
		{6718D29A-26B5-9A7C-742B-D18392AB9C16}.profile|Win32.ActiveCfg = profile|Xbox 360
		{6718D29A-26B5-9A7C-742B-D18392AB9C16}.profile|x64.ActiveCfg = profile|Xbox 360
		{6718D29A-26B5-9A7C-742B-D18392AB9C16}.profile|Xbox 360.ActiveCfg = profile|Xbox 360
		{6718D29A-26B5-9A7C-742B-D18392AB9C16}.profile|Xbox 360.Build.0 = profile|Xbox 360
		{6718D29A-26B5-9A7C-742B-D18392AB9C16}.retail|Win32.ActiveCfg = retail|Xbox 360
		{6718D29A-26B5-9A7C-742B-D18392AB9C16}.retail|x64.ActiveCfg = retail|Xbox 360
		{6718D29A-26B5-9A7C-742B-D18392AB9C16}.retail|Xbox 360.ActiveCfg = retail|Xbox 360
		{6718D29A-26B5-9A7C-742B-D18392AB9C16}.retail|Xbox 360.Build.0 = retail|Xbox 360
		{6718D29A-26B5-9A7C-742B-D18392AB9C16}.stdbg|Win32.ActiveCfg = stdbg|Xbox 360
		{6718D29A-26B5-9A7C-742B-D18392AB9C16}.stdbg|x64.ActiveCfg = stdbg|Xbox 360
		{6718D29A-26B5-9A7C-742B-D18392AB9C16}.stdbg|Xbox 360.ActiveCfg = stdbg|Xbox 360
		{6718D29A-26B5-9A7C-742B-D18392AB9C16}.stdbg|Xbox 360.Build.0 = stdbg|Xbox 360
		{6718D29A-26B5-9A7C-742B-D18392AB9C16}.stprof|Win32.ActiveCfg = stprof|Xbox 360
		{6718D29A-26B5-9A7C-742B-D18392AB9C16}.stprof|x64.ActiveCfg = stprof|Xbox 360
		{6718D29A-26B5-9A7C-742B-D18392AB9C16}.stprof|Xbox 360.ActiveCfg = stprof|Xbox 360
		{6718D29A-26B5-9A7C-742B-D18392AB9C16}.stprof|Xbox 360.Build.0 = stprof|Xbox 360
		{6718D29A-26B5-9A7C-742B-D18392AB9C16}.stret|Win32.ActiveCfg = stret|Xbox 360
		{6718D29A-26B5-9A7C-742B-D18392AB9C16}.stret|x64.ActiveCfg = stret|Xbox 360
		{6718D29A-26B5-9A7C-742B-D18392AB9C16}.stret|Xbox 360.ActiveCfg = stret|Xbox 360
		{6718D29A-26B5-9A7C-742B-D18392AB9C16}.stret|Xbox 360.Build.0 = stret|Xbox 360
		{CCE88701-E61F-7DF1-A29B-1E1056CA12E4}.debug|Win32.ActiveCfg = debug|Win32
		{CCE88701-E61F-7DF1-A29B-1E1056CA12E4}.debug|Win32.Build.0 = debug|Win32
		{CCE88701-E61F-7DF1-A29B-1E1056CA12E4}.debug|x64.ActiveCfg = debug|x64
		{CCE88701-E61F-7DF1-A29B-1E1056CA12E4}.debug|x64.Build.0 = debug|x64
		{CCE88701-E61F-7DF1-A29B-1E1056CA12E4}.debug|Xbox 360.ActiveCfg = debug|Xbox 360
		{CCE88701-E61F-7DF1-A29B-1E1056CA12E4}.debug|Xbox 360.Build.0 = debug|Xbox 360
		{CCE88701-E61F-7DF1-A29B-1E1056CA12E4}.profile|Win32.ActiveCfg = profile|Win32
		{CCE88701-E61F-7DF1-A29B-1E1056CA12E4}.profile|Win32.Build.0 = profile|Win32
		{CCE88701-E61F-7DF1-A29B-1E1056CA12E4}.profile|x64.ActiveCfg = profile|x64
		{CCE88701-E61F-7DF1-A29B-1E1056CA12E4}.profile|x64.Build.0 = profile|x64
		{CCE88701-E61F-7DF1-A29B-1E1056CA12E4}.profile|Xbox 360.ActiveCfg = profile|Xbox 360
		{CCE88701-E61F-7DF1-A29B-1E1056CA12E4}.profile|Xbox 360.Build.0 = profile|Xbox 360
		{CCE88701-E61F-7DF1-A29B-1E1056CA12E4}.retail|Win32.ActiveCfg = retail|Win32
		{CCE88701-E61F-7DF1-A29B-1E1056CA12E4}.retail|Win32.Build.0 = retail|Win32
		{CCE88701-E61F-7DF1-A29B-1E1056CA12E4}.retail|x64.ActiveCfg = retail|x64
		{CCE88701-E61F-7DF1-A29B-1E1056CA12E4}.retail|x64.Build.0 = retail|x64
		{CCE88701-E61F-7DF1-A29B-1E1056CA12E4}.retail|Xbox 360.ActiveCfg = retail|Xbox 360
		{CCE88701-E61F-7DF1-A29B-1E1056CA12E4}.retail|Xbox 360.Build.0 = retail|Xbox 360
		{CCE88701-E61F-7DF1-A29B-1E1056CA12E4}.stdbg|Win32.ActiveCfg = stdbg|Win32
		{CCE88701-E61F-7DF1-A29B-1E1056CA12E4}.stdbg|Win32.Build.0 = stdbg|Win32
		{CCE88701-E61F-7DF1-A29B-1E1056CA12E4}.stdbg|x64.ActiveCfg = stdbg|x64
		{CCE88701-E61F-7DF1-A29B-1E1056CA12E4}.stdbg|x64.Build.0 = stdbg|x64
		{CCE88701-E61F-7DF1-A29B-1E1056CA12E4}.stdbg|Xbox 360.ActiveCfg = stdbg|Xbox 360
		{CCE88701-E61F-7DF1-A29B-1E1056CA12E4}.stdbg|Xbox 360.Build.0 = stdbg|Xbox 360
		{CCE88701-E61F-7DF1-A29B-1E1056CA12E4}.stprof|Win32.ActiveCfg = stprof|Win32
		{CCE88701-E61F-7DF1-A29B-1E1056CA12E4}.stprof|Win32.Build.0 = stprof|Win32
		{CCE88701-E61F-7DF1-A29B-1E1056CA12E4}.stprof|x64.ActiveCfg = stprof|x64
		{CCE88701-E61F-7DF1-A29B-1E1056CA12E4}.stprof|x64.Build.0 = stprof|x64
		{CCE88701-E61F-7DF1-A29B-1E1056CA12E4}.stprof|Xbox 360.ActiveCfg = stprof|Xbox 360
		{CCE88701-E61F-7DF1-A29B-1E1056CA12E4}.stprof|Xbox 360.Build.0 = stprof|Xbox 360
		{CCE88701-E61F-7DF1-A29B-1E1056CA12E4}.stret|Win32.ActiveCfg = stret|Win32
		{CCE88701-E61F-7DF1-A29B-1E1056CA12E4}.stret|Win32.Build.0 = stret|Win32
		{CCE88701-E61F-7DF1-A29B-1E1056CA12E4}.stret|x64.ActiveCfg = stret|x64
		{CCE88701-E61F-7DF1-A29B-1E1056CA12E4}.stret|x64.Build.0 = stret|x64
		{CCE88701-E61F-7DF1-A29B-1E1056CA12E4}.stret|Xbox 360.ActiveCfg = stret|Xbox 360
		{CCE88701-E61F-7DF1-A29B-1E1056CA12E4}.stret|Xbox 360.Build.0 = stret|Xbox 360
		{D2E8B602-E951-160C-535B-AEC80FA92388}.debug|Win32.ActiveCfg = debug|Win32
		{D2E8B602-E951-160C-535B-AEC80FA92388}.debug|Win32.Build.0 = debug|Win32
		{D2E8B602-E951-160C-535B-AEC80FA92388}.debug|x64.ActiveCfg = debug|x64
		{D2E8B602-E951-160C-535B-AEC80FA92388}.debug|x64.Build.0 = debug|x64
		{D2E8B602-E951-160C-535B-AEC80FA92388}.debug|Xbox 360.ActiveCfg = debug|Xbox 360
		{D2E8B602-E951-160C-535B-AEC80FA92388}.debug|Xbox 360.Build.0 = debug|Xbox 360
		{D2E8B602-E951-160C-535B-AEC80FA92388}.profile|Win32.ActiveCfg = profile|Win32
		{D2E8B602-E951-160C-535B-AEC80FA92388}.profile|Win32.Build.0 = profile|Win32
		{D2E8B602-E951-160C-535B-AEC80FA92388}.profile|x64.ActiveCfg = profile|x64
		{D2E8B602-E951-160C-535B-AEC80FA92388}.profile|x64.Build.0 = profile|x64
		{D2E8B602-E951-160C-535B-AEC80FA92388}.profile|Xbox 360.ActiveCfg = profile|Xbox 360
		{D2E8B602-E951-160C-535B-AEC80FA92388}.profile|Xbox 360.Build.0 = profile|Xbox 360
		{D2E8B602-E951-160C-535B-AEC80FA92388}.retail|Win32.ActiveCfg = retail|Win32
		{D2E8B602-E951-160C-535B-AEC80FA92388}.retail|Win32.Build.0 = retail|Win32
		{D2E8B602-E951-160C-535B-AEC80FA92388}.retail|x64.ActiveCfg = retail|x64
		{D2E8B602-E951-160C-535B-AEC80FA92388}.retail|x64.Build.0 = retail|x64
		{D2E8B602-E951-160C-535B-AEC80FA92388}.retail|Xbox 360.ActiveCfg = retail|Xbox 360
		{D2E8B602-E951-160C-535B-AEC80FA92388}.retail|Xbox 360.Build.0 = retail|Xbox 360
		{D2E8B602-E951-160C-535B-AEC80FA92388}.stdbg|Win32.ActiveCfg = stdbg|Win32
		{D2E8B602-E951-160C-535B-AEC80FA92388}.stdbg|Win32.Build.0 = stdbg|Win32
		{D2E8B602-E951-160C-535B-AEC80FA92388}.stdbg|x64.ActiveCfg = stdbg|x64
		{D2E8B602-E951-160C-535B-AEC80FA92388}.stdbg|x64.Build.0 = stdbg|x64
		{D2E8B602-E951-160C-535B-AEC80FA92388}.stdbg|Xbox 360.ActiveCfg = stdbg|Xbox 360
		{D2E8B602-E951-160C-535B-AEC80FA92388}.stdbg|Xbox 360.Build.0 = stdbg|Xbox 360
		{D2E8B602-E951-160C-535B-AEC80FA92388}.stprof|Win32.ActiveCfg = stprof|Win32
		{D2E8B602-E951-160C-535B-AEC80FA92388}.stprof|Win32.Build.0 = stprof|Win32
		{D2E8B602-E951-160C-535B-AEC80FA92388}.stprof|x64.ActiveCfg = stprof|x64
		{D2E8B602-E951-160C-535B-AEC80FA92388}.stprof|x64.Build.0 = stprof|x64
		{D2E8B602-E951-160C-535B-AEC80FA92388}.stprof|Xbox 360.ActiveCfg = stprof|Xbox 360
		{D2E8B602-E951-160C-535B-AEC80FA92388}.stprof|Xbox 360.Build.0 = stprof|Xbox 360
		{D2E8B602-E951-160C-535B-AEC80FA92388}.stret|Win32.ActiveCfg = stret|Win32
		{D2E8B602-E951-160C-535B-AEC80FA92388}.stret|Win32.Build.0 = stret|Win32
		{D2E8B602-E951-160C-535B-AEC80FA92388}.stret|x64.ActiveCfg = stret|x64
		{D2E8B602-E951-160C-535B-AEC80FA92388}.stret|x64.Build.0 = stret|x64
		{D2E8B602-E951-160C-535B-AEC80FA92388}.stret|Xbox 360.ActiveCfg = stret|Xbox 360
		{D2E8B602-E951-160C-535B-AEC80FA92388}.stret|Xbox 360.Build.0 = stret|Xbox 360
		{8FA39028-3627-CD4C-1B15-C9DF7C0021B3}.debug|Win32.ActiveCfg = debug|Win32
		{8FA39028-3627-CD4C-1B15-C9DF7C0021B3}.debug|Win32.Build.0 = debug|Win32
		{8FA39028-3627-CD4C-1B15-C9DF7C0021B3}.debug|x64.ActiveCfg = debug|x64
		{8FA39028-3627-CD4C-1B15-C9DF7C0021B3}.debug|x64.Build.0 = debug|x64
		{8FA39028-3627-CD4C-1B15-C9DF7C0021B3}.debug|Xbox 360.ActiveCfg = debug|Xbox 360
		{8FA39028-3627-CD4C-1B15-C9DF7C0021B3}.debug|Xbox 360.Build.0 = debug|Xbox 360
		{8FA39028-3627-CD4C-1B15-C9DF7C0021B3}.profile|Win32.ActiveCfg = profile|Win32
		{8FA39028-3627-CD4C-1B15-C9DF7C0021B3}.profile|Win32.Build.0 = profile|Win32
		{8FA39028-3627-CD4C-1B15-C9DF7C0021B3}.profile|x64.ActiveCfg = profile|x64
		{8FA39028-3627-CD4C-1B15-C9DF7C0021B3}.profile|x64.Build.0 = profile|x64
		{8FA39028-3627-CD4C-1B15-C9DF7C0021B3}.profile|Xbox 360.ActiveCfg = profile|Xbox 360
		{8FA39028-3627-CD4C-1B15-C9DF7C0021B3}.profile|Xbox 360.Build.0 = profile|Xbox 360
		{8FA39028-3627-CD4C-1B15-C9DF7C0021B3}.retail|Win32.ActiveCfg = retail|Win32
		{8FA39028-3627-CD4C-1B15-C9DF7C0021B3}.retail|Win32.Build.0 = retail|Win32
		{8FA39028-3627-CD4C-1B15-C9DF7C0021B3}.retail|x64.ActiveCfg = retail|x64
		{8FA39028-3627-CD4C-1B15-C9DF7C0021B3}.retail|x64.Build.0 = retail|x64
		{8FA39028-3627-CD4C-1B15-C9DF7C0021B3}.retail|Xbox 360.ActiveCfg = retail|Xbox 360
		{8FA39028-3627-CD4C-1B15-C9DF7C0021B3}.retail|Xbox 360.Build.0 = retail|Xbox 360
		{8FA39028-3627-CD4C-1B15-C9DF7C0021B3}.stdbg|Win32.ActiveCfg = stdbg|Win32
		{8FA39028-3627-CD4C-1B15-C9DF7C0021B3}.stdbg|Win32.Build.0 = stdbg|Win32
		{8FA39028-3627-CD4C-1B15-C9DF7C0021B3}.stdbg|x64.ActiveCfg = stdbg|x64
		{8FA39028-3627-CD4C-1B15-C9DF7C0021B3}.stdbg|x64.Build.0 = stdbg|x64
		{8FA39028-3627-CD4C-1B15-C9DF7C0021B3}.stdbg|Xbox 360.ActiveCfg = stdbg|Xbox 360
		{8FA39028-3627-CD4C-1B15-C9DF7C0021B3}.stdbg|Xbox 360.Build.0 = stdbg|Xbox 360
		{8FA39028-3627-CD4C-1B15-C9DF7C0021B3}.stprof|Win32.ActiveCfg = stprof|Win32
		{8FA39028-3627-CD4C-1B15-C9DF7C0021B3}.stprof|Win32.Build.0 = stprof|Win32
		{8FA39028-3627-CD4C-1B15-C9DF7C0021B3}.stprof|x64.ActiveCfg = stprof|x64
		{8FA39028-3627-CD4C-1B15-C9DF7C0021B3}.stprof|x64.Build.0 = stprof|x64
		{8FA39028-3627-CD4C-1B15-C9DF7C0021B3}.stprof|Xbox 360.ActiveCfg = stprof|Xbox 360
		{8FA39028-3627-CD4C-1B15-C9DF7C0021B3}.stprof|Xbox 360.Build.0 = stprof|Xbox 360
		{8FA39028-3627-CD4C-1B15-C9DF7C0021B3}.stret|Win32.ActiveCfg = stret|Win32
		{8FA39028-3627-CD4C-1B15-C9DF7C0021B3}.stret|Win32.Build.0 = stret|Win32
		{8FA39028-3627-CD4C-1B15-C9DF7C0021B3}.stret|x64.ActiveCfg = stret|x64
		{8FA39028-3627-CD4C-1B15-C9DF7C0021B3}.stret|x64.Build.0 = stret|x64
		{8FA39028-3627-CD4C-1B15-C9DF7C0021B3}.stret|Xbox 360.ActiveCfg = stret|Xbox 360
		{8FA39028-3627-CD4C-1B15-C9DF7C0021B3}.stret|Xbox 360.Build.0 = stret|Xbox 360
		{8E4C8E7C-75C0-2B3E-5FEB-B70AFC7FC131}.debug|Win32.ActiveCfg = debug|Win32
		{8E4C8E7C-75C0-2B3E-5FEB-B70AFC7FC131}.debug|Win32.Build.0 = debug|Win32
		{8E4C8E7C-75C0-2B3E-5FEB-B70AFC7FC131}.debug|x64.ActiveCfg = debug|x64
		{8E4C8E7C-75C0-2B3E-5FEB-B70AFC7FC131}.debug|x64.Build.0 = debug|x64
		{8E4C8E7C-75C0-2B3E-5FEB-B70AFC7FC131}.debug|Xbox 360.ActiveCfg = debug|Xbox 360
		{8E4C8E7C-75C0-2B3E-5FEB-B70AFC7FC131}.debug|Xbox 360.Build.0 = debug|Xbox 360
		{8E4C8E7C-75C0-2B3E-5FEB-B70AFC7FC131}.profile|Win32.ActiveCfg = profile|Win32
		{8E4C8E7C-75C0-2B3E-5FEB-B70AFC7FC131}.profile|Win32.Build.0 = profile|Win32
		{8E4C8E7C-75C0-2B3E-5FEB-B70AFC7FC131}.profile|x64.ActiveCfg = profile|x64
		{8E4C8E7C-75C0-2B3E-5FEB-B70AFC7FC131}.profile|x64.Build.0 = profile|x64
		{8E4C8E7C-75C0-2B3E-5FEB-B70AFC7FC131}.profile|Xbox 360.ActiveCfg = profile|Xbox 360
		{8E4C8E7C-75C0-2B3E-5FEB-B70AFC7FC131}.profile|Xbox 360.Build.0 = profile|Xbox 360
		{8E4C8E7C-75C0-2B3E-5FEB-B70AFC7FC131}.retail|Win32.ActiveCfg = retail|Win32
		{8E4C8E7C-75C0-2B3E-5FEB-B70AFC7FC131}.retail|Win32.Build.0 = retail|Win32
		{8E4C8E7C-75C0-2B3E-5FEB-B70AFC7FC131}.retail|x64.ActiveCfg = retail|x64
		{8E4C8E7C-75C0-2B3E-5FEB-B70AFC7FC131}.retail|x64.Build.0 = retail|x64
		{8E4C8E7C-75C0-2B3E-5FEB-B70AFC7FC131}.retail|Xbox 360.ActiveCfg = retail|Xbox 360
		{8E4C8E7C-75C0-2B3E-5FEB-B70AFC7FC131}.retail|Xbox 360.Build.0 = retail|Xbox 360
		{8E4C8E7C-75C0-2B3E-5FEB-B70AFC7FC131}.stdbg|Win32.ActiveCfg = stdbg|Win32
		{8E4C8E7C-75C0-2B3E-5FEB-B70AFC7FC131}.stdbg|Win32.Build.0 = stdbg|Win32
		{8E4C8E7C-75C0-2B3E-5FEB-B70AFC7FC131}.stdbg|x64.ActiveCfg = stdbg|x64
		{8E4C8E7C-75C0-2B3E-5FEB-B70AFC7FC131}.stdbg|x64.Build.0 = stdbg|x64
		{8E4C8E7C-75C0-2B3E-5FEB-B70AFC7FC131}.stdbg|Xbox 360.ActiveCfg = stdbg|Xbox 360
		{8E4C8E7C-75C0-2B3E-5FEB-B70AFC7FC131}.stdbg|Xbox 360.Build.0 = stdbg|Xbox 360
		{8E4C8E7C-75C0-2B3E-5FEB-B70AFC7FC131}.stprof|Win32.ActiveCfg = stprof|Win32
		{8E4C8E7C-75C0-2B3E-5FEB-B70AFC7FC131}.stprof|Win32.Build.0 = stprof|Win32
		{8E4C8E7C-75C0-2B3E-5FEB-B70AFC7FC131}.stprof|x64.ActiveCfg = stprof|x64
		{8E4C8E7C-75C0-2B3E-5FEB-B70AFC7FC131}.stprof|x64.Build.0 = stprof|x64
		{8E4C8E7C-75C0-2B3E-5FEB-B70AFC7FC131}.stprof|Xbox 360.ActiveCfg = stprof|Xbox 360
		{8E4C8E7C-75C0-2B3E-5FEB-B70AFC7FC131}.stprof|Xbox 360.Build.0 = stprof|Xbox 360
		{8E4C8E7C-75C0-2B3E-5FEB-B70AFC7FC131}.stret|Win32.ActiveCfg = stret|Win32
		{8E4C8E7C-75C0-2B3E-5FEB-B70AFC7FC131}.stret|Win32.Build.0 = stret|Win32
		{8E4C8E7C-75C0-2B3E-5FEB-B70AFC7FC131}.stret|x64.ActiveCfg = stret|x64
		{8E4C8E7C-75C0-2B3E-5FEB-B70AFC7FC131}.stret|x64.Build.0 = stret|x64
		{8E4C8E7C-75C0-2B3E-5FEB-B70AFC7FC131}.stret|Xbox 360.ActiveCfg = stret|Xbox 360
		{8E4C8E7C-75C0-2B3E-5FEB-B70AFC7FC131}.stret|Xbox 360.Build.0 = stret|Xbox 360
		{B9A7A21C-42EA-E933-A931-6390979871B5}.debug|Win32.ActiveCfg = debug|Xbox 360
		{B9A7A21C-42EA-E933-A931-6390979871B5}.debug|x64.ActiveCfg = debug|Xbox 360
		{B9A7A21C-42EA-E933-A931-6390979871B5}.debug|Xbox 360.ActiveCfg = debug|Xbox 360
		{B9A7A21C-42EA-E933-A931-6390979871B5}.debug|Xbox 360.Build.0 = debug|Xbox 360
		{B9A7A21C-42EA-E933-A931-6390979871B5}.profile|Win32.ActiveCfg = profile|Xbox 360
		{B9A7A21C-42EA-E933-A931-6390979871B5}.profile|x64.ActiveCfg = profile|Xbox 360
		{B9A7A21C-42EA-E933-A931-6390979871B5}.profile|Xbox 360.ActiveCfg = profile|Xbox 360
		{B9A7A21C-42EA-E933-A931-6390979871B5}.profile|Xbox 360.Build.0 = profile|Xbox 360
		{B9A7A21C-42EA-E933-A931-6390979871B5}.retail|Win32.ActiveCfg = retail|Xbox 360
		{B9A7A21C-42EA-E933-A931-6390979871B5}.retail|x64.ActiveCfg = retail|Xbox 360
		{B9A7A21C-42EA-E933-A931-6390979871B5}.retail|Xbox 360.ActiveCfg = retail|Xbox 360
		{B9A7A21C-42EA-E933-A931-6390979871B5}.retail|Xbox 360.Build.0 = retail|Xbox 360
		{B9A7A21C-42EA-E933-A931-6390979871B5}.stdbg|Win32.ActiveCfg = stdbg|Xbox 360
		{B9A7A21C-42EA-E933-A931-6390979871B5}.stdbg|x64.ActiveCfg = stdbg|Xbox 360
		{B9A7A21C-42EA-E933-A931-6390979871B5}.stdbg|Xbox 360.ActiveCfg = stdbg|Xbox 360
		{B9A7A21C-42EA-E933-A931-6390979871B5}.stdbg|Xbox 360.Build.0 = stdbg|Xbox 360
		{B9A7A21C-42EA-E933-A931-6390979871B5}.stprof|Win32.ActiveCfg = stprof|Xbox 360
		{B9A7A21C-42EA-E933-A931-6390979871B5}.stprof|x64.ActiveCfg = stprof|Xbox 360
		{B9A7A21C-42EA-E933-A931-6390979871B5}.stprof|Xbox 360.ActiveCfg = stprof|Xbox 360
		{B9A7A21C-42EA-E933-A931-6390979871B5}.stprof|Xbox 360.Build.0 = stprof|Xbox 360
		{B9A7A21C-42EA-E933-A931-6390979871B5}.stret|Win32.ActiveCfg = stret|Xbox 360
		{B9A7A21C-42EA-E933-A931-6390979871B5}.stret|x64.ActiveCfg = stret|Xbox 360
		{B9A7A21C-42EA-E933-A931-6390979871B5}.stret|Xbox 360.ActiveCfg = stret|Xbox 360
		{B9A7A21C-42EA-E933-A931-6390979871B5}.stret|Xbox 360.Build.0 = stret|Xbox 360
		{CC08EF7D-EFC2-E1AF-4FF6-036FF940E833}.debug|Win32.ActiveCfg = debug|Win32
		{CC08EF7D-EFC2-E1AF-4FF6-036FF940E833}.debug|Win32.Build.0 = debug|Win32
		{CC08EF7D-EFC2-E1AF-4FF6-036FF940E833}.debug|x64.ActiveCfg = debug|x64
		{CC08EF7D-EFC2-E1AF-4FF6-036FF940E833}.debug|x64.Build.0 = debug|x64
		{CC08EF7D-EFC2-E1AF-4FF6-036FF940E833}.debug|Xbox 360.ActiveCfg = debug|Xbox 360
		{CC08EF7D-EFC2-E1AF-4FF6-036FF940E833}.debug|Xbox 360.Build.0 = debug|Xbox 360
		{CC08EF7D-EFC2-E1AF-4FF6-036FF940E833}.profile|Win32.ActiveCfg = profile|Win32
		{CC08EF7D-EFC2-E1AF-4FF6-036FF940E833}.profile|Win32.Build.0 = profile|Win32
		{CC08EF7D-EFC2-E1AF-4FF6-036FF940E833}.profile|x64.ActiveCfg = profile|x64
		{CC08EF7D-EFC2-E1AF-4FF6-036FF940E833}.profile|x64.Build.0 = profile|x64
		{CC08EF7D-EFC2-E1AF-4FF6-036FF940E833}.profile|Xbox 360.ActiveCfg = profile|Xbox 360
		{CC08EF7D-EFC2-E1AF-4FF6-036FF940E833}.profile|Xbox 360.Build.0 = profile|Xbox 360
		{CC08EF7D-EFC2-E1AF-4FF6-036FF940E833}.retail|Win32.ActiveCfg = retail|Win32
		{CC08EF7D-EFC2-E1AF-4FF6-036FF940E833}.retail|Win32.Build.0 = retail|Win32
		{CC08EF7D-EFC2-E1AF-4FF6-036FF940E833}.retail|x64.ActiveCfg = retail|x64
		{CC08EF7D-EFC2-E1AF-4FF6-036FF940E833}.retail|x64.Build.0 = retail|x64
		{CC08EF7D-EFC2-E1AF-4FF6-036FF940E833}.retail|Xbox 360.ActiveCfg = retail|Xbox 360
		{CC08EF7D-EFC2-E1AF-4FF6-036FF940E833}.retail|Xbox 360.Build.0 = retail|Xbox 360
		{CC08EF7D-EFC2-E1AF-4FF6-036FF940E833}.stdbg|Win32.ActiveCfg = stdbg|Win32
		{CC08EF7D-EFC2-E1AF-4FF6-036FF940E833}.stdbg|Win32.Build.0 = stdbg|Win32
		{CC08EF7D-EFC2-E1AF-4FF6-036FF940E833}.stdbg|x64.ActiveCfg = stdbg|x64
		{CC08EF7D-EFC2-E1AF-4FF6-036FF940E833}.stdbg|x64.Build.0 = stdbg|x64
		{CC08EF7D-EFC2-E1AF-4FF6-036FF940E833}.stdbg|Xbox 360.ActiveCfg = stdbg|Xbox 360
		{CC08EF7D-EFC2-E1AF-4FF6-036FF940E833}.stdbg|Xbox 360.Build.0 = stdbg|Xbox 360
		{CC08EF7D-EFC2-E1AF-4FF6-036FF940E833}.stprof|Win32.ActiveCfg = stprof|Win32
		{CC08EF7D-EFC2-E1AF-4FF6-036FF940E833}.stprof|Win32.Build.0 = stprof|Win32
		{CC08EF7D-EFC2-E1AF-4FF6-036FF940E833}.stprof|x64.ActiveCfg = stprof|x64
		{CC08EF7D-EFC2-E1AF-4FF6-036FF940E833}.stprof|x64.Build.0 = stprof|x64
		{CC08EF7D-EFC2-E1AF-4FF6-036FF940E833}.stprof|Xbox 360.ActiveCfg = stprof|Xbox 360
		{CC08EF7D-EFC2-E1AF-4FF6-036FF940E833}.stprof|Xbox 360.Build.0 = stprof|Xbox 360
		{CC08EF7D-EFC2-E1AF-4FF6-036FF940E833}.stret|Win32.ActiveCfg = stret|Win32
		{CC08EF7D-EFC2-E1AF-4FF6-036FF940E833}.stret|Win32.Build.0 = stret|Win32
		{CC08EF7D-EFC2-E1AF-4FF6-036FF940E833}.stret|x64.ActiveCfg = stret|x64
		{CC08EF7D-EFC2-E1AF-4FF6-036FF940E833}.stret|x64.Build.0 = stret|x64
		{CC08EF7D-EFC2-E1AF-4FF6-036FF940E833}.stret|Xbox 360.ActiveCfg = stret|Xbox 360
		{CC08EF7D-EFC2-E1AF-4FF6-036FF940E833}.stret|Xbox 360.Build.0 = stret|Xbox 360
	EndGlobalSection
	GlobalSection(SolutionProperties) = preSolution
		HideSolutionNode = FALSE
	EndGlobalSection
	GlobalSection(DPCodeReviewSolutionGUID) = preSolution
		DPCodeReviewSolutionGUID = {00000000-0000-0000-0000-000000000000}
	EndGlobalSection
EndGlobal
