Microsoft Visual Studio Solution File, Format Version 9.00
# Visual Studio 2005
Project("{8BC9CEB8-8B4A-11D0-8D11-00A0C91BC942}") = "GNbase", "8.0\GNbase.vcproj", "{28A1B915-7618-4A20-B9CA-CDF3D71BFF1F}"
EndProject
Project("{8BC9CEB8-8B4A-11D0-8D11-00A0C91BC942}") = "GNcore", "8.0\GNcore.vcproj", "{377D307A-4C54-48C0-A63F-EA2CE57A7454}"
EndProject
Project("{8BC9CEB8-8B4A-11D0-8D11-00A0C91BC942}") = "GNextern", "8.0\GNextern.vcproj", "{73FAB416-7CC6-4C10-9796-D31EFB1ECF93}"
EndProject
Project("{8BC9CEB8-8B4A-11D0-8D11-00A0C91BC942}") = "GNtestGfx", "8.0\GNtestGfx.vcproj", "{E02AA3B9-18D7-46C3-BEF5-44823CFD78A7}"
EndProject
Project("{8BC9CEB8-8B4A-11D0-8D11-00A0C91BC942}") = "GNtestInput", "8.0\GNtestInput.vcproj", "{277441C3-4DA1-4FD1-BE8D-BCFA37C8A023}"
EndProject
Project("{8BC9CEB8-8B4A-11D0-8D11-00A0C91BC942}") = "GNut", "8.0\GNut.vcproj", "{6FFBC754-64A4-4B99-BA6A-51DC9AAB91EA}"
EndProject
Project("{8BC9CEB8-8B4A-11D0-8D11-00A0C91BC942}") = "GNsampleDepthTexture", "8.0\GNsampleDepthTexture.vcproj", "{CA9338CE-DC53-4203-811D-E95AAB5A1E86}"
EndProject
Project("{8BC9CEB8-8B4A-11D0-8D11-00A0C91BC942}") = "GNsampleRenderToTexture", "8.0\GNsampleRenderToTexture.vcproj", "{852718FB-B7D5-4247-8DF6-3A423A677CA7}"
EndProject
Project("{8BC9CEB8-8B4A-11D0-8D11-00A0C91BC942}") = "GNtoolOGLInfo", "8.0\GNtoolOGLInfo.vcproj", "{5B8EA5C9-45F6-450E-AA4B-91A1A8129B60}"
EndProject
Project("{8BC9CEB8-8B4A-11D0-8D11-00A0C91BC942}") = "GNtestGui", "8.0\GNtestGui.vcproj", "{3C7D1DE8-C651-40A2-B334-0F18557EB853}"
EndProject
Project("{8BC9CEB8-8B4A-11D0-8D11-00A0C91BC942}") = "GNtestD3D9", "8.0\GNtestD3D9.vcproj", "{191C7E8F-B272-4B8A-B770-1D8CC6CAA925}"
EndProject
Project("{8BC9CEB8-8B4A-11D0-8D11-00A0C91BC942}") = "GNtestOGL", "8.0\GNtestOGL.vcproj", "{8E909D7F-21E5-490B-949C-98B5BD80CCAB}"
EndProject
Project("{8BC9CEB8-8B4A-11D0-8D11-00A0C91BC942}") = "GNtestXml", "8.0\GNtestXml.vcproj", "{E7E54069-0ED1-4E37-A4B1-5BE34C4D1899}"
EndProject
Project("{8BC9CEB8-8B4A-11D0-8D11-00A0C91BC942}") = "GNtoolGPUBenchmark", "8.0\GNtoolGPUBenchmark.vcproj", "{92D97DFD-00C8-485C-8C4B-B82C216FB18B}"
EndProject
Project("{8BC9CEB8-8B4A-11D0-8D11-00A0C91BC942}") = "GNrndrCommon", "8.0\GNrndrCommon.vcproj", "{D7F094C1-EC4A-44D3-AC91-1B578676E8BB}"
EndProject
Project("{8BC9CEB8-8B4A-11D0-8D11-00A0C91BC942}") = "GNrndrD3D9", "8.0\GNrndrD3D9.vcproj", "{042375FD-DAC7-4D8F-A44E-8792F13D5F6F}"
EndProject
Project("{8BC9CEB8-8B4A-11D0-8D11-00A0C91BC942}") = "GNrndrD3D10", "8.0\GNrndrD3D10.vcproj", "{E2C4A641-F50F-445D-B63C-70927512A1AA}"
EndProject
Project("{8BC9CEB8-8B4A-11D0-8D11-00A0C91BC942}") = "GNrndrOGL", "8.0\GNrndrOGL.vcproj", "{B0A0E801-357C-441A-9E35-F634F09A6C6A}"
EndProject
Project("{8BC9CEB8-8B4A-11D0-8D11-00A0C91BC942}") = "GNutil", "8.0\GNutil.vcproj", "{1C470C25-2F00-4D5C-93C8-A46122DA5443}"
EndProject
Project("{8BC9CEB8-8B4A-11D0-8D11-00A0C91BC942}") = "GNtestXenonStackTexture", "8.0\GNtestXenonStackTexture.vcproj", "{D29E5514-1390-45FF-AF03-DEC311E6FE70}"
EndProject
Project("{8BC9CEB8-8B4A-11D0-8D11-00A0C91BC942}") = "GNsampleDolphin", "8.0\GNsampleDolphin.vcproj", "{CCE88701-E61F-7DF1-A29B-1E1056CA12E4}"
EndProject
Project("{8BC9CEB8-8B4A-11D0-8D11-00A0C91BC942}") = "GNgfxBase", "8.0\GNgfxBase.vcproj", "{D2E8B602-E951-160C-535B-AEC80FA92388}"
EndProject
Project("{8BC9CEB8-8B4A-11D0-8D11-00A0C91BC942}") = "GNgfxUtil", "8.0\GNgfxUtil.vcproj", "{8FA39028-3627-CD4C-1B15-C9DF7C0021B3}"
EndProject
Project("{8BC9CEB8-8B4A-11D0-8D11-00A0C91BC942}") = "GNtoolMeshConverter", "8.0\GNtoolMeshConverter.vcproj", "{8E4C8E7C-75C0-2B3E-5FEB-B70AFC7FC131}"
EndProject
Global
	GlobalSection(SolutionConfigurationPlatforms) = preSolution
		debug|Win32 = debug|Win32
		debug|x64 = debug|x64
		debug|Xbox 360 = debug|Xbox 360
		profile|Win32 = profile|Win32
		profile|x64 = profile|x64
		profile|Xbox 360 = profile|Xbox 360
		retail|Win32 = retail|Win32
		retail|x64 = retail|x64
		retail|Xbox 360 = retail|Xbox 360
		stdbg|Win32 = stdbg|Win32
		stdbg|x64 = stdbg|x64
		stdbg|Xbox 360 = stdbg|Xbox 360
		stprof|Win32 = stprof|Win32
		stprof|x64 = stprof|x64
		stprof|Xbox 360 = stprof|Xbox 360
		stret|Win32 = stret|Win32
		stret|x64 = stret|x64
		stret|Xbox 360 = stret|Xbox 360
	EndGlobalSection
	GlobalSection(ProjectConfigurationPlatforms) = postSolution
		{28A1B915-7618-4A20-B9CA-CDF3D71BFF1F}.debug|Win32.ActiveCfg = debug|Win32
		{28A1B915-7618-4A20-B9CA-CDF3D71BFF1F}.debug|Win32.Build.0 = debug|Win32
		{28A1B915-7618-4A20-B9CA-CDF3D71BFF1F}.debug|x64.ActiveCfg = debug|x64
		{28A1B915-7618-4A20-B9CA-CDF3D71BFF1F}.debug|x64.Build.0 = debug|x64
		{28A1B915-7618-4A20-B9CA-CDF3D71BFF1F}.debug|Xbox 360.ActiveCfg = debug|Xbox 360
		{28A1B915-7618-4A20-B9CA-CDF3D71BFF1F}.debug|Xbox 360.Build.0 = debug|Xbox 360
		{28A1B915-7618-4A20-B9CA-CDF3D71BFF1F}.profile|Win32.ActiveCfg = profile|Win32
		{28A1B915-7618-4A20-B9CA-CDF3D71BFF1F}.profile|Win32.Build.0 = profile|Win32
		{28A1B915-7618-4A20-B9CA-CDF3D71BFF1F}.profile|x64.ActiveCfg = profile|x64
		{28A1B915-7618-4A20-B9CA-CDF3D71BFF1F}.profile|x64.Build.0 = profile|x64
		{28A1B915-7618-4A20-B9CA-CDF3D71BFF1F}.profile|Xbox 360.ActiveCfg = profile|Xbox 360
		{28A1B915-7618-4A20-B9CA-CDF3D71BFF1F}.profile|Xbox 360.Build.0 = profile|Xbox 360
		{28A1B915-7618-4A20-B9CA-CDF3D71BFF1F}.retail|Win32.ActiveCfg = retail|Win32
		{28A1B915-7618-4A20-B9CA-CDF3D71BFF1F}.retail|Win32.Build.0 = retail|Win32
		{28A1B915-7618-4A20-B9CA-CDF3D71BFF1F}.retail|x64.ActiveCfg = retail|x64
		{28A1B915-7618-4A20-B9CA-CDF3D71BFF1F}.retail|x64.Build.0 = retail|x64
		{28A1B915-7618-4A20-B9CA-CDF3D71BFF1F}.retail|Xbox 360.ActiveCfg = retail|Xbox 360
		{28A1B915-7618-4A20-B9CA-CDF3D71BFF1F}.retail|Xbox 360.Build.0 = retail|Xbox 360
		{28A1B915-7618-4A20-B9CA-CDF3D71BFF1F}.stdbg|Win32.ActiveCfg = stdbg|Win32
		{28A1B915-7618-4A20-B9CA-CDF3D71BFF1F}.stdbg|Win32.Build.0 = stdbg|Win32
		{28A1B915-7618-4A20-B9CA-CDF3D71BFF1F}.stdbg|x64.ActiveCfg = stdbg|x64
		{28A1B915-7618-4A20-B9CA-CDF3D71BFF1F}.stdbg|x64.Build.0 = stdbg|x64
		{28A1B915-7618-4A20-B9CA-CDF3D71BFF1F}.stdbg|Xbox 360.ActiveCfg = stdbg|Xbox 360
		{28A1B915-7618-4A20-B9CA-CDF3D71BFF1F}.stdbg|Xbox 360.Build.0 = stdbg|Xbox 360
		{28A1B915-7618-4A20-B9CA-CDF3D71BFF1F}.stprof|Win32.ActiveCfg = stprof|Win32
		{28A1B915-7618-4A20-B9CA-CDF3D71BFF1F}.stprof|Win32.Build.0 = stprof|Win32
		{28A1B915-7618-4A20-B9CA-CDF3D71BFF1F}.stprof|x64.ActiveCfg = stprof|x64
		{28A1B915-7618-4A20-B9CA-CDF3D71BFF1F}.stprof|x64.Build.0 = stprof|x64
		{28A1B915-7618-4A20-B9CA-CDF3D71BFF1F}.stprof|Xbox 360.ActiveCfg = stprof|Xbox 360
		{28A1B915-7618-4A20-B9CA-CDF3D71BFF1F}.stprof|Xbox 360.Build.0 = stprof|Xbox 360
		{28A1B915-7618-4A20-B9CA-CDF3D71BFF1F}.stret|Win32.ActiveCfg = stret|Win32
		{28A1B915-7618-4A20-B9CA-CDF3D71BFF1F}.stret|Win32.Build.0 = stret|Win32
		{28A1B915-7618-4A20-B9CA-CDF3D71BFF1F}.stret|x64.ActiveCfg = stret|x64
		{28A1B915-7618-4A20-B9CA-CDF3D71BFF1F}.stret|x64.Build.0 = stret|x64
		{28A1B915-7618-4A20-B9CA-CDF3D71BFF1F}.stret|Xbox 360.ActiveCfg = stret|Xbox 360
		{28A1B915-7618-4A20-B9CA-CDF3D71BFF1F}.stret|Xbox 360.Build.0 = stret|Xbox 360
		{377D307A-4C54-48C0-A63F-EA2CE57A7454}.debug|Win32.ActiveCfg = debug|Win32
		{377D307A-4C54-48C0-A63F-EA2CE57A7454}.debug|Win32.Build.0 = debug|Win32
		{377D307A-4C54-48C0-A63F-EA2CE57A7454}.debug|x64.ActiveCfg = debug|x64
		{377D307A-4C54-48C0-A63F-EA2CE57A7454}.debug|x64.Build.0 = debug|x64
		{377D307A-4C54-48C0-A63F-EA2CE57A7454}.debug|Xbox 360.ActiveCfg = debug|Xbox 360
		{377D307A-4C54-48C0-A63F-EA2CE57A7454}.debug|Xbox 360.Build.0 = debug|Xbox 360
		{377D307A-4C54-48C0-A63F-EA2CE57A7454}.profile|Win32.ActiveCfg = profile|Win32
		{377D307A-4C54-48C0-A63F-EA2CE57A7454}.profile|Win32.Build.0 = profile|Win32
		{377D307A-4C54-48C0-A63F-EA2CE57A7454}.profile|x64.ActiveCfg = profile|x64
		{377D307A-4C54-48C0-A63F-EA2CE57A7454}.profile|x64.Build.0 = profile|x64
		{377D307A-4C54-48C0-A63F-EA2CE57A7454}.profile|Xbox 360.ActiveCfg = profile|Xbox 360
		{377D307A-4C54-48C0-A63F-EA2CE57A7454}.profile|Xbox 360.Build.0 = profile|Xbox 360
		{377D307A-4C54-48C0-A63F-EA2CE57A7454}.retail|Win32.ActiveCfg = retail|Win32
		{377D307A-4C54-48C0-A63F-EA2CE57A7454}.retail|Win32.Build.0 = retail|Win32
		{377D307A-4C54-48C0-A63F-EA2CE57A7454}.retail|x64.ActiveCfg = retail|x64
		{377D307A-4C54-48C0-A63F-EA2CE57A7454}.retail|x64.Build.0 = retail|x64
		{377D307A-4C54-48C0-A63F-EA2CE57A7454}.retail|Xbox 360.ActiveCfg = retail|Xbox 360
		{377D307A-4C54-48C0-A63F-EA2CE57A7454}.retail|Xbox 360.Build.0 = retail|Xbox 360
		{377D307A-4C54-48C0-A63F-EA2CE57A7454}.stdbg|Win32.ActiveCfg = stdbg|Win32
		{377D307A-4C54-48C0-A63F-EA2CE57A7454}.stdbg|Win32.Build.0 = stdbg|Win32
		{377D307A-4C54-48C0-A63F-EA2CE57A7454}.stdbg|x64.ActiveCfg = stdbg|x64
		{377D307A-4C54-48C0-A63F-EA2CE57A7454}.stdbg|x64.Build.0 = stdbg|x64
		{377D307A-4C54-48C0-A63F-EA2CE57A7454}.stdbg|Xbox 360.ActiveCfg = stdbg|Xbox 360
		{377D307A-4C54-48C0-A63F-EA2CE57A7454}.stdbg|Xbox 360.Build.0 = stdbg|Xbox 360
		{377D307A-4C54-48C0-A63F-EA2CE57A7454}.stprof|Win32.ActiveCfg = stprof|Win32
		{377D307A-4C54-48C0-A63F-EA2CE57A7454}.stprof|Win32.Build.0 = stprof|Win32
		{377D307A-4C54-48C0-A63F-EA2CE57A7454}.stprof|x64.ActiveCfg = stprof|x64
		{377D307A-4C54-48C0-A63F-EA2CE57A7454}.stprof|x64.Build.0 = stprof|x64
		{377D307A-4C54-48C0-A63F-EA2CE57A7454}.stprof|Xbox 360.ActiveCfg = stprof|Xbox 360
		{377D307A-4C54-48C0-A63F-EA2CE57A7454}.stprof|Xbox 360.Build.0 = stprof|Xbox 360
		{377D307A-4C54-48C0-A63F-EA2CE57A7454}.stret|Win32.ActiveCfg = stret|Win32
		{377D307A-4C54-48C0-A63F-EA2CE57A7454}.stret|Win32.Build.0 = stret|Win32
		{377D307A-4C54-48C0-A63F-EA2CE57A7454}.stret|x64.ActiveCfg = stret|x64
		{377D307A-4C54-48C0-A63F-EA2CE57A7454}.stret|x64.Build.0 = stret|x64
		{377D307A-4C54-48C0-A63F-EA2CE57A7454}.stret|Xbox 360.ActiveCfg = stret|Xbox 360
		{377D307A-4C54-48C0-A63F-EA2CE57A7454}.stret|Xbox 360.Build.0 = stret|Xbox 360
		{73FAB416-7CC6-4C10-9796-D31EFB1ECF93}.debug|Win32.ActiveCfg = debug|Win32
		{73FAB416-7CC6-4C10-9796-D31EFB1ECF93}.debug|Win32.Build.0 = debug|Win32
		{73FAB416-7CC6-4C10-9796-D31EFB1ECF93}.debug|x64.ActiveCfg = debug|x64
		{73FAB416-7CC6-4C10-9796-D31EFB1ECF93}.debug|x64.Build.0 = debug|x64
		{73FAB416-7CC6-4C10-9796-D31EFB1ECF93}.debug|Xbox 360.ActiveCfg = debug|Xbox 360
		{73FAB416-7CC6-4C10-9796-D31EFB1ECF93}.debug|Xbox 360.Build.0 = debug|Xbox 360
		{73FAB416-7CC6-4C10-9796-D31EFB1ECF93}.profile|Win32.ActiveCfg = profile|Win32
		{73FAB416-7CC6-4C10-9796-D31EFB1ECF93}.profile|Win32.Build.0 = profile|Win32
		{73FAB416-7CC6-4C10-9796-D31EFB1ECF93}.profile|x64.ActiveCfg = profile|x64
		{73FAB416-7CC6-4C10-9796-D31EFB1ECF93}.profile|x64.Build.0 = profile|x64
		{73FAB416-7CC6-4C10-9796-D31EFB1ECF93}.profile|Xbox 360.ActiveCfg = profile|Xbox 360
		{73FAB416-7CC6-4C10-9796-D31EFB1ECF93}.profile|Xbox 360.Build.0 = profile|Xbox 360
		{73FAB416-7CC6-4C10-9796-D31EFB1ECF93}.retail|Win32.ActiveCfg = retail|Win32
		{73FAB416-7CC6-4C10-9796-D31EFB1ECF93}.retail|Win32.Build.0 = retail|Win32
		{73FAB416-7CC6-4C10-9796-D31EFB1ECF93}.retail|x64.ActiveCfg = retail|x64
		{73FAB416-7CC6-4C10-9796-D31EFB1ECF93}.retail|x64.Build.0 = retail|x64
		{73FAB416-7CC6-4C10-9796-D31EFB1ECF93}.retail|Xbox 360.ActiveCfg = retail|Xbox 360
		{73FAB416-7CC6-4C10-9796-D31EFB1ECF93}.retail|Xbox 360.Build.0 = retail|Xbox 360
		{73FAB416-7CC6-4C10-9796-D31EFB1ECF93}.stdbg|Win32.ActiveCfg = stdbg|Win32
		{73FAB416-7CC6-4C10-9796-D31EFB1ECF93}.stdbg|Win32.Build.0 = stdbg|Win32
		{73FAB416-7CC6-4C10-9796-D31EFB1ECF93}.stdbg|x64.ActiveCfg = stdbg|x64
		{73FAB416-7CC6-4C10-9796-D31EFB1ECF93}.stdbg|x64.Build.0 = stdbg|x64
		{73FAB416-7CC6-4C10-9796-D31EFB1ECF93}.stdbg|Xbox 360.ActiveCfg = stdbg|Xbox 360
		{73FAB416-7CC6-4C10-9796-D31EFB1ECF93}.stdbg|Xbox 360.Build.0 = stdbg|Xbox 360
		{73FAB416-7CC6-4C10-9796-D31EFB1ECF93}.stprof|Win32.ActiveCfg = stprof|Win32
		{73FAB416-7CC6-4C10-9796-D31EFB1ECF93}.stprof|Win32.Build.0 = stprof|Win32
		{73FAB416-7CC6-4C10-9796-D31EFB1ECF93}.stprof|x64.ActiveCfg = stprof|x64
		{73FAB416-7CC6-4C10-9796-D31EFB1ECF93}.stprof|x64.Build.0 = stprof|x64
		{73FAB416-7CC6-4C10-9796-D31EFB1ECF93}.stprof|Xbox 360.ActiveCfg = stprof|Xbox 360
		{73FAB416-7CC6-4C10-9796-D31EFB1ECF93}.stprof|Xbox 360.Build.0 = stprof|Xbox 360
		{73FAB416-7CC6-4C10-9796-D31EFB1ECF93}.stret|Win32.ActiveCfg = stret|Win32
		{73FAB416-7CC6-4C10-9796-D31EFB1ECF93}.stret|Win32.Build.0 = stret|Win32
		{73FAB416-7CC6-4C10-9796-D31EFB1ECF93}.stret|x64.ActiveCfg = stret|x64
		{73FAB416-7CC6-4C10-9796-D31EFB1ECF93}.stret|x64.Build.0 = stret|x64
		{73FAB416-7CC6-4C10-9796-D31EFB1ECF93}.stret|Xbox 360.ActiveCfg = stret|Xbox 360
		{73FAB416-7CC6-4C10-9796-D31EFB1ECF93}.stret|Xbox 360.Build.0 = stret|Xbox 360
		{E02AA3B9-18D7-46C3-BEF5-44823CFD78A7}.debug|Win32.ActiveCfg = debug|Win32
		{E02AA3B9-18D7-46C3-BEF5-44823CFD78A7}.debug|Win32.Build.0 = debug|Win32
		{E02AA3B9-18D7-46C3-BEF5-44823CFD78A7}.debug|x64.ActiveCfg = debug|x64
		{E02AA3B9-18D7-46C3-BEF5-44823CFD78A7}.debug|x64.Build.0 = debug|x64
		{E02AA3B9-18D7-46C3-BEF5-44823CFD78A7}.debug|Xbox 360.ActiveCfg = debug|Xbox 360
		{E02AA3B9-18D7-46C3-BEF5-44823CFD78A7}.debug|Xbox 360.Build.0 = debug|Xbox 360
		{E02AA3B9-18D7-46C3-BEF5-44823CFD78A7}.profile|Win32.ActiveCfg = profile|Win32
		{E02AA3B9-18D7-46C3-BEF5-44823CFD78A7}.profile|Win32.Build.0 = profile|Win32
		{E02AA3B9-18D7-46C3-BEF5-44823CFD78A7}.profile|x64.ActiveCfg = profile|x64
		{E02AA3B9-18D7-46C3-BEF5-44823CFD78A7}.profile|x64.Build.0 = profile|x64
		{E02AA3B9-18D7-46C3-BEF5-44823CFD78A7}.profile|Xbox 360.ActiveCfg = profile|Xbox 360
		{E02AA3B9-18D7-46C3-BEF5-44823CFD78A7}.profile|Xbox 360.Build.0 = profile|Xbox 360
		{E02AA3B9-18D7-46C3-BEF5-44823CFD78A7}.retail|Win32.ActiveCfg = retail|Win32
		{E02AA3B9-18D7-46C3-BEF5-44823CFD78A7}.retail|Win32.Build.0 = retail|Win32
		{E02AA3B9-18D7-46C3-BEF5-44823CFD78A7}.retail|x64.ActiveCfg = retail|x64
		{E02AA3B9-18D7-46C3-BEF5-44823CFD78A7}.retail|x64.Build.0 = retail|x64
		{E02AA3B9-18D7-46C3-BEF5-44823CFD78A7}.retail|Xbox 360.ActiveCfg = retail|Xbox 360
		{E02AA3B9-18D7-46C3-BEF5-44823CFD78A7}.retail|Xbox 360.Build.0 = retail|Xbox 360
		{E02AA3B9-18D7-46C3-BEF5-44823CFD78A7}.stdbg|Win32.ActiveCfg = stdbg|Win32
		{E02AA3B9-18D7-46C3-BEF5-44823CFD78A7}.stdbg|Win32.Build.0 = stdbg|Win32
		{E02AA3B9-18D7-46C3-BEF5-44823CFD78A7}.stdbg|x64.ActiveCfg = stdbg|x64
		{E02AA3B9-18D7-46C3-BEF5-44823CFD78A7}.stdbg|x64.Build.0 = stdbg|x64
		{E02AA3B9-18D7-46C3-BEF5-44823CFD78A7}.stdbg|Xbox 360.ActiveCfg = stdbg|Xbox 360
		{E02AA3B9-18D7-46C3-BEF5-44823CFD78A7}.stdbg|Xbox 360.Build.0 = stdbg|Xbox 360
		{E02AA3B9-18D7-46C3-BEF5-44823CFD78A7}.stprof|Win32.ActiveCfg = stprof|Win32
		{E02AA3B9-18D7-46C3-BEF5-44823CFD78A7}.stprof|Win32.Build.0 = stprof|Win32
		{E02AA3B9-18D7-46C3-BEF5-44823CFD78A7}.stprof|x64.ActiveCfg = stprof|x64
		{E02AA3B9-18D7-46C3-BEF5-44823CFD78A7}.stprof|x64.Build.0 = stprof|x64
		{E02AA3B9-18D7-46C3-BEF5-44823CFD78A7}.stprof|Xbox 360.ActiveCfg = stprof|Xbox 360
		{E02AA3B9-18D7-46C3-BEF5-44823CFD78A7}.stprof|Xbox 360.Build.0 = stprof|Xbox 360
		{E02AA3B9-18D7-46C3-BEF5-44823CFD78A7}.stret|Win32.ActiveCfg = stret|Win32
		{E02AA3B9-18D7-46C3-BEF5-44823CFD78A7}.stret|Win32.Build.0 = stret|Win32
		{E02AA3B9-18D7-46C3-BEF5-44823CFD78A7}.stret|x64.ActiveCfg = stret|x64
		{E02AA3B9-18D7-46C3-BEF5-44823CFD78A7}.stret|x64.Build.0 = stret|x64
		{E02AA3B9-18D7-46C3-BEF5-44823CFD78A7}.stret|Xbox 360.ActiveCfg = stret|Xbox 360
		{E02AA3B9-18D7-46C3-BEF5-44823CFD78A7}.stret|Xbox 360.Build.0 = stret|Xbox 360
		{277441C3-4DA1-4FD1-BE8D-BCFA37C8A023}.debug|Win32.ActiveCfg = debug|Win32
		{277441C3-4DA1-4FD1-BE8D-BCFA37C8A023}.debug|Win32.Build.0 = debug|Win32
		{277441C3-4DA1-4FD1-BE8D-BCFA37C8A023}.debug|x64.ActiveCfg = debug|x64
		{277441C3-4DA1-4FD1-BE8D-BCFA37C8A023}.debug|x64.Build.0 = debug|x64
		{277441C3-4DA1-4FD1-BE8D-BCFA37C8A023}.debug|Xbox 360.ActiveCfg = debug|Xbox 360
		{277441C3-4DA1-4FD1-BE8D-BCFA37C8A023}.debug|Xbox 360.Build.0 = debug|Xbox 360
		{277441C3-4DA1-4FD1-BE8D-BCFA37C8A023}.profile|Win32.ActiveCfg = profile|Win32
		{277441C3-4DA1-4FD1-BE8D-BCFA37C8A023}.profile|Win32.Build.0 = profile|Win32
		{277441C3-4DA1-4FD1-BE8D-BCFA37C8A023}.profile|x64.ActiveCfg = profile|x64
		{277441C3-4DA1-4FD1-BE8D-BCFA37C8A023}.profile|x64.Build.0 = profile|x64
		{277441C3-4DA1-4FD1-BE8D-BCFA37C8A023}.profile|Xbox 360.ActiveCfg = profile|Xbox 360
		{277441C3-4DA1-4FD1-BE8D-BCFA37C8A023}.profile|Xbox 360.Build.0 = profile|Xbox 360
		{277441C3-4DA1-4FD1-BE8D-BCFA37C8A023}.retail|Win32.ActiveCfg = retail|Win32
		{277441C3-4DA1-4FD1-BE8D-BCFA37C8A023}.retail|Win32.Build.0 = retail|Win32
		{277441C3-4DA1-4FD1-BE8D-BCFA37C8A023}.retail|x64.ActiveCfg = retail|x64
		{277441C3-4DA1-4FD1-BE8D-BCFA37C8A023}.retail|x64.Build.0 = retail|x64
		{277441C3-4DA1-4FD1-BE8D-BCFA37C8A023}.retail|Xbox 360.ActiveCfg = retail|Xbox 360
		{277441C3-4DA1-4FD1-BE8D-BCFA37C8A023}.retail|Xbox 360.Build.0 = retail|Xbox 360
		{277441C3-4DA1-4FD1-BE8D-BCFA37C8A023}.stdbg|Win32.ActiveCfg = stdbg|Win32
		{277441C3-4DA1-4FD1-BE8D-BCFA37C8A023}.stdbg|Win32.Build.0 = stdbg|Win32
		{277441C3-4DA1-4FD1-BE8D-BCFA37C8A023}.stdbg|x64.ActiveCfg = stdbg|x64
		{277441C3-4DA1-4FD1-BE8D-BCFA37C8A023}.stdbg|x64.Build.0 = stdbg|x64
		{277441C3-4DA1-4FD1-BE8D-BCFA37C8A023}.stdbg|Xbox 360.ActiveCfg = stdbg|Xbox 360
		{277441C3-4DA1-4FD1-BE8D-BCFA37C8A023}.stdbg|Xbox 360.Build.0 = stdbg|Xbox 360
		{277441C3-4DA1-4FD1-BE8D-BCFA37C8A023}.stprof|Win32.ActiveCfg = stprof|Win32
		{277441C3-4DA1-4FD1-BE8D-BCFA37C8A023}.stprof|Win32.Build.0 = stprof|Win32
		{277441C3-4DA1-4FD1-BE8D-BCFA37C8A023}.stprof|x64.ActiveCfg = stprof|x64
		{277441C3-4DA1-4FD1-BE8D-BCFA37C8A023}.stprof|x64.Build.0 = stprof|x64
		{277441C3-4DA1-4FD1-BE8D-BCFA37C8A023}.stprof|Xbox 360.ActiveCfg = stprof|Xbox 360
		{277441C3-4DA1-4FD1-BE8D-BCFA37C8A023}.stprof|Xbox 360.Build.0 = stprof|Xbox 360
		{277441C3-4DA1-4FD1-BE8D-BCFA37C8A023}.stret|Win32.ActiveCfg = stret|Win32
		{277441C3-4DA1-4FD1-BE8D-BCFA37C8A023}.stret|Win32.Build.0 = stret|Win32
		{277441C3-4DA1-4FD1-BE8D-BCFA37C8A023}.stret|x64.ActiveCfg = stret|x64
		{277441C3-4DA1-4FD1-BE8D-BCFA37C8A023}.stret|x64.Build.0 = stret|x64
		{277441C3-4DA1-4FD1-BE8D-BCFA37C8A023}.stret|Xbox 360.ActiveCfg = stret|Xbox 360
		{277441C3-4DA1-4FD1-BE8D-BCFA37C8A023}.stret|Xbox 360.Build.0 = stret|Xbox 360
		{6FFBC754-64A4-4B99-BA6A-51DC9AAB91EA}.debug|Win32.ActiveCfg = debug|Win32
		{6FFBC754-64A4-4B99-BA6A-51DC9AAB91EA}.debug|Win32.Build.0 = debug|Win32
		{6FFBC754-64A4-4B99-BA6A-51DC9AAB91EA}.debug|x64.ActiveCfg = debug|x64
		{6FFBC754-64A4-4B99-BA6A-51DC9AAB91EA}.debug|x64.Build.0 = debug|x64
		{6FFBC754-64A4-4B99-BA6A-51DC9AAB91EA}.debug|Xbox 360.ActiveCfg = debug|Xbox 360
		{6FFBC754-64A4-4B99-BA6A-51DC9AAB91EA}.debug|Xbox 360.Build.0 = debug|Xbox 360
		{6FFBC754-64A4-4B99-BA6A-51DC9AAB91EA}.profile|Win32.ActiveCfg = profile|Win32
		{6FFBC754-64A4-4B99-BA6A-51DC9AAB91EA}.profile|Win32.Build.0 = profile|Win32
		{6FFBC754-64A4-4B99-BA6A-51DC9AAB91EA}.profile|x64.ActiveCfg = profile|x64
		{6FFBC754-64A4-4B99-BA6A-51DC9AAB91EA}.profile|x64.Build.0 = profile|x64
		{6FFBC754-64A4-4B99-BA6A-51DC9AAB91EA}.profile|Xbox 360.ActiveCfg = profile|Xbox 360
		{6FFBC754-64A4-4B99-BA6A-51DC9AAB91EA}.profile|Xbox 360.Build.0 = profile|Xbox 360
		{6FFBC754-64A4-4B99-BA6A-51DC9AAB91EA}.retail|Win32.ActiveCfg = retail|Win32
		{6FFBC754-64A4-4B99-BA6A-51DC9AAB91EA}.retail|Win32.Build.0 = retail|Win32
		{6FFBC754-64A4-4B99-BA6A-51DC9AAB91EA}.retail|x64.ActiveCfg = retail|x64
		{6FFBC754-64A4-4B99-BA6A-51DC9AAB91EA}.retail|x64.Build.0 = retail|x64
		{6FFBC754-64A4-4B99-BA6A-51DC9AAB91EA}.retail|Xbox 360.ActiveCfg = retail|Xbox 360
		{6FFBC754-64A4-4B99-BA6A-51DC9AAB91EA}.retail|Xbox 360.Build.0 = retail|Xbox 360
		{6FFBC754-64A4-4B99-BA6A-51DC9AAB91EA}.stdbg|Win32.ActiveCfg = stdbg|Win32
		{6FFBC754-64A4-4B99-BA6A-51DC9AAB91EA}.stdbg|Win32.Build.0 = stdbg|Win32
		{6FFBC754-64A4-4B99-BA6A-51DC9AAB91EA}.stdbg|x64.ActiveCfg = stdbg|x64
		{6FFBC754-64A4-4B99-BA6A-51DC9AAB91EA}.stdbg|x64.Build.0 = stdbg|x64
		{6FFBC754-64A4-4B99-BA6A-51DC9AAB91EA}.stdbg|Xbox 360.ActiveCfg = stdbg|Xbox 360
		{6FFBC754-64A4-4B99-BA6A-51DC9AAB91EA}.stdbg|Xbox 360.Build.0 = stdbg|Xbox 360
		{6FFBC754-64A4-4B99-BA6A-51DC9AAB91EA}.stprof|Win32.ActiveCfg = stprof|Win32
		{6FFBC754-64A4-4B99-BA6A-51DC9AAB91EA}.stprof|Win32.Build.0 = stprof|Win32
		{6FFBC754-64A4-4B99-BA6A-51DC9AAB91EA}.stprof|x64.ActiveCfg = stprof|x64
		{6FFBC754-64A4-4B99-BA6A-51DC9AAB91EA}.stprof|x64.Build.0 = stprof|x64
		{6FFBC754-64A4-4B99-BA6A-51DC9AAB91EA}.stprof|Xbox 360.ActiveCfg = stprof|Xbox 360
		{6FFBC754-64A4-4B99-BA6A-51DC9AAB91EA}.stprof|Xbox 360.Build.0 = stprof|Xbox 360
		{6FFBC754-64A4-4B99-BA6A-51DC9AAB91EA}.stret|Win32.ActiveCfg = stret|Win32
		{6FFBC754-64A4-4B99-BA6A-51DC9AAB91EA}.stret|Win32.Build.0 = stret|Win32
		{6FFBC754-64A4-4B99-BA6A-51DC9AAB91EA}.stret|x64.ActiveCfg = stret|x64
		{6FFBC754-64A4-4B99-BA6A-51DC9AAB91EA}.stret|x64.Build.0 = stret|x64
		{6FFBC754-64A4-4B99-BA6A-51DC9AAB91EA}.stret|Xbox 360.ActiveCfg = stret|Xbox 360
		{6FFBC754-64A4-4B99-BA6A-51DC9AAB91EA}.stret|Xbox 360.Build.0 = stret|Xbox 360
		{CA9338CE-DC53-4203-811D-E95AAB5A1E86}.debug|Win32.ActiveCfg = debug|Win32
		{CA9338CE-DC53-4203-811D-E95AAB5A1E86}.debug|Win32.Build.0 = debug|Win32
		{CA9338CE-DC53-4203-811D-E95AAB5A1E86}.debug|x64.ActiveCfg = debug|x64
		{CA9338CE-DC53-4203-811D-E95AAB5A1E86}.debug|x64.Build.0 = debug|x64
		{CA9338CE-DC53-4203-811D-E95AAB5A1E86}.debug|Xbox 360.ActiveCfg = debug|Xbox 360
		{CA9338CE-DC53-4203-811D-E95AAB5A1E86}.debug|Xbox 360.Build.0 = debug|Xbox 360
		{CA9338CE-DC53-4203-811D-E95AAB5A1E86}.profile|Win32.ActiveCfg = profile|Win32
		{CA9338CE-DC53-4203-811D-E95AAB5A1E86}.profile|Win32.Build.0 = profile|Win32
		{CA9338CE-DC53-4203-811D-E95AAB5A1E86}.profile|x64.ActiveCfg = profile|x64
		{CA9338CE-DC53-4203-811D-E95AAB5A1E86}.profile|x64.Build.0 = profile|x64
		{CA9338CE-DC53-4203-811D-E95AAB5A1E86}.profile|Xbox 360.ActiveCfg = profile|Xbox 360
		{CA9338CE-DC53-4203-811D-E95AAB5A1E86}.profile|Xbox 360.Build.0 = profile|Xbox 360
		{CA9338CE-DC53-4203-811D-E95AAB5A1E86}.retail|Win32.ActiveCfg = retail|Win32
		{CA9338CE-DC53-4203-811D-E95AAB5A1E86}.retail|Win32.Build.0 = retail|Win32
		{CA9338CE-DC53-4203-811D-E95AAB5A1E86}.retail|x64.ActiveCfg = retail|x64
		{CA9338CE-DC53-4203-811D-E95AAB5A1E86}.retail|x64.Build.0 = retail|x64
		{CA9338CE-DC53-4203-811D-E95AAB5A1E86}.retail|Xbox 360.ActiveCfg = retail|Xbox 360
		{CA9338CE-DC53-4203-811D-E95AAB5A1E86}.retail|Xbox 360.Build.0 = retail|Xbox 360
		{CA9338CE-DC53-4203-811D-E95AAB5A1E86}.stdbg|Win32.ActiveCfg = stdbg|Win32
		{CA9338CE-DC53-4203-811D-E95AAB5A1E86}.stdbg|Win32.Build.0 = stdbg|Win32
		{CA9338CE-DC53-4203-811D-E95AAB5A1E86}.stdbg|x64.ActiveCfg = stdbg|x64
		{CA9338CE-DC53-4203-811D-E95AAB5A1E86}.stdbg|x64.Build.0 = stdbg|x64
		{CA9338CE-DC53-4203-811D-E95AAB5A1E86}.stdbg|Xbox 360.ActiveCfg = stdbg|Xbox 360
		{CA9338CE-DC53-4203-811D-E95AAB5A1E86}.stdbg|Xbox 360.Build.0 = stdbg|Xbox 360
		{CA9338CE-DC53-4203-811D-E95AAB5A1E86}.stprof|Win32.ActiveCfg = stprof|Win32
		{CA9338CE-DC53-4203-811D-E95AAB5A1E86}.stprof|Win32.Build.0 = stprof|Win32
		{CA9338CE-DC53-4203-811D-E95AAB5A1E86}.stprof|x64.ActiveCfg = stprof|x64
		{CA9338CE-DC53-4203-811D-E95AAB5A1E86}.stprof|x64.Build.0 = stprof|x64
		{CA9338CE-DC53-4203-811D-E95AAB5A1E86}.stprof|Xbox 360.ActiveCfg = stprof|Xbox 360
		{CA9338CE-DC53-4203-811D-E95AAB5A1E86}.stprof|Xbox 360.Build.0 = stprof|Xbox 360
		{CA9338CE-DC53-4203-811D-E95AAB5A1E86}.stret|Win32.ActiveCfg = stret|Win32
		{CA9338CE-DC53-4203-811D-E95AAB5A1E86}.stret|Win32.Build.0 = stret|Win32
		{CA9338CE-DC53-4203-811D-E95AAB5A1E86}.stret|x64.ActiveCfg = stret|x64
		{CA9338CE-DC53-4203-811D-E95AAB5A1E86}.stret|x64.Build.0 = stret|x64
		{CA9338CE-DC53-4203-811D-E95AAB5A1E86}.stret|Xbox 360.ActiveCfg = stret|Xbox 360
		{CA9338CE-DC53-4203-811D-E95AAB5A1E86}.stret|Xbox 360.Build.0 = stret|Xbox 360
		{852718FB-B7D5-4247-8DF6-3A423A677CA7}.debug|Win32.ActiveCfg = debug|Win32
		{852718FB-B7D5-4247-8DF6-3A423A677CA7}.debug|Win32.Build.0 = debug|Win32
		{852718FB-B7D5-4247-8DF6-3A423A677CA7}.debug|x64.ActiveCfg = debug|x64
		{852718FB-B7D5-4247-8DF6-3A423A677CA7}.debug|x64.Build.0 = debug|x64
		{852718FB-B7D5-4247-8DF6-3A423A677CA7}.debug|Xbox 360.ActiveCfg = debug|Xbox 360
		{852718FB-B7D5-4247-8DF6-3A423A677CA7}.debug|Xbox 360.Build.0 = debug|Xbox 360
		{852718FB-B7D5-4247-8DF6-3A423A677CA7}.profile|Win32.ActiveCfg = profile|Win32
		{852718FB-B7D5-4247-8DF6-3A423A677CA7}.profile|Win32.Build.0 = profile|Win32
		{852718FB-B7D5-4247-8DF6-3A423A677CA7}.profile|x64.ActiveCfg = profile|x64
		{852718FB-B7D5-4247-8DF6-3A423A677CA7}.profile|x64.Build.0 = profile|x64
		{852718FB-B7D5-4247-8DF6-3A423A677CA7}.profile|Xbox 360.ActiveCfg = profile|Xbox 360
		{852718FB-B7D5-4247-8DF6-3A423A677CA7}.profile|Xbox 360.Build.0 = profile|Xbox 360
		{852718FB-B7D5-4247-8DF6-3A423A677CA7}.retail|Win32.ActiveCfg = retail|Win32
		{852718FB-B7D5-4247-8DF6-3A423A677CA7}.retail|Win32.Build.0 = retail|Win32
		{852718FB-B7D5-4247-8DF6-3A423A677CA7}.retail|x64.ActiveCfg = retail|x64
		{852718FB-B7D5-4247-8DF6-3A423A677CA7}.retail|x64.Build.0 = retail|x64
		{852718FB-B7D5-4247-8DF6-3A423A677CA7}.retail|Xbox 360.ActiveCfg = retail|Xbox 360
		{852718FB-B7D5-4247-8DF6-3A423A677CA7}.retail|Xbox 360.Build.0 = retail|Xbox 360
		{852718FB-B7D5-4247-8DF6-3A423A677CA7}.stdbg|Win32.ActiveCfg = stdbg|Win32
		{852718FB-B7D5-4247-8DF6-3A423A677CA7}.stdbg|Win32.Build.0 = stdbg|Win32
		{852718FB-B7D5-4247-8DF6-3A423A677CA7}.stdbg|x64.ActiveCfg = stdbg|x64
		{852718FB-B7D5-4247-8DF6-3A423A677CA7}.stdbg|x64.Build.0 = stdbg|x64
		{852718FB-B7D5-4247-8DF6-3A423A677CA7}.stdbg|Xbox 360.ActiveCfg = stdbg|Xbox 360
		{852718FB-B7D5-4247-8DF6-3A423A677CA7}.stdbg|Xbox 360.Build.0 = stdbg|Xbox 360
		{852718FB-B7D5-4247-8DF6-3A423A677CA7}.stprof|Win32.ActiveCfg = stprof|Win32
		{852718FB-B7D5-4247-8DF6-3A423A677CA7}.stprof|Win32.Build.0 = stprof|Win32
		{852718FB-B7D5-4247-8DF6-3A423A677CA7}.stprof|x64.ActiveCfg = stprof|x64
		{852718FB-B7D5-4247-8DF6-3A423A677CA7}.stprof|x64.Build.0 = stprof|x64
		{852718FB-B7D5-4247-8DF6-3A423A677CA7}.stprof|Xbox 360.ActiveCfg = stprof|Xbox 360
		{852718FB-B7D5-4247-8DF6-3A423A677CA7}.stprof|Xbox 360.Build.0 = stprof|Xbox 360
		{852718FB-B7D5-4247-8DF6-3A423A677CA7}.stret|Win32.ActiveCfg = stret|Win32
		{852718FB-B7D5-4247-8DF6-3A423A677CA7}.stret|Win32.Build.0 = stret|Win32
		{852718FB-B7D5-4247-8DF6-3A423A677CA7}.stret|x64.ActiveCfg = stret|x64
		{852718FB-B7D5-4247-8DF6-3A423A677CA7}.stret|x64.Build.0 = stret|x64
		{852718FB-B7D5-4247-8DF6-3A423A677CA7}.stret|Xbox 360.ActiveCfg = stret|Xbox 360
		{852718FB-B7D5-4247-8DF6-3A423A677CA7}.stret|Xbox 360.Build.0 = stret|Xbox 360
		{5B8EA5C9-45F6-450E-AA4B-91A1A8129B60}.debug|Win32.ActiveCfg = debug|Win32
		{5B8EA5C9-45F6-450E-AA4B-91A1A8129B60}.debug|Win32.Build.0 = debug|Win32
		{5B8EA5C9-45F6-450E-AA4B-91A1A8129B60}.debug|x64.ActiveCfg = debug|x64
		{5B8EA5C9-45F6-450E-AA4B-91A1A8129B60}.debug|x64.Build.0 = debug|x64
		{5B8EA5C9-45F6-450E-AA4B-91A1A8129B60}.debug|Xbox 360.ActiveCfg = debug|Xbox 360
		{5B8EA5C9-45F6-450E-AA4B-91A1A8129B60}.debug|Xbox 360.Build.0 = debug|Xbox 360
		{5B8EA5C9-45F6-450E-AA4B-91A1A8129B60}.profile|Win32.ActiveCfg = profile|Win32
		{5B8EA5C9-45F6-450E-AA4B-91A1A8129B60}.profile|Win32.Build.0 = profile|Win32
		{5B8EA5C9-45F6-450E-AA4B-91A1A8129B60}.profile|x64.ActiveCfg = profile|x64
		{5B8EA5C9-45F6-450E-AA4B-91A1A8129B60}.profile|x64.Build.0 = profile|x64
		{5B8EA5C9-45F6-450E-AA4B-91A1A8129B60}.profile|Xbox 360.ActiveCfg = profile|Xbox 360
		{5B8EA5C9-45F6-450E-AA4B-91A1A8129B60}.profile|Xbox 360.Build.0 = profile|Xbox 360
		{5B8EA5C9-45F6-450E-AA4B-91A1A8129B60}.retail|Win32.ActiveCfg = retail|Win32
		{5B8EA5C9-45F6-450E-AA4B-91A1A8129B60}.retail|Win32.Build.0 = retail|Win32
		{5B8EA5C9-45F6-450E-AA4B-91A1A8129B60}.retail|x64.ActiveCfg = retail|x64
		{5B8EA5C9-45F6-450E-AA4B-91A1A8129B60}.retail|x64.Build.0 = retail|x64
		{5B8EA5C9-45F6-450E-AA4B-91A1A8129B60}.retail|Xbox 360.ActiveCfg = retail|Xbox 360
		{5B8EA5C9-45F6-450E-AA4B-91A1A8129B60}.retail|Xbox 360.Build.0 = retail|Xbox 360
		{5B8EA5C9-45F6-450E-AA4B-91A1A8129B60}.stdbg|Win32.ActiveCfg = stdbg|Win32
		{5B8EA5C9-45F6-450E-AA4B-91A1A8129B60}.stdbg|Win32.Build.0 = stdbg|Win32
		{5B8EA5C9-45F6-450E-AA4B-91A1A8129B60}.stdbg|x64.ActiveCfg = stdbg|x64
		{5B8EA5C9-45F6-450E-AA4B-91A1A8129B60}.stdbg|x64.Build.0 = stdbg|x64
		{5B8EA5C9-45F6-450E-AA4B-91A1A8129B60}.stdbg|Xbox 360.ActiveCfg = stdbg|Xbox 360
		{5B8EA5C9-45F6-450E-AA4B-91A1A8129B60}.stdbg|Xbox 360.Build.0 = stdbg|Xbox 360
		{5B8EA5C9-45F6-450E-AA4B-91A1A8129B60}.stprof|Win32.ActiveCfg = stprof|Win32
		{5B8EA5C9-45F6-450E-AA4B-91A1A8129B60}.stprof|Win32.Build.0 = stprof|Win32
		{5B8EA5C9-45F6-450E-AA4B-91A1A8129B60}.stprof|x64.ActiveCfg = stprof|x64
		{5B8EA5C9-45F6-450E-AA4B-91A1A8129B60}.stprof|x64.Build.0 = stprof|x64
		{5B8EA5C9-45F6-450E-AA4B-91A1A8129B60}.stprof|Xbox 360.ActiveCfg = stprof|Xbox 360
		{5B8EA5C9-45F6-450E-AA4B-91A1A8129B60}.stprof|Xbox 360.Build.0 = stprof|Xbox 360
		{5B8EA5C9-45F6-450E-AA4B-91A1A8129B60}.stret|Win32.ActiveCfg = stret|Win32
		{5B8EA5C9-45F6-450E-AA4B-91A1A8129B60}.stret|Win32.Build.0 = stret|Win32
		{5B8EA5C9-45F6-450E-AA4B-91A1A8129B60}.stret|x64.ActiveCfg = stret|x64
		{5B8EA5C9-45F6-450E-AA4B-91A1A8129B60}.stret|x64.Build.0 = stret|x64
		{5B8EA5C9-45F6-450E-AA4B-91A1A8129B60}.stret|Xbox 360.ActiveCfg = stret|Xbox 360
		{5B8EA5C9-45F6-450E-AA4B-91A1A8129B60}.stret|Xbox 360.Build.0 = stret|Xbox 360
		{3C7D1DE8-C651-40A2-B334-0F18557EB853}.debug|Win32.ActiveCfg = debug|Win32
		{3C7D1DE8-C651-40A2-B334-0F18557EB853}.debug|Win32.Build.0 = debug|Win32
		{3C7D1DE8-C651-40A2-B334-0F18557EB853}.debug|x64.ActiveCfg = debug|x64
		{3C7D1DE8-C651-40A2-B334-0F18557EB853}.debug|x64.Build.0 = debug|x64
		{3C7D1DE8-C651-40A2-B334-0F18557EB853}.debug|Xbox 360.ActiveCfg = debug|Xbox 360
		{3C7D1DE8-C651-40A2-B334-0F18557EB853}.debug|Xbox 360.Build.0 = debug|Xbox 360
		{3C7D1DE8-C651-40A2-B334-0F18557EB853}.profile|Win32.ActiveCfg = profile|Win32
		{3C7D1DE8-C651-40A2-B334-0F18557EB853}.profile|Win32.Build.0 = profile|Win32
		{3C7D1DE8-C651-40A2-B334-0F18557EB853}.profile|x64.ActiveCfg = profile|x64
		{3C7D1DE8-C651-40A2-B334-0F18557EB853}.profile|x64.Build.0 = profile|x64
		{3C7D1DE8-C651-40A2-B334-0F18557EB853}.profile|Xbox 360.ActiveCfg = profile|Xbox 360
		{3C7D1DE8-C651-40A2-B334-0F18557EB853}.profile|Xbox 360.Build.0 = profile|Xbox 360
		{3C7D1DE8-C651-40A2-B334-0F18557EB853}.retail|Win32.ActiveCfg = retail|Win32
		{3C7D1DE8-C651-40A2-B334-0F18557EB853}.retail|Win32.Build.0 = retail|Win32
		{3C7D1DE8-C651-40A2-B334-0F18557EB853}.retail|x64.ActiveCfg = retail|x64
		{3C7D1DE8-C651-40A2-B334-0F18557EB853}.retail|x64.Build.0 = retail|x64
		{3C7D1DE8-C651-40A2-B334-0F18557EB853}.retail|Xbox 360.ActiveCfg = retail|Xbox 360
		{3C7D1DE8-C651-40A2-B334-0F18557EB853}.retail|Xbox 360.Build.0 = retail|Xbox 360
		{3C7D1DE8-C651-40A2-B334-0F18557EB853}.stdbg|Win32.ActiveCfg = stdbg|Win32
		{3C7D1DE8-C651-40A2-B334-0F18557EB853}.stdbg|Win32.Build.0 = stdbg|Win32
		{3C7D1DE8-C651-40A2-B334-0F18557EB853}.stdbg|x64.ActiveCfg = stdbg|x64
		{3C7D1DE8-C651-40A2-B334-0F18557EB853}.stdbg|x64.Build.0 = stdbg|x64
		{3C7D1DE8-C651-40A2-B334-0F18557EB853}.stdbg|Xbox 360.ActiveCfg = stdbg|Xbox 360
		{3C7D1DE8-C651-40A2-B334-0F18557EB853}.stdbg|Xbox 360.Build.0 = stdbg|Xbox 360
		{3C7D1DE8-C651-40A2-B334-0F18557EB853}.stprof|Win32.ActiveCfg = stprof|Win32
		{3C7D1DE8-C651-40A2-B334-0F18557EB853}.stprof|Win32.Build.0 = stprof|Win32
		{3C7D1DE8-C651-40A2-B334-0F18557EB853}.stprof|x64.ActiveCfg = stprof|x64
		{3C7D1DE8-C651-40A2-B334-0F18557EB853}.stprof|x64.Build.0 = stprof|x64
		{3C7D1DE8-C651-40A2-B334-0F18557EB853}.stprof|Xbox 360.ActiveCfg = stprof|Xbox 360
		{3C7D1DE8-C651-40A2-B334-0F18557EB853}.stprof|Xbox 360.Build.0 = stprof|Xbox 360
		{3C7D1DE8-C651-40A2-B334-0F18557EB853}.stret|Win32.ActiveCfg = stret|Win32
		{3C7D1DE8-C651-40A2-B334-0F18557EB853}.stret|Win32.Build.0 = stret|Win32
		{3C7D1DE8-C651-40A2-B334-0F18557EB853}.stret|x64.ActiveCfg = stret|x64
		{3C7D1DE8-C651-40A2-B334-0F18557EB853}.stret|x64.Build.0 = stret|x64
		{3C7D1DE8-C651-40A2-B334-0F18557EB853}.stret|Xbox 360.ActiveCfg = stret|Xbox 360
		{3C7D1DE8-C651-40A2-B334-0F18557EB853}.stret|Xbox 360.Build.0 = stret|Xbox 360
		{191C7E8F-B272-4B8A-B770-1D8CC6CAA925}.debug|Win32.ActiveCfg = debug|Win32
		{191C7E8F-B272-4B8A-B770-1D8CC6CAA925}.debug|Win32.Build.0 = debug|Win32
		{191C7E8F-B272-4B8A-B770-1D8CC6CAA925}.debug|x64.ActiveCfg = debug|x64
		{191C7E8F-B272-4B8A-B770-1D8CC6CAA925}.debug|x64.Build.0 = debug|x64
		{191C7E8F-B272-4B8A-B770-1D8CC6CAA925}.debug|Xbox 360.ActiveCfg = debug|Xbox 360
		{191C7E8F-B272-4B8A-B770-1D8CC6CAA925}.debug|Xbox 360.Build.0 = debug|Xbox 360
		{191C7E8F-B272-4B8A-B770-1D8CC6CAA925}.profile|Win32.ActiveCfg = profile|Win32
		{191C7E8F-B272-4B8A-B770-1D8CC6CAA925}.profile|Win32.Build.0 = profile|Win32
		{191C7E8F-B272-4B8A-B770-1D8CC6CAA925}.profile|x64.ActiveCfg = profile|x64
		{191C7E8F-B272-4B8A-B770-1D8CC6CAA925}.profile|x64.Build.0 = profile|x64
		{191C7E8F-B272-4B8A-B770-1D8CC6CAA925}.profile|Xbox 360.ActiveCfg = profile|Xbox 360
		{191C7E8F-B272-4B8A-B770-1D8CC6CAA925}.profile|Xbox 360.Build.0 = profile|Xbox 360
		{191C7E8F-B272-4B8A-B770-1D8CC6CAA925}.retail|Win32.ActiveCfg = retail|Win32
		{191C7E8F-B272-4B8A-B770-1D8CC6CAA925}.retail|Win32.Build.0 = retail|Win32
		{191C7E8F-B272-4B8A-B770-1D8CC6CAA925}.retail|x64.ActiveCfg = retail|x64
		{191C7E8F-B272-4B8A-B770-1D8CC6CAA925}.retail|x64.Build.0 = retail|x64
		{191C7E8F-B272-4B8A-B770-1D8CC6CAA925}.retail|Xbox 360.ActiveCfg = retail|Xbox 360
		{191C7E8F-B272-4B8A-B770-1D8CC6CAA925}.retail|Xbox 360.Build.0 = retail|Xbox 360
		{191C7E8F-B272-4B8A-B770-1D8CC6CAA925}.stdbg|Win32.ActiveCfg = stdbg|Win32
		{191C7E8F-B272-4B8A-B770-1D8CC6CAA925}.stdbg|Win32.Build.0 = stdbg|Win32
		{191C7E8F-B272-4B8A-B770-1D8CC6CAA925}.stdbg|x64.ActiveCfg = stdbg|x64
		{191C7E8F-B272-4B8A-B770-1D8CC6CAA925}.stdbg|x64.Build.0 = stdbg|x64
		{191C7E8F-B272-4B8A-B770-1D8CC6CAA925}.stdbg|Xbox 360.ActiveCfg = stdbg|Xbox 360
		{191C7E8F-B272-4B8A-B770-1D8CC6CAA925}.stdbg|Xbox 360.Build.0 = stdbg|Xbox 360
		{191C7E8F-B272-4B8A-B770-1D8CC6CAA925}.stprof|Win32.ActiveCfg = stprof|Win32
		{191C7E8F-B272-4B8A-B770-1D8CC6CAA925}.stprof|Win32.Build.0 = stprof|Win32
		{191C7E8F-B272-4B8A-B770-1D8CC6CAA925}.stprof|x64.ActiveCfg = stprof|x64
		{191C7E8F-B272-4B8A-B770-1D8CC6CAA925}.stprof|x64.Build.0 = stprof|x64
		{191C7E8F-B272-4B8A-B770-1D8CC6CAA925}.stprof|Xbox 360.ActiveCfg = stprof|Xbox 360
		{191C7E8F-B272-4B8A-B770-1D8CC6CAA925}.stprof|Xbox 360.Build.0 = stprof|Xbox 360
		{191C7E8F-B272-4B8A-B770-1D8CC6CAA925}.stret|Win32.ActiveCfg = stret|Win32
		{191C7E8F-B272-4B8A-B770-1D8CC6CAA925}.stret|Win32.Build.0 = stret|Win32
		{191C7E8F-B272-4B8A-B770-1D8CC6CAA925}.stret|x64.ActiveCfg = stret|x64
		{191C7E8F-B272-4B8A-B770-1D8CC6CAA925}.stret|x64.Build.0 = stret|x64
		{191C7E8F-B272-4B8A-B770-1D8CC6CAA925}.stret|Xbox 360.ActiveCfg = stret|Xbox 360
		{191C7E8F-B272-4B8A-B770-1D8CC6CAA925}.stret|Xbox 360.Build.0 = stret|Xbox 360
		{8E909D7F-21E5-490B-949C-98B5BD80CCAB}.debug|Win32.ActiveCfg = debug|Win32
		{8E909D7F-21E5-490B-949C-98B5BD80CCAB}.debug|Win32.Build.0 = debug|Win32
		{8E909D7F-21E5-490B-949C-98B5BD80CCAB}.debug|x64.ActiveCfg = debug|x64
		{8E909D7F-21E5-490B-949C-98B5BD80CCAB}.debug|x64.Build.0 = debug|x64
		{8E909D7F-21E5-490B-949C-98B5BD80CCAB}.debug|Xbox 360.ActiveCfg = debug|Xbox 360
		{8E909D7F-21E5-490B-949C-98B5BD80CCAB}.debug|Xbox 360.Build.0 = debug|Xbox 360
		{8E909D7F-21E5-490B-949C-98B5BD80CCAB}.profile|Win32.ActiveCfg = profile|Win32
		{8E909D7F-21E5-490B-949C-98B5BD80CCAB}.profile|Win32.Build.0 = profile|Win32
		{8E909D7F-21E5-490B-949C-98B5BD80CCAB}.profile|x64.ActiveCfg = profile|x64
		{8E909D7F-21E5-490B-949C-98B5BD80CCAB}.profile|x64.Build.0 = profile|x64
		{8E909D7F-21E5-490B-949C-98B5BD80CCAB}.profile|Xbox 360.ActiveCfg = profile|Xbox 360
		{8E909D7F-21E5-490B-949C-98B5BD80CCAB}.profile|Xbox 360.Build.0 = profile|Xbox 360
		{8E909D7F-21E5-490B-949C-98B5BD80CCAB}.retail|Win32.ActiveCfg = retail|Win32
		{8E909D7F-21E5-490B-949C-98B5BD80CCAB}.retail|Win32.Build.0 = retail|Win32
		{8E909D7F-21E5-490B-949C-98B5BD80CCAB}.retail|x64.ActiveCfg = retail|x64
		{8E909D7F-21E5-490B-949C-98B5BD80CCAB}.retail|x64.Build.0 = retail|x64
		{8E909D7F-21E5-490B-949C-98B5BD80CCAB}.retail|Xbox 360.ActiveCfg = retail|Xbox 360
		{8E909D7F-21E5-490B-949C-98B5BD80CCAB}.retail|Xbox 360.Build.0 = retail|Xbox 360
		{8E909D7F-21E5-490B-949C-98B5BD80CCAB}.stdbg|Win32.ActiveCfg = stdbg|Win32
		{8E909D7F-21E5-490B-949C-98B5BD80CCAB}.stdbg|Win32.Build.0 = stdbg|Win32
		{8E909D7F-21E5-490B-949C-98B5BD80CCAB}.stdbg|x64.ActiveCfg = stdbg|x64
		{8E909D7F-21E5-490B-949C-98B5BD80CCAB}.stdbg|x64.Build.0 = stdbg|x64
		{8E909D7F-21E5-490B-949C-98B5BD80CCAB}.stdbg|Xbox 360.ActiveCfg = stdbg|Xbox 360
		{8E909D7F-21E5-490B-949C-98B5BD80CCAB}.stdbg|Xbox 360.Build.0 = stdbg|Xbox 360
		{8E909D7F-21E5-490B-949C-98B5BD80CCAB}.stprof|Win32.ActiveCfg = stprof|Win32
		{8E909D7F-21E5-490B-949C-98B5BD80CCAB}.stprof|Win32.Build.0 = stprof|Win32
		{8E909D7F-21E5-490B-949C-98B5BD80CCAB}.stprof|x64.ActiveCfg = stprof|x64
		{8E909D7F-21E5-490B-949C-98B5BD80CCAB}.stprof|x64.Build.0 = stprof|x64
		{8E909D7F-21E5-490B-949C-98B5BD80CCAB}.stprof|Xbox 360.ActiveCfg = stprof|Xbox 360
		{8E909D7F-21E5-490B-949C-98B5BD80CCAB}.stprof|Xbox 360.Build.0 = stprof|Xbox 360
		{8E909D7F-21E5-490B-949C-98B5BD80CCAB}.stret|Win32.ActiveCfg = stret|Win32
		{8E909D7F-21E5-490B-949C-98B5BD80CCAB}.stret|Win32.Build.0 = stret|Win32
		{8E909D7F-21E5-490B-949C-98B5BD80CCAB}.stret|x64.ActiveCfg = stret|x64
		{8E909D7F-21E5-490B-949C-98B5BD80CCAB}.stret|x64.Build.0 = stret|x64
		{8E909D7F-21E5-490B-949C-98B5BD80CCAB}.stret|Xbox 360.ActiveCfg = stret|Xbox 360
		{8E909D7F-21E5-490B-949C-98B5BD80CCAB}.stret|Xbox 360.Build.0 = stret|Xbox 360
		{E7E54069-0ED1-4E37-A4B1-5BE34C4D1899}.debug|Win32.ActiveCfg = debug|Win32
		{E7E54069-0ED1-4E37-A4B1-5BE34C4D1899}.debug|Win32.Build.0 = debug|Win32
		{E7E54069-0ED1-4E37-A4B1-5BE34C4D1899}.debug|x64.ActiveCfg = debug|x64
		{E7E54069-0ED1-4E37-A4B1-5BE34C4D1899}.debug|x64.Build.0 = debug|x64
		{E7E54069-0ED1-4E37-A4B1-5BE34C4D1899}.debug|Xbox 360.ActiveCfg = debug|Xbox 360
		{E7E54069-0ED1-4E37-A4B1-5BE34C4D1899}.debug|Xbox 360.Build.0 = debug|Xbox 360
		{E7E54069-0ED1-4E37-A4B1-5BE34C4D1899}.profile|Win32.ActiveCfg = profile|Win32
		{E7E54069-0ED1-4E37-A4B1-5BE34C4D1899}.profile|Win32.Build.0 = profile|Win32
		{E7E54069-0ED1-4E37-A4B1-5BE34C4D1899}.profile|x64.ActiveCfg = profile|x64
		{E7E54069-0ED1-4E37-A4B1-5BE34C4D1899}.profile|x64.Build.0 = profile|x64
		{E7E54069-0ED1-4E37-A4B1-5BE34C4D1899}.profile|Xbox 360.ActiveCfg = profile|Xbox 360
		{E7E54069-0ED1-4E37-A4B1-5BE34C4D1899}.profile|Xbox 360.Build.0 = profile|Xbox 360
		{E7E54069-0ED1-4E37-A4B1-5BE34C4D1899}.retail|Win32.ActiveCfg = retail|Win32
		{E7E54069-0ED1-4E37-A4B1-5BE34C4D1899}.retail|Win32.Build.0 = retail|Win32
		{E7E54069-0ED1-4E37-A4B1-5BE34C4D1899}.retail|x64.ActiveCfg = retail|x64
		{E7E54069-0ED1-4E37-A4B1-5BE34C4D1899}.retail|x64.Build.0 = retail|x64
		{E7E54069-0ED1-4E37-A4B1-5BE34C4D1899}.retail|Xbox 360.ActiveCfg = retail|Xbox 360
		{E7E54069-0ED1-4E37-A4B1-5BE34C4D1899}.retail|Xbox 360.Build.0 = retail|Xbox 360
		{E7E54069-0ED1-4E37-A4B1-5BE34C4D1899}.stdbg|Win32.ActiveCfg = stdbg|Win32
		{E7E54069-0ED1-4E37-A4B1-5BE34C4D1899}.stdbg|Win32.Build.0 = stdbg|Win32
		{E7E54069-0ED1-4E37-A4B1-5BE34C4D1899}.stdbg|x64.ActiveCfg = stdbg|x64
		{E7E54069-0ED1-4E37-A4B1-5BE34C4D1899}.stdbg|x64.Build.0 = stdbg|x64
		{E7E54069-0ED1-4E37-A4B1-5BE34C4D1899}.stdbg|Xbox 360.ActiveCfg = stdbg|Xbox 360
		{E7E54069-0ED1-4E37-A4B1-5BE34C4D1899}.stdbg|Xbox 360.Build.0 = stdbg|Xbox 360
		{E7E54069-0ED1-4E37-A4B1-5BE34C4D1899}.stprof|Win32.ActiveCfg = stprof|Win32
		{E7E54069-0ED1-4E37-A4B1-5BE34C4D1899}.stprof|Win32.Build.0 = stprof|Win32
		{E7E54069-0ED1-4E37-A4B1-5BE34C4D1899}.stprof|x64.ActiveCfg = stprof|x64
		{E7E54069-0ED1-4E37-A4B1-5BE34C4D1899}.stprof|x64.Build.0 = stprof|x64
		{E7E54069-0ED1-4E37-A4B1-5BE34C4D1899}.stprof|Xbox 360.ActiveCfg = stprof|Xbox 360
		{E7E54069-0ED1-4E37-A4B1-5BE34C4D1899}.stprof|Xbox 360.Build.0 = stprof|Xbox 360
		{E7E54069-0ED1-4E37-A4B1-5BE34C4D1899}.stret|Win32.ActiveCfg = stret|Win32
		{E7E54069-0ED1-4E37-A4B1-5BE34C4D1899}.stret|Win32.Build.0 = stret|Win32
		{E7E54069-0ED1-4E37-A4B1-5BE34C4D1899}.stret|x64.ActiveCfg = stret|x64
		{E7E54069-0ED1-4E37-A4B1-5BE34C4D1899}.stret|x64.Build.0 = stret|x64
		{E7E54069-0ED1-4E37-A4B1-5BE34C4D1899}.stret|Xbox 360.ActiveCfg = stret|Xbox 360
		{E7E54069-0ED1-4E37-A4B1-5BE34C4D1899}.stret|Xbox 360.Build.0 = stret|Xbox 360
		{92D97DFD-00C8-485C-8C4B-B82C216FB18B}.debug|Win32.ActiveCfg = debug|Win32
		{92D97DFD-00C8-485C-8C4B-B82C216FB18B}.debug|Win32.Build.0 = debug|Win32
		{92D97DFD-00C8-485C-8C4B-B82C216FB18B}.debug|x64.ActiveCfg = debug|x64
		{92D97DFD-00C8-485C-8C4B-B82C216FB18B}.debug|x64.Build.0 = debug|x64
		{92D97DFD-00C8-485C-8C4B-B82C216FB18B}.debug|Xbox 360.ActiveCfg = debug|Xbox 360
		{92D97DFD-00C8-485C-8C4B-B82C216FB18B}.debug|Xbox 360.Build.0 = debug|Xbox 360
		{92D97DFD-00C8-485C-8C4B-B82C216FB18B}.profile|Win32.ActiveCfg = profile|Win32
		{92D97DFD-00C8-485C-8C4B-B82C216FB18B}.profile|Win32.Build.0 = profile|Win32
		{92D97DFD-00C8-485C-8C4B-B82C216FB18B}.profile|x64.ActiveCfg = profile|x64
		{92D97DFD-00C8-485C-8C4B-B82C216FB18B}.profile|x64.Build.0 = profile|x64
		{92D97DFD-00C8-485C-8C4B-B82C216FB18B}.profile|Xbox 360.ActiveCfg = profile|Xbox 360
		{92D97DFD-00C8-485C-8C4B-B82C216FB18B}.profile|Xbox 360.Build.0 = profile|Xbox 360
		{92D97DFD-00C8-485C-8C4B-B82C216FB18B}.retail|Win32.ActiveCfg = retail|Win32
		{92D97DFD-00C8-485C-8C4B-B82C216FB18B}.retail|Win32.Build.0 = retail|Win32
		{92D97DFD-00C8-485C-8C4B-B82C216FB18B}.retail|x64.ActiveCfg = retail|x64
		{92D97DFD-00C8-485C-8C4B-B82C216FB18B}.retail|x64.Build.0 = retail|x64
		{92D97DFD-00C8-485C-8C4B-B82C216FB18B}.retail|Xbox 360.ActiveCfg = retail|Xbox 360
		{92D97DFD-00C8-485C-8C4B-B82C216FB18B}.retail|Xbox 360.Build.0 = retail|Xbox 360
		{92D97DFD-00C8-485C-8C4B-B82C216FB18B}.stdbg|Win32.ActiveCfg = stdbg|Win32
		{92D97DFD-00C8-485C-8C4B-B82C216FB18B}.stdbg|Win32.Build.0 = stdbg|Win32
		{92D97DFD-00C8-485C-8C4B-B82C216FB18B}.stdbg|x64.ActiveCfg = stdbg|x64
		{92D97DFD-00C8-485C-8C4B-B82C216FB18B}.stdbg|x64.Build.0 = stdbg|x64
		{92D97DFD-00C8-485C-8C4B-B82C216FB18B}.stdbg|Xbox 360.ActiveCfg = stdbg|Xbox 360
		{92D97DFD-00C8-485C-8C4B-B82C216FB18B}.stdbg|Xbox 360.Build.0 = stdbg|Xbox 360
		{92D97DFD-00C8-485C-8C4B-B82C216FB18B}.stprof|Win32.ActiveCfg = stprof|Win32
		{92D97DFD-00C8-485C-8C4B-B82C216FB18B}.stprof|Win32.Build.0 = stprof|Win32
		{92D97DFD-00C8-485C-8C4B-B82C216FB18B}.stprof|x64.ActiveCfg = stprof|x64
		{92D97DFD-00C8-485C-8C4B-B82C216FB18B}.stprof|x64.Build.0 = stprof|x64
		{92D97DFD-00C8-485C-8C4B-B82C216FB18B}.stprof|Xbox 360.ActiveCfg = stprof|Xbox 360
		{92D97DFD-00C8-485C-8C4B-B82C216FB18B}.stprof|Xbox 360.Build.0 = stprof|Xbox 360
		{92D97DFD-00C8-485C-8C4B-B82C216FB18B}.stret|Win32.ActiveCfg = stret|Win32
		{92D97DFD-00C8-485C-8C4B-B82C216FB18B}.stret|Win32.Build.0 = stret|Win32
		{92D97DFD-00C8-485C-8C4B-B82C216FB18B}.stret|x64.ActiveCfg = stret|x64
		{92D97DFD-00C8-485C-8C4B-B82C216FB18B}.stret|x64.Build.0 = stret|x64
		{92D97DFD-00C8-485C-8C4B-B82C216FB18B}.stret|Xbox 360.ActiveCfg = stret|Xbox 360
		{92D97DFD-00C8-485C-8C4B-B82C216FB18B}.stret|Xbox 360.Build.0 = stret|Xbox 360
		{D7F094C1-EC4A-44D3-AC91-1B578676E8BB}.debug|Win32.ActiveCfg = debug|Win32
		{D7F094C1-EC4A-44D3-AC91-1B578676E8BB}.debug|Win32.Build.0 = debug|Win32
		{D7F094C1-EC4A-44D3-AC91-1B578676E8BB}.debug|x64.ActiveCfg = debug|x64
		{D7F094C1-EC4A-44D3-AC91-1B578676E8BB}.debug|x64.Build.0 = debug|x64
		{D7F094C1-EC4A-44D3-AC91-1B578676E8BB}.debug|Xbox 360.ActiveCfg = debug|Xbox 360
		{D7F094C1-EC4A-44D3-AC91-1B578676E8BB}.debug|Xbox 360.Build.0 = debug|Xbox 360
		{D7F094C1-EC4A-44D3-AC91-1B578676E8BB}.profile|Win32.ActiveCfg = profile|Win32
		{D7F094C1-EC4A-44D3-AC91-1B578676E8BB}.profile|Win32.Build.0 = profile|Win32
		{D7F094C1-EC4A-44D3-AC91-1B578676E8BB}.profile|x64.ActiveCfg = profile|x64
		{D7F094C1-EC4A-44D3-AC91-1B578676E8BB}.profile|x64.Build.0 = profile|x64
		{D7F094C1-EC4A-44D3-AC91-1B578676E8BB}.profile|Xbox 360.ActiveCfg = profile|Xbox 360
		{D7F094C1-EC4A-44D3-AC91-1B578676E8BB}.profile|Xbox 360.Build.0 = profile|Xbox 360
		{D7F094C1-EC4A-44D3-AC91-1B578676E8BB}.retail|Win32.ActiveCfg = retail|Win32
		{D7F094C1-EC4A-44D3-AC91-1B578676E8BB}.retail|Win32.Build.0 = retail|Win32
		{D7F094C1-EC4A-44D3-AC91-1B578676E8BB}.retail|x64.ActiveCfg = retail|x64
		{D7F094C1-EC4A-44D3-AC91-1B578676E8BB}.retail|x64.Build.0 = retail|x64
		{D7F094C1-EC4A-44D3-AC91-1B578676E8BB}.retail|Xbox 360.ActiveCfg = retail|Xbox 360
		{D7F094C1-EC4A-44D3-AC91-1B578676E8BB}.retail|Xbox 360.Build.0 = retail|Xbox 360
		{D7F094C1-EC4A-44D3-AC91-1B578676E8BB}.stdbg|Win32.ActiveCfg = stdbg|Win32
		{D7F094C1-EC4A-44D3-AC91-1B578676E8BB}.stdbg|Win32.Build.0 = stdbg|Win32
		{D7F094C1-EC4A-44D3-AC91-1B578676E8BB}.stdbg|x64.ActiveCfg = stdbg|x64
		{D7F094C1-EC4A-44D3-AC91-1B578676E8BB}.stdbg|x64.Build.0 = stdbg|x64
		{D7F094C1-EC4A-44D3-AC91-1B578676E8BB}.stdbg|Xbox 360.ActiveCfg = stdbg|Xbox 360
		{D7F094C1-EC4A-44D3-AC91-1B578676E8BB}.stdbg|Xbox 360.Build.0 = stdbg|Xbox 360
		{D7F094C1-EC4A-44D3-AC91-1B578676E8BB}.stprof|Win32.ActiveCfg = stprof|Win32
		{D7F094C1-EC4A-44D3-AC91-1B578676E8BB}.stprof|Win32.Build.0 = stprof|Win32
		{D7F094C1-EC4A-44D3-AC91-1B578676E8BB}.stprof|x64.ActiveCfg = stprof|x64
		{D7F094C1-EC4A-44D3-AC91-1B578676E8BB}.stprof|x64.Build.0 = stprof|x64
		{D7F094C1-EC4A-44D3-AC91-1B578676E8BB}.stprof|Xbox 360.ActiveCfg = stprof|Xbox 360
		{D7F094C1-EC4A-44D3-AC91-1B578676E8BB}.stprof|Xbox 360.Build.0 = stprof|Xbox 360
		{D7F094C1-EC4A-44D3-AC91-1B578676E8BB}.stret|Win32.ActiveCfg = stret|Win32
		{D7F094C1-EC4A-44D3-AC91-1B578676E8BB}.stret|Win32.Build.0 = stret|Win32
		{D7F094C1-EC4A-44D3-AC91-1B578676E8BB}.stret|x64.ActiveCfg = stret|x64
		{D7F094C1-EC4A-44D3-AC91-1B578676E8BB}.stret|x64.Build.0 = stret|x64
		{D7F094C1-EC4A-44D3-AC91-1B578676E8BB}.stret|Xbox 360.ActiveCfg = stret|Xbox 360
		{D7F094C1-EC4A-44D3-AC91-1B578676E8BB}.stret|Xbox 360.Build.0 = stret|Xbox 360
		{042375FD-DAC7-4D8F-A44E-8792F13D5F6F}.debug|Win32.ActiveCfg = debug|Win32
		{042375FD-DAC7-4D8F-A44E-8792F13D5F6F}.debug|Win32.Build.0 = debug|Win32
		{042375FD-DAC7-4D8F-A44E-8792F13D5F6F}.debug|x64.ActiveCfg = debug|x64
		{042375FD-DAC7-4D8F-A44E-8792F13D5F6F}.debug|x64.Build.0 = debug|x64
		{042375FD-DAC7-4D8F-A44E-8792F13D5F6F}.debug|Xbox 360.ActiveCfg = debug|Xbox 360
		{042375FD-DAC7-4D8F-A44E-8792F13D5F6F}.debug|Xbox 360.Build.0 = debug|Xbox 360
		{042375FD-DAC7-4D8F-A44E-8792F13D5F6F}.profile|Win32.ActiveCfg = profile|Win32
		{042375FD-DAC7-4D8F-A44E-8792F13D5F6F}.profile|Win32.Build.0 = profile|Win32
		{042375FD-DAC7-4D8F-A44E-8792F13D5F6F}.profile|x64.ActiveCfg = profile|x64
		{042375FD-DAC7-4D8F-A44E-8792F13D5F6F}.profile|x64.Build.0 = profile|x64
		{042375FD-DAC7-4D8F-A44E-8792F13D5F6F}.profile|Xbox 360.ActiveCfg = profile|Xbox 360
		{042375FD-DAC7-4D8F-A44E-8792F13D5F6F}.profile|Xbox 360.Build.0 = profile|Xbox 360
		{042375FD-DAC7-4D8F-A44E-8792F13D5F6F}.retail|Win32.ActiveCfg = retail|Win32
		{042375FD-DAC7-4D8F-A44E-8792F13D5F6F}.retail|Win32.Build.0 = retail|Win32
		{042375FD-DAC7-4D8F-A44E-8792F13D5F6F}.retail|x64.ActiveCfg = retail|x64
		{042375FD-DAC7-4D8F-A44E-8792F13D5F6F}.retail|x64.Build.0 = retail|x64
		{042375FD-DAC7-4D8F-A44E-8792F13D5F6F}.retail|Xbox 360.ActiveCfg = retail|Xbox 360
		{042375FD-DAC7-4D8F-A44E-8792F13D5F6F}.retail|Xbox 360.Build.0 = retail|Xbox 360
		{042375FD-DAC7-4D8F-A44E-8792F13D5F6F}.stdbg|Win32.ActiveCfg = stdbg|Win32
		{042375FD-DAC7-4D8F-A44E-8792F13D5F6F}.stdbg|Win32.Build.0 = stdbg|Win32
		{042375FD-DAC7-4D8F-A44E-8792F13D5F6F}.stdbg|x64.ActiveCfg = stdbg|x64
		{042375FD-DAC7-4D8F-A44E-8792F13D5F6F}.stdbg|x64.Build.0 = stdbg|x64
		{042375FD-DAC7-4D8F-A44E-8792F13D5F6F}.stdbg|Xbox 360.ActiveCfg = stdbg|Xbox 360
		{042375FD-DAC7-4D8F-A44E-8792F13D5F6F}.stdbg|Xbox 360.Build.0 = stdbg|Xbox 360
		{042375FD-DAC7-4D8F-A44E-8792F13D5F6F}.stprof|Win32.ActiveCfg = stprof|Win32
		{042375FD-DAC7-4D8F-A44E-8792F13D5F6F}.stprof|Win32.Build.0 = stprof|Win32
		{042375FD-DAC7-4D8F-A44E-8792F13D5F6F}.stprof|x64.ActiveCfg = stprof|x64
		{042375FD-DAC7-4D8F-A44E-8792F13D5F6F}.stprof|x64.Build.0 = stprof|x64
		{042375FD-DAC7-4D8F-A44E-8792F13D5F6F}.stprof|Xbox 360.ActiveCfg = stprof|Xbox 360
		{042375FD-DAC7-4D8F-A44E-8792F13D5F6F}.stprof|Xbox 360.Build.0 = stprof|Xbox 360
		{042375FD-DAC7-4D8F-A44E-8792F13D5F6F}.stret|Win32.ActiveCfg = stret|Win32
		{042375FD-DAC7-4D8F-A44E-8792F13D5F6F}.stret|Win32.Build.0 = stret|Win32
		{042375FD-DAC7-4D8F-A44E-8792F13D5F6F}.stret|x64.ActiveCfg = stret|x64
		{042375FD-DAC7-4D8F-A44E-8792F13D5F6F}.stret|x64.Build.0 = stret|x64
		{042375FD-DAC7-4D8F-A44E-8792F13D5F6F}.stret|Xbox 360.ActiveCfg = stret|Xbox 360
		{042375FD-DAC7-4D8F-A44E-8792F13D5F6F}.stret|Xbox 360.Build.0 = stret|Xbox 360
		{E2C4A641-F50F-445D-B63C-70927512A1AA}.debug|Win32.ActiveCfg = debug|Win32
		{E2C4A641-F50F-445D-B63C-70927512A1AA}.debug|Win32.Build.0 = debug|Win32
		{E2C4A641-F50F-445D-B63C-70927512A1AA}.debug|x64.ActiveCfg = debug|x64
		{E2C4A641-F50F-445D-B63C-70927512A1AA}.debug|x64.Build.0 = debug|x64
		{E2C4A641-F50F-445D-B63C-70927512A1AA}.debug|Xbox 360.ActiveCfg = debug|Xbox 360
		{E2C4A641-F50F-445D-B63C-70927512A1AA}.debug|Xbox 360.Build.0 = debug|Xbox 360
		{E2C4A641-F50F-445D-B63C-70927512A1AA}.profile|Win32.ActiveCfg = profile|Win32
		{E2C4A641-F50F-445D-B63C-70927512A1AA}.profile|Win32.Build.0 = profile|Win32
		{E2C4A641-F50F-445D-B63C-70927512A1AA}.profile|x64.ActiveCfg = profile|x64
		{E2C4A641-F50F-445D-B63C-70927512A1AA}.profile|x64.Build.0 = profile|x64
		{E2C4A641-F50F-445D-B63C-70927512A1AA}.profile|Xbox 360.ActiveCfg = profile|Xbox 360
		{E2C4A641-F50F-445D-B63C-70927512A1AA}.profile|Xbox 360.Build.0 = profile|Xbox 360
		{E2C4A641-F50F-445D-B63C-70927512A1AA}.retail|Win32.ActiveCfg = retail|Win32
		{E2C4A641-F50F-445D-B63C-70927512A1AA}.retail|Win32.Build.0 = retail|Win32
		{E2C4A641-F50F-445D-B63C-70927512A1AA}.retail|x64.ActiveCfg = retail|x64
		{E2C4A641-F50F-445D-B63C-70927512A1AA}.retail|x64.Build.0 = retail|x64
		{E2C4A641-F50F-445D-B63C-70927512A1AA}.retail|Xbox 360.ActiveCfg = retail|Xbox 360
		{E2C4A641-F50F-445D-B63C-70927512A1AA}.retail|Xbox 360.Build.0 = retail|Xbox 360
		{E2C4A641-F50F-445D-B63C-70927512A1AA}.stdbg|Win32.ActiveCfg = stdbg|Win32
		{E2C4A641-F50F-445D-B63C-70927512A1AA}.stdbg|Win32.Build.0 = stdbg|Win32
		{E2C4A641-F50F-445D-B63C-70927512A1AA}.stdbg|x64.ActiveCfg = stdbg|x64
		{E2C4A641-F50F-445D-B63C-70927512A1AA}.stdbg|x64.Build.0 = stdbg|x64
		{E2C4A641-F50F-445D-B63C-70927512A1AA}.stdbg|Xbox 360.ActiveCfg = stdbg|Xbox 360
		{E2C4A641-F50F-445D-B63C-70927512A1AA}.stdbg|Xbox 360.Build.0 = stdbg|Xbox 360
		{E2C4A641-F50F-445D-B63C-70927512A1AA}.stprof|Win32.ActiveCfg = stprof|Win32
		{E2C4A641-F50F-445D-B63C-70927512A1AA}.stprof|Win32.Build.0 = stprof|Win32
		{E2C4A641-F50F-445D-B63C-70927512A1AA}.stprof|x64.ActiveCfg = stprof|x64
		{E2C4A641-F50F-445D-B63C-70927512A1AA}.stprof|x64.Build.0 = stprof|x64
		{E2C4A641-F50F-445D-B63C-70927512A1AA}.stprof|Xbox 360.ActiveCfg = stprof|Xbox 360
		{E2C4A641-F50F-445D-B63C-70927512A1AA}.stprof|Xbox 360.Build.0 = stprof|Xbox 360
		{E2C4A641-F50F-445D-B63C-70927512A1AA}.stret|Win32.ActiveCfg = stret|Win32
		{E2C4A641-F50F-445D-B63C-70927512A1AA}.stret|Win32.Build.0 = stret|Win32
		{E2C4A641-F50F-445D-B63C-70927512A1AA}.stret|x64.ActiveCfg = stret|x64
		{E2C4A641-F50F-445D-B63C-70927512A1AA}.stret|x64.Build.0 = stret|x64
		{E2C4A641-F50F-445D-B63C-70927512A1AA}.stret|Xbox 360.ActiveCfg = stret|Xbox 360
		{E2C4A641-F50F-445D-B63C-70927512A1AA}.stret|Xbox 360.Build.0 = stret|Xbox 360
		{B0A0E801-357C-441A-9E35-F634F09A6C6A}.debug|Win32.ActiveCfg = debug|Win32
		{B0A0E801-357C-441A-9E35-F634F09A6C6A}.debug|Win32.Build.0 = debug|Win32
		{B0A0E801-357C-441A-9E35-F634F09A6C6A}.debug|x64.ActiveCfg = debug|x64
		{B0A0E801-357C-441A-9E35-F634F09A6C6A}.debug|x64.Build.0 = debug|x64
		{B0A0E801-357C-441A-9E35-F634F09A6C6A}.debug|Xbox 360.ActiveCfg = debug|Xbox 360
		{B0A0E801-357C-441A-9E35-F634F09A6C6A}.debug|Xbox 360.Build.0 = debug|Xbox 360
		{B0A0E801-357C-441A-9E35-F634F09A6C6A}.profile|Win32.ActiveCfg = profile|Win32
		{B0A0E801-357C-441A-9E35-F634F09A6C6A}.profile|Win32.Build.0 = profile|Win32
		{B0A0E801-357C-441A-9E35-F634F09A6C6A}.profile|x64.ActiveCfg = profile|x64
		{B0A0E801-357C-441A-9E35-F634F09A6C6A}.profile|x64.Build.0 = profile|x64
		{B0A0E801-357C-441A-9E35-F634F09A6C6A}.profile|Xbox 360.ActiveCfg = profile|Xbox 360
		{B0A0E801-357C-441A-9E35-F634F09A6C6A}.profile|Xbox 360.Build.0 = profile|Xbox 360
		{B0A0E801-357C-441A-9E35-F634F09A6C6A}.retail|Win32.ActiveCfg = retail|Win32
		{B0A0E801-357C-441A-9E35-F634F09A6C6A}.retail|Win32.Build.0 = retail|Win32
		{B0A0E801-357C-441A-9E35-F634F09A6C6A}.retail|x64.ActiveCfg = retail|x64
		{B0A0E801-357C-441A-9E35-F634F09A6C6A}.retail|x64.Build.0 = retail|x64
		{B0A0E801-357C-441A-9E35-F634F09A6C6A}.retail|Xbox 360.ActiveCfg = retail|Xbox 360
		{B0A0E801-357C-441A-9E35-F634F09A6C6A}.retail|Xbox 360.Build.0 = retail|Win32
		{B0A0E801-357C-441A-9E35-F634F09A6C6A}.stdbg|Win32.ActiveCfg = stdbg|Win32
		{B0A0E801-357C-441A-9E35-F634F09A6C6A}.stdbg|Win32.Build.0 = stdbg|Win32
		{B0A0E801-357C-441A-9E35-F634F09A6C6A}.stdbg|x64.ActiveCfg = stdbg|x64
		{B0A0E801-357C-441A-9E35-F634F09A6C6A}.stdbg|x64.Build.0 = stdbg|x64
		{B0A0E801-357C-441A-9E35-F634F09A6C6A}.stdbg|Xbox 360.ActiveCfg = stdbg|Xbox 360
		{B0A0E801-357C-441A-9E35-F634F09A6C6A}.stdbg|Xbox 360.Build.0 = stdbg|Xbox 360
		{B0A0E801-357C-441A-9E35-F634F09A6C6A}.stprof|Win32.ActiveCfg = stprof|Win32
		{B0A0E801-357C-441A-9E35-F634F09A6C6A}.stprof|Win32.Build.0 = stprof|Win32
		{B0A0E801-357C-441A-9E35-F634F09A6C6A}.stprof|x64.ActiveCfg = stprof|x64
		{B0A0E801-357C-441A-9E35-F634F09A6C6A}.stprof|x64.Build.0 = stprof|x64
		{B0A0E801-357C-441A-9E35-F634F09A6C6A}.stprof|Xbox 360.ActiveCfg = stprof|Xbox 360
		{B0A0E801-357C-441A-9E35-F634F09A6C6A}.stprof|Xbox 360.Build.0 = stprof|Xbox 360
		{B0A0E801-357C-441A-9E35-F634F09A6C6A}.stret|Win32.ActiveCfg = stret|Win32
		{B0A0E801-357C-441A-9E35-F634F09A6C6A}.stret|Win32.Build.0 = stret|Win32
		{B0A0E801-357C-441A-9E35-F634F09A6C6A}.stret|x64.ActiveCfg = stret|x64
		{B0A0E801-357C-441A-9E35-F634F09A6C6A}.stret|x64.Build.0 = stret|x64
		{B0A0E801-357C-441A-9E35-F634F09A6C6A}.stret|Xbox 360.ActiveCfg = stret|Xbox 360
		{B0A0E801-357C-441A-9E35-F634F09A6C6A}.stret|Xbox 360.Build.0 = stret|Xbox 360
		{1C470C25-2F00-4D5C-93C8-A46122DA5443}.debug|Win32.ActiveCfg = debug|Win32
		{1C470C25-2F00-4D5C-93C8-A46122DA5443}.debug|Win32.Build.0 = debug|Win32
		{1C470C25-2F00-4D5C-93C8-A46122DA5443}.debug|x64.ActiveCfg = debug|x64
		{1C470C25-2F00-4D5C-93C8-A46122DA5443}.debug|x64.Build.0 = debug|x64
		{1C470C25-2F00-4D5C-93C8-A46122DA5443}.debug|Xbox 360.ActiveCfg = debug|Xbox 360
		{1C470C25-2F00-4D5C-93C8-A46122DA5443}.debug|Xbox 360.Build.0 = debug|Xbox 360
		{1C470C25-2F00-4D5C-93C8-A46122DA5443}.profile|Win32.ActiveCfg = profile|Win32
		{1C470C25-2F00-4D5C-93C8-A46122DA5443}.profile|Win32.Build.0 = profile|Win32
		{1C470C25-2F00-4D5C-93C8-A46122DA5443}.profile|x64.ActiveCfg = profile|x64
		{1C470C25-2F00-4D5C-93C8-A46122DA5443}.profile|x64.Build.0 = profile|x64
		{1C470C25-2F00-4D5C-93C8-A46122DA5443}.profile|Xbox 360.ActiveCfg = profile|Xbox 360
		{1C470C25-2F00-4D5C-93C8-A46122DA5443}.profile|Xbox 360.Build.0 = profile|Xbox 360
		{1C470C25-2F00-4D5C-93C8-A46122DA5443}.retail|Win32.ActiveCfg = retail|Win32
		{1C470C25-2F00-4D5C-93C8-A46122DA5443}.retail|Win32.Build.0 = retail|Win32
		{1C470C25-2F00-4D5C-93C8-A46122DA5443}.retail|x64.ActiveCfg = retail|x64
		{1C470C25-2F00-4D5C-93C8-A46122DA5443}.retail|x64.Build.0 = retail|x64
		{1C470C25-2F00-4D5C-93C8-A46122DA5443}.retail|Xbox 360.ActiveCfg = retail|Xbox 360
		{1C470C25-2F00-4D5C-93C8-A46122DA5443}.retail|Xbox 360.Build.0 = retail|Xbox 360
		{1C470C25-2F00-4D5C-93C8-A46122DA5443}.stdbg|Win32.ActiveCfg = stdbg|Win32
		{1C470C25-2F00-4D5C-93C8-A46122DA5443}.stdbg|Win32.Build.0 = stdbg|Win32
		{1C470C25-2F00-4D5C-93C8-A46122DA5443}.stdbg|x64.ActiveCfg = stdbg|x64
		{1C470C25-2F00-4D5C-93C8-A46122DA5443}.stdbg|x64.Build.0 = stdbg|x64
		{1C470C25-2F00-4D5C-93C8-A46122DA5443}.stdbg|Xbox 360.ActiveCfg = stdbg|Xbox 360
		{1C470C25-2F00-4D5C-93C8-A46122DA5443}.stdbg|Xbox 360.Build.0 = stdbg|Xbox 360
		{1C470C25-2F00-4D5C-93C8-A46122DA5443}.stprof|Win32.ActiveCfg = stprof|Win32
		{1C470C25-2F00-4D5C-93C8-A46122DA5443}.stprof|Win32.Build.0 = stprof|Win32
		{1C470C25-2F00-4D5C-93C8-A46122DA5443}.stprof|x64.ActiveCfg = stprof|x64
		{1C470C25-2F00-4D5C-93C8-A46122DA5443}.stprof|x64.Build.0 = stprof|x64
		{1C470C25-2F00-4D5C-93C8-A46122DA5443}.stprof|Xbox 360.ActiveCfg = stprof|Xbox 360
		{1C470C25-2F00-4D5C-93C8-A46122DA5443}.stprof|Xbox 360.Build.0 = stprof|Xbox 360
		{1C470C25-2F00-4D5C-93C8-A46122DA5443}.stret|Win32.ActiveCfg = stret|Win32
		{1C470C25-2F00-4D5C-93C8-A46122DA5443}.stret|Win32.Build.0 = stret|Win32
		{1C470C25-2F00-4D5C-93C8-A46122DA5443}.stret|x64.ActiveCfg = stret|x64
		{1C470C25-2F00-4D5C-93C8-A46122DA5443}.stret|x64.Build.0 = stret|x64
		{1C470C25-2F00-4D5C-93C8-A46122DA5443}.stret|Xbox 360.ActiveCfg = stret|Xbox 360
		{1C470C25-2F00-4D5C-93C8-A46122DA5443}.stret|Xbox 360.Build.0 = stret|Xbox 360
		{D2E8B602-E951-160C-535B-AEC80FA92388}.debug|Win32.ActiveCfg = debug|Win32
		{D2E8B602-E951-160C-535B-AEC80FA92388}.debug|Win32.Build.0 = debug|Win32
		{D2E8B602-E951-160C-535B-AEC80FA92388}.debug|x64.ActiveCfg = debug|x64
		{D2E8B602-E951-160C-535B-AEC80FA92388}.debug|x64.Build.0 = debug|x64
		{D2E8B602-E951-160C-535B-AEC80FA92388}.debug|Xbox 360.ActiveCfg = debug|Xbox 360
		{D2E8B602-E951-160C-535B-AEC80FA92388}.debug|Xbox 360.Build.0 = debug|Xbox 360
		{D2E8B602-E951-160C-535B-AEC80FA92388}.profile|Win32.ActiveCfg = profile|Win32
		{D2E8B602-E951-160C-535B-AEC80FA92388}.profile|Win32.Build.0 = profile|Win32
		{D2E8B602-E951-160C-535B-AEC80FA92388}.profile|x64.ActiveCfg = profile|x64
		{D2E8B602-E951-160C-535B-AEC80FA92388}.profile|x64.Build.0 = profile|x64
		{D2E8B602-E951-160C-535B-AEC80FA92388}.profile|Xbox 360.ActiveCfg = profile|Xbox 360
		{D2E8B602-E951-160C-535B-AEC80FA92388}.profile|Xbox 360.Build.0 = profile|Xbox 360
		{D2E8B602-E951-160C-535B-AEC80FA92388}.retail|Win32.ActiveCfg = retail|Win32
		{D2E8B602-E951-160C-535B-AEC80FA92388}.retail|Win32.Build.0 = retail|Win32
		{D2E8B602-E951-160C-535B-AEC80FA92388}.retail|x64.ActiveCfg = retail|x64
		{D2E8B602-E951-160C-535B-AEC80FA92388}.retail|x64.Build.0 = retail|x64
		{D2E8B602-E951-160C-535B-AEC80FA92388}.retail|Xbox 360.ActiveCfg = retail|Xbox 360
		{D2E8B602-E951-160C-535B-AEC80FA92388}.retail|Xbox 360.Build.0 = retail|Xbox 360
		{D2E8B602-E951-160C-535B-AEC80FA92388}.stdbg|Win32.ActiveCfg = stdbg|Win32
		{D2E8B602-E951-160C-535B-AEC80FA92388}.stdbg|Win32.Build.0 = stdbg|Win32
		{D2E8B602-E951-160C-535B-AEC80FA92388}.stdbg|x64.ActiveCfg = stdbg|x64
		{D2E8B602-E951-160C-535B-AEC80FA92388}.stdbg|x64.Build.0 = stdbg|x64
		{D2E8B602-E951-160C-535B-AEC80FA92388}.stdbg|Xbox 360.ActiveCfg = stdbg|Xbox 360
		{D2E8B602-E951-160C-535B-AEC80FA92388}.stdbg|Xbox 360.Build.0 = stdbg|Xbox 360
		{D2E8B602-E951-160C-535B-AEC80FA92388}.stprof|Win32.ActiveCfg = stprof|Win32
		{D2E8B602-E951-160C-535B-AEC80FA92388}.stprof|Win32.Build.0 = stprof|Win32
		{D2E8B602-E951-160C-535B-AEC80FA92388}.stprof|x64.ActiveCfg = stprof|x64
		{D2E8B602-E951-160C-535B-AEC80FA92388}.stprof|x64.Build.0 = stprof|x64
		{D2E8B602-E951-160C-535B-AEC80FA92388}.stprof|Xbox 360.ActiveCfg = stprof|Xbox 360
		{D2E8B602-E951-160C-535B-AEC80FA92388}.stprof|Xbox 360.Build.0 = stprof|Xbox 360
		{D2E8B602-E951-160C-535B-AEC80FA92388}.stret|Win32.ActiveCfg = stret|Win32
		{D2E8B602-E951-160C-535B-AEC80FA92388}.stret|Win32.Build.0 = stret|Win32
		{D2E8B602-E951-160C-535B-AEC80FA92388}.stret|x64.ActiveCfg = stret|x64
		{D2E8B602-E951-160C-535B-AEC80FA92388}.stret|x64.Build.0 = stret|x64
		{D2E8B602-E951-160C-535B-AEC80FA92388}.stret|Xbox 360.ActiveCfg = stret|Xbox 360
		{D2E8B602-E951-160C-535B-AEC80FA92388}.stret|Xbox 360.Build.0 = stret|Xbox 360
		{8FA39028-3627-CD4C-1B15-C9DF7C0021B3}.debug|Win32.ActiveCfg = debug|Win32
		{8FA39028-3627-CD4C-1B15-C9DF7C0021B3}.debug|Win32.Build.0 = debug|Win32
		{8FA39028-3627-CD4C-1B15-C9DF7C0021B3}.debug|x64.ActiveCfg = debug|x64
		{8FA39028-3627-CD4C-1B15-C9DF7C0021B3}.debug|x64.Build.0 = debug|x64
		{8FA39028-3627-CD4C-1B15-C9DF7C0021B3}.debug|Xbox 360.ActiveCfg = debug|Xbox 360
		{8FA39028-3627-CD4C-1B15-C9DF7C0021B3}.debug|Xbox 360.Build.0 = debug|Xbox 360
		{8FA39028-3627-CD4C-1B15-C9DF7C0021B3}.profile|Win32.ActiveCfg = profile|Win32
		{8FA39028-3627-CD4C-1B15-C9DF7C0021B3}.profile|Win32.Build.0 = profile|Win32
		{8FA39028-3627-CD4C-1B15-C9DF7C0021B3}.profile|x64.ActiveCfg = profile|x64
		{8FA39028-3627-CD4C-1B15-C9DF7C0021B3}.profile|x64.Build.0 = profile|x64
		{8FA39028-3627-CD4C-1B15-C9DF7C0021B3}.profile|Xbox 360.ActiveCfg = profile|Xbox 360
		{8FA39028-3627-CD4C-1B15-C9DF7C0021B3}.profile|Xbox 360.Build.0 = profile|Xbox 360
		{8FA39028-3627-CD4C-1B15-C9DF7C0021B3}.retail|Win32.ActiveCfg = retail|Win32
		{8FA39028-3627-CD4C-1B15-C9DF7C0021B3}.retail|Win32.Build.0 = retail|Win32
		{8FA39028-3627-CD4C-1B15-C9DF7C0021B3}.retail|x64.ActiveCfg = retail|x64
		{8FA39028-3627-CD4C-1B15-C9DF7C0021B3}.retail|x64.Build.0 = retail|x64
		{8FA39028-3627-CD4C-1B15-C9DF7C0021B3}.retail|Xbox 360.ActiveCfg = retail|Xbox 360
		{8FA39028-3627-CD4C-1B15-C9DF7C0021B3}.retail|Xbox 360.Build.0 = retail|Xbox 360
		{8FA39028-3627-CD4C-1B15-C9DF7C0021B3}.stdbg|Win32.ActiveCfg = stdbg|Win32
		{8FA39028-3627-CD4C-1B15-C9DF7C0021B3}.stdbg|Win32.Build.0 = stdbg|Win32
		{8FA39028-3627-CD4C-1B15-C9DF7C0021B3}.stdbg|x64.ActiveCfg = stdbg|x64
		{8FA39028-3627-CD4C-1B15-C9DF7C0021B3}.stdbg|x64.Build.0 = stdbg|x64
		{8FA39028-3627-CD4C-1B15-C9DF7C0021B3}.stdbg|Xbox 360.ActiveCfg = stdbg|Xbox 360
		{8FA39028-3627-CD4C-1B15-C9DF7C0021B3}.stdbg|Xbox 360.Build.0 = stdbg|Xbox 360
		{8FA39028-3627-CD4C-1B15-C9DF7C0021B3}.stprof|Win32.ActiveCfg = stprof|Win32
		{8FA39028-3627-CD4C-1B15-C9DF7C0021B3}.stprof|Win32.Build.0 = stprof|Win32
		{8FA39028-3627-CD4C-1B15-C9DF7C0021B3}.stprof|x64.ActiveCfg = stprof|x64
		{8FA39028-3627-CD4C-1B15-C9DF7C0021B3}.stprof|x64.Build.0 = stprof|x64
		{8FA39028-3627-CD4C-1B15-C9DF7C0021B3}.stprof|Xbox 360.ActiveCfg = stprof|Xbox 360
		{8FA39028-3627-CD4C-1B15-C9DF7C0021B3}.stprof|Xbox 360.Build.0 = stprof|Xbox 360
		{8FA39028-3627-CD4C-1B15-C9DF7C0021B3}.stret|Win32.ActiveCfg = stret|Win32
		{8FA39028-3627-CD4C-1B15-C9DF7C0021B3}.stret|Win32.Build.0 = stret|Win32
		{8FA39028-3627-CD4C-1B15-C9DF7C0021B3}.stret|x64.ActiveCfg = stret|x64
		{8FA39028-3627-CD4C-1B15-C9DF7C0021B3}.stret|x64.Build.0 = stret|x64
		{8FA39028-3627-CD4C-1B15-C9DF7C0021B3}.stret|Xbox 360.ActiveCfg = stret|Xbox 360
		{8FA39028-3627-CD4C-1B15-C9DF7C0021B3}.stret|Xbox 360.Build.0 = stret|Xbox 360
		{D29E5514-1390-45FF-AF03-DEC311E6FE70}.debug|Win32.ActiveCfg = debug|Xbox 360
		{D29E5514-1390-45FF-AF03-DEC311E6FE70}.debug|x64.ActiveCfg = debug|Xbox 360
		{D29E5514-1390-45FF-AF03-DEC311E6FE70}.debug|Xbox 360.ActiveCfg = debug|Xbox 360
		{D29E5514-1390-45FF-AF03-DEC311E6FE70}.debug|Xbox 360.Build.0 = debug|Xbox 360
		{D29E5514-1390-45FF-AF03-DEC311E6FE70}.profile|Win32.ActiveCfg = profile|Xbox 360
		{D29E5514-1390-45FF-AF03-DEC311E6FE70}.profile|x64.ActiveCfg = profile|Xbox 360
		{D29E5514-1390-45FF-AF03-DEC311E6FE70}.profile|Xbox 360.ActiveCfg = profile|Xbox 360
		{D29E5514-1390-45FF-AF03-DEC311E6FE70}.profile|Xbox 360.Build.0 = profile|Xbox 360
		{D29E5514-1390-45FF-AF03-DEC311E6FE70}.retail|Win32.ActiveCfg = retail|Xbox 360
		{D29E5514-1390-45FF-AF03-DEC311E6FE70}.retail|x64.ActiveCfg = retail|Xbox 360
		{D29E5514-1390-45FF-AF03-DEC311E6FE70}.retail|Xbox 360.ActiveCfg = retail|Xbox 360
		{D29E5514-1390-45FF-AF03-DEC311E6FE70}.retail|Xbox 360.Build.0 = retail|Xbox 360
		{D29E5514-1390-45FF-AF03-DEC311E6FE70}.stdbg|Win32.ActiveCfg = stdbg|Xbox 360
		{D29E5514-1390-45FF-AF03-DEC311E6FE70}.stdbg|x64.ActiveCfg = stdbg|Xbox 360
		{D29E5514-1390-45FF-AF03-DEC311E6FE70}.stdbg|Xbox 360.ActiveCfg = stdbg|Xbox 360
		{D29E5514-1390-45FF-AF03-DEC311E6FE70}.stdbg|Xbox 360.Build.0 = stdbg|Xbox 360
		{D29E5514-1390-45FF-AF03-DEC311E6FE70}.stprof|Win32.ActiveCfg = stprof|Xbox 360
		{D29E5514-1390-45FF-AF03-DEC311E6FE70}.stprof|x64.ActiveCfg = stprof|Xbox 360
		{D29E5514-1390-45FF-AF03-DEC311E6FE70}.stprof|Xbox 360.ActiveCfg = stprof|Xbox 360
		{D29E5514-1390-45FF-AF03-DEC311E6FE70}.stprof|Xbox 360.Build.0 = stprof|Xbox 360
		{D29E5514-1390-45FF-AF03-DEC311E6FE70}.stret|Win32.ActiveCfg = stret|Xbox 360
		{D29E5514-1390-45FF-AF03-DEC311E6FE70}.stret|x64.ActiveCfg = stret|Xbox 360
		{D29E5514-1390-45FF-AF03-DEC311E6FE70}.stret|Xbox 360.ActiveCfg = stret|Xbox 360
		{D29E5514-1390-45FF-AF03-DEC311E6FE70}.stret|Xbox 360.Build.0 = stret|Xbox 360
		{CCE88701-E61F-7DF1-A29B-1E1056CA12E4}.debug|Win32.ActiveCfg = debug|Win32
		{CCE88701-E61F-7DF1-A29B-1E1056CA12E4}.debug|Win32.Build.0 = debug|Win32
		{CCE88701-E61F-7DF1-A29B-1E1056CA12E4}.debug|x64.ActiveCfg = debug|x64
		{CCE88701-E61F-7DF1-A29B-1E1056CA12E4}.debug|x64.Build.0 = debug|x64
		{CCE88701-E61F-7DF1-A29B-1E1056CA12E4}.debug|Xbox 360.ActiveCfg = debug|Xbox 360
		{CCE88701-E61F-7DF1-A29B-1E1056CA12E4}.debug|Xbox 360.Build.0 = debug|Xbox 360
		{CCE88701-E61F-7DF1-A29B-1E1056CA12E4}.profile|Win32.ActiveCfg = profile|Win32
		{CCE88701-E61F-7DF1-A29B-1E1056CA12E4}.profile|Win32.Build.0 = profile|Win32
		{CCE88701-E61F-7DF1-A29B-1E1056CA12E4}.profile|x64.ActiveCfg = profile|x64
		{CCE88701-E61F-7DF1-A29B-1E1056CA12E4}.profile|x64.Build.0 = profile|x64
		{CCE88701-E61F-7DF1-A29B-1E1056CA12E4}.profile|Xbox 360.ActiveCfg = profile|Xbox 360
		{CCE88701-E61F-7DF1-A29B-1E1056CA12E4}.profile|Xbox 360.Build.0 = profile|Xbox 360
		{CCE88701-E61F-7DF1-A29B-1E1056CA12E4}.retail|Win32.ActiveCfg = retail|Win32
		{CCE88701-E61F-7DF1-A29B-1E1056CA12E4}.retail|Win32.Build.0 = retail|Win32
		{CCE88701-E61F-7DF1-A29B-1E1056CA12E4}.retail|x64.ActiveCfg = retail|x64
		{CCE88701-E61F-7DF1-A29B-1E1056CA12E4}.retail|x64.Build.0 = retail|x64
		{CCE88701-E61F-7DF1-A29B-1E1056CA12E4}.retail|Xbox 360.ActiveCfg = retail|Xbox 360
		{CCE88701-E61F-7DF1-A29B-1E1056CA12E4}.retail|Xbox 360.Build.0 = retail|Xbox 360
		{CCE88701-E61F-7DF1-A29B-1E1056CA12E4}.stdbg|Win32.ActiveCfg = stdbg|Win32
		{CCE88701-E61F-7DF1-A29B-1E1056CA12E4}.stdbg|Win32.Build.0 = stdbg|Win32
		{CCE88701-E61F-7DF1-A29B-1E1056CA12E4}.stdbg|x64.ActiveCfg = stdbg|x64
		{CCE88701-E61F-7DF1-A29B-1E1056CA12E4}.stdbg|x64.Build.0 = stdbg|x64
		{CCE88701-E61F-7DF1-A29B-1E1056CA12E4}.stdbg|Xbox 360.ActiveCfg = stdbg|Xbox 360
		{CCE88701-E61F-7DF1-A29B-1E1056CA12E4}.stdbg|Xbox 360.Build.0 = stdbg|Xbox 360
		{CCE88701-E61F-7DF1-A29B-1E1056CA12E4}.stprof|Win32.ActiveCfg = stprof|Win32
		{CCE88701-E61F-7DF1-A29B-1E1056CA12E4}.stprof|Win32.Build.0 = stprof|Win32
		{CCE88701-E61F-7DF1-A29B-1E1056CA12E4}.stprof|x64.ActiveCfg = stprof|x64
		{CCE88701-E61F-7DF1-A29B-1E1056CA12E4}.stprof|x64.Build.0 = stprof|x64
		{CCE88701-E61F-7DF1-A29B-1E1056CA12E4}.stprof|Xbox 360.ActiveCfg = stprof|Xbox 360
		{CCE88701-E61F-7DF1-A29B-1E1056CA12E4}.stprof|Xbox 360.Build.0 = stprof|Xbox 360
		{CCE88701-E61F-7DF1-A29B-1E1056CA12E4}.stret|Win32.ActiveCfg = stret|Win32
		{CCE88701-E61F-7DF1-A29B-1E1056CA12E4}.stret|Win32.Build.0 = stret|Win32
		{CCE88701-E61F-7DF1-A29B-1E1056CA12E4}.stret|x64.ActiveCfg = stret|x64
		{CCE88701-E61F-7DF1-A29B-1E1056CA12E4}.stret|x64.Build.0 = stret|x64
		{CCE88701-E61F-7DF1-A29B-1E1056CA12E4}.stret|Xbox 360.ActiveCfg = stret|Xbox 360
		{CCE88701-E61F-7DF1-A29B-1E1056CA12E4}.stret|Xbox 360.Build.0 = stret|Xbox 360
		{8E4C8E7C-75C0-2B3E-5FEB-B70AFC7FC131}.debug|Win32.ActiveCfg = debug|Win32
		{8E4C8E7C-75C0-2B3E-5FEB-B70AFC7FC131}.debug|Win32.Build.0 = debug|Win32
		{8E4C8E7C-75C0-2B3E-5FEB-B70AFC7FC131}.debug|x64.ActiveCfg = debug|x64
		{8E4C8E7C-75C0-2B3E-5FEB-B70AFC7FC131}.debug|x64.Build.0 = debug|x64
		{8E4C8E7C-75C0-2B3E-5FEB-B70AFC7FC131}.debug|Xbox 360.ActiveCfg = debug|Xbox 360
		{8E4C8E7C-75C0-2B3E-5FEB-B70AFC7FC131}.debug|Xbox 360.Build.0 = debug|Xbox 360
		{8E4C8E7C-75C0-2B3E-5FEB-B70AFC7FC131}.profile|Win32.ActiveCfg = profile|Win32
		{8E4C8E7C-75C0-2B3E-5FEB-B70AFC7FC131}.profile|Win32.Build.0 = profile|Win32
		{8E4C8E7C-75C0-2B3E-5FEB-B70AFC7FC131}.profile|x64.ActiveCfg = profile|x64
		{8E4C8E7C-75C0-2B3E-5FEB-B70AFC7FC131}.profile|x64.Build.0 = profile|x64
		{8E4C8E7C-75C0-2B3E-5FEB-B70AFC7FC131}.profile|Xbox 360.ActiveCfg = profile|Xbox 360
		{8E4C8E7C-75C0-2B3E-5FEB-B70AFC7FC131}.profile|Xbox 360.Build.0 = profile|Xbox 360
		{8E4C8E7C-75C0-2B3E-5FEB-B70AFC7FC131}.retail|Win32.ActiveCfg = retail|Win32
		{8E4C8E7C-75C0-2B3E-5FEB-B70AFC7FC131}.retail|Win32.Build.0 = retail|Win32
		{8E4C8E7C-75C0-2B3E-5FEB-B70AFC7FC131}.retail|x64.ActiveCfg = retail|x64
		{8E4C8E7C-75C0-2B3E-5FEB-B70AFC7FC131}.retail|x64.Build.0 = retail|x64
		{8E4C8E7C-75C0-2B3E-5FEB-B70AFC7FC131}.retail|Xbox 360.ActiveCfg = retail|Xbox 360
		{8E4C8E7C-75C0-2B3E-5FEB-B70AFC7FC131}.retail|Xbox 360.Build.0 = retail|Xbox 360
		{8E4C8E7C-75C0-2B3E-5FEB-B70AFC7FC131}.stdbg|Win32.ActiveCfg = stdbg|Win32
		{8E4C8E7C-75C0-2B3E-5FEB-B70AFC7FC131}.stdbg|Win32.Build.0 = stdbg|Win32
		{8E4C8E7C-75C0-2B3E-5FEB-B70AFC7FC131}.stdbg|x64.ActiveCfg = stdbg|x64
		{8E4C8E7C-75C0-2B3E-5FEB-B70AFC7FC131}.stdbg|x64.Build.0 = stdbg|x64
		{8E4C8E7C-75C0-2B3E-5FEB-B70AFC7FC131}.stdbg|Xbox 360.ActiveCfg = stdbg|Xbox 360
		{8E4C8E7C-75C0-2B3E-5FEB-B70AFC7FC131}.stdbg|Xbox 360.Build.0 = stdbg|Xbox 360
		{8E4C8E7C-75C0-2B3E-5FEB-B70AFC7FC131}.stprof|Win32.ActiveCfg = stprof|Win32
		{8E4C8E7C-75C0-2B3E-5FEB-B70AFC7FC131}.stprof|Win32.Build.0 = stprof|Win32
		{8E4C8E7C-75C0-2B3E-5FEB-B70AFC7FC131}.stprof|x64.ActiveCfg = stprof|x64
		{8E4C8E7C-75C0-2B3E-5FEB-B70AFC7FC131}.stprof|x64.Build.0 = stprof|x64
		{8E4C8E7C-75C0-2B3E-5FEB-B70AFC7FC131}.stprof|Xbox 360.ActiveCfg = stprof|Xbox 360
		{8E4C8E7C-75C0-2B3E-5FEB-B70AFC7FC131}.stprof|Xbox 360.Build.0 = stprof|Xbox 360
		{8E4C8E7C-75C0-2B3E-5FEB-B70AFC7FC131}.stret|Win32.ActiveCfg = stret|Win32
		{8E4C8E7C-75C0-2B3E-5FEB-B70AFC7FC131}.stret|Win32.Build.0 = stret|Win32
		{8E4C8E7C-75C0-2B3E-5FEB-B70AFC7FC131}.stret|x64.ActiveCfg = stret|x64
		{8E4C8E7C-75C0-2B3E-5FEB-B70AFC7FC131}.stret|x64.Build.0 = stret|x64
		{8E4C8E7C-75C0-2B3E-5FEB-B70AFC7FC131}.stret|Xbox 360.ActiveCfg = stret|Xbox 360
		{8E4C8E7C-75C0-2B3E-5FEB-B70AFC7FC131}.stret|Xbox 360.Build.0 = stret|Xbox 360
	EndGlobalSection
	GlobalSection(SolutionProperties) = preSolution
		HideSolutionNode = FALSE
	EndGlobalSection
	GlobalSection(DPCodeReviewSolutionGUID) = preSolution
		DPCodeReviewSolutionGUID = {00000000-0000-0000-0000-000000000000}
	EndGlobalSection
EndGlobal
