Microsoft Visual Studio Solution File, Format Version 9.00
# Visual Studio 2005
Project("{8BC9CEB8-8B4A-11D0-8D11-00A0C91BC942}") = "GNbase", "8.0\GNbase.vcproj", "{28A1B915-7618-4A20-B9CA-CDF3D71BFF1F}"
EndProject
Project("{8BC9CEB8-8B4A-11D0-8D11-00A0C91BC942}") = "GNcore", "8.0\GNcore.vcproj", "{377D307A-4C54-48C0-A63F-EA2CE57A7454}"
EndProject
Project("{8BC9CEB8-8B4A-11D0-8D11-00A0C91BC942}") = "GNextern", "8.0\GNextern.vcproj", "{73FAB416-7CC6-4C10-9796-D31EFB1ECF93}"
EndProject
Project("{8BC9CEB8-8B4A-11D0-8D11-00A0C91BC942}") = "GNgfxD3D9", "8.0\GNgfxD3D9.vcproj", "{F6477341-665B-4364-94CA-54A90D73DDF8}"
EndProject
Project("{8BC9CEB8-8B4A-11D0-8D11-00A0C91BC942}") = "GNgfxOGL", "8.0\GNgfxOGL.vcproj", "{8610F200-C249-468C-9639-CD9C88CC95E3}"
EndProject
Project("{8BC9CEB8-8B4A-11D0-8D11-00A0C91BC942}") = "GNgfxCommon", "8.0\GNgfxCommon.vcproj", "{351F298C-528A-47EC-99AC-8EFD4E35F309}"
EndProject
Project("{8BC9CEB8-8B4A-11D0-8D11-00A0C91BC942}") = "GNtestGfx", "8.0\GNtestGfx.vcproj", "{E02AA3B9-18D7-46C3-BEF5-44823CFD78A7}"
EndProject
Project("{8BC9CEB8-8B4A-11D0-8D11-00A0C91BC942}") = "GNtestInput", "8.0\GNtestInput.vcproj", "{277441C3-4DA1-4FD1-BE8D-BCFA37C8A023}"
EndProject
Project("{8BC9CEB8-8B4A-11D0-8D11-00A0C91BC942}") = "GNut", "8.0\GNut.vcproj", "{6FFBC754-64A4-4B99-BA6A-51DC9AAB91EA}"
EndProject
Project("{8BC9CEB8-8B4A-11D0-8D11-00A0C91BC942}") = "GNsampleDepthTexture", "8.0\GNsampleDepthTexture.vcproj", "{CA9338CE-DC53-4203-811D-E95AAB5A1E86}"
EndProject
Project("{8BC9CEB8-8B4A-11D0-8D11-00A0C91BC942}") = "GNsampleRenderToTexture", "8.0\GNsampleRenderToTexture.vcproj", "{852718FB-B7D5-4247-8DF6-3A423A677CA7}"
EndProject
Project("{8BC9CEB8-8B4A-11D0-8D11-00A0C91BC942}") = "GNtoolOGLInfo", "8.0\GNtoolOGLInfo.vcproj", "{5B8EA5C9-45F6-450E-AA4B-91A1A8129B60}"
EndProject
Project("{8BC9CEB8-8B4A-11D0-8D11-00A0C91BC942}") = "GNtestGui", "8.0\GNtestGui.vcproj", "{3C7D1DE8-C651-40A2-B334-0F18557EB853}"
EndProject
Project("{8BC9CEB8-8B4A-11D0-8D11-00A0C91BC942}") = "GNtestD3D9", "8.0\GNtestD3D9.vcproj", "{191C7E8F-B272-4B8A-B770-1D8CC6CAA925}"
EndProject
Project("{8BC9CEB8-8B4A-11D0-8D11-00A0C91BC942}") = "GNtestOGL", "8.0\GNtestOGL.vcproj", "{8E909D7F-21E5-490B-949C-98B5BD80CCAB}"
EndProject
Global
	GlobalSection(SolutionConfigurationPlatforms) = preSolution
		debug|Win32 = debug|Win32
		debug|x64 = debug|x64
		profile|Win32 = profile|Win32
		profile|x64 = profile|x64
		release|Win32 = release|Win32
		release|x64 = release|x64
		stdbg|Win32 = stdbg|Win32
		stdbg|x64 = stdbg|x64
		stprof|Win32 = stprof|Win32
		stprof|x64 = stprof|x64
		strel|Win32 = strel|Win32
		strel|x64 = strel|x64
	EndGlobalSection
	GlobalSection(ProjectConfigurationPlatforms) = postSolution
		{28A1B915-7618-4A20-B9CA-CDF3D71BFF1F}.debug|Win32.ActiveCfg = debug|Win32
		{28A1B915-7618-4A20-B9CA-CDF3D71BFF1F}.debug|Win32.Build.0 = debug|Win32
		{28A1B915-7618-4A20-B9CA-CDF3D71BFF1F}.debug|x64.ActiveCfg = debug|x64
		{28A1B915-7618-4A20-B9CA-CDF3D71BFF1F}.debug|x64.Build.0 = debug|x64
		{28A1B915-7618-4A20-B9CA-CDF3D71BFF1F}.profile|Win32.ActiveCfg = profile|Win32
		{28A1B915-7618-4A20-B9CA-CDF3D71BFF1F}.profile|Win32.Build.0 = profile|Win32
		{28A1B915-7618-4A20-B9CA-CDF3D71BFF1F}.profile|x64.ActiveCfg = profile|x64
		{28A1B915-7618-4A20-B9CA-CDF3D71BFF1F}.profile|x64.Build.0 = profile|x64
		{28A1B915-7618-4A20-B9CA-CDF3D71BFF1F}.release|Win32.ActiveCfg = debug|Win32
		{28A1B915-7618-4A20-B9CA-CDF3D71BFF1F}.release|Win32.Build.0 = debug|Win32
		{28A1B915-7618-4A20-B9CA-CDF3D71BFF1F}.release|x64.ActiveCfg = release|x64
		{28A1B915-7618-4A20-B9CA-CDF3D71BFF1F}.release|x64.Build.0 = release|x64
		{28A1B915-7618-4A20-B9CA-CDF3D71BFF1F}.stdbg|Win32.ActiveCfg = stdbg|Win32
		{28A1B915-7618-4A20-B9CA-CDF3D71BFF1F}.stdbg|Win32.Build.0 = stdbg|Win32
		{28A1B915-7618-4A20-B9CA-CDF3D71BFF1F}.stdbg|x64.ActiveCfg = stdbg|x64
		{28A1B915-7618-4A20-B9CA-CDF3D71BFF1F}.stdbg|x64.Build.0 = stdbg|x64
		{28A1B915-7618-4A20-B9CA-CDF3D71BFF1F}.stprof|Win32.ActiveCfg = stprof|Win32
		{28A1B915-7618-4A20-B9CA-CDF3D71BFF1F}.stprof|Win32.Build.0 = stprof|Win32
		{28A1B915-7618-4A20-B9CA-CDF3D71BFF1F}.stprof|x64.ActiveCfg = stprof|x64
		{28A1B915-7618-4A20-B9CA-CDF3D71BFF1F}.stprof|x64.Build.0 = stprof|x64
		{28A1B915-7618-4A20-B9CA-CDF3D71BFF1F}.strel|Win32.ActiveCfg = strel|Win32
		{28A1B915-7618-4A20-B9CA-CDF3D71BFF1F}.strel|Win32.Build.0 = strel|Win32
		{28A1B915-7618-4A20-B9CA-CDF3D71BFF1F}.strel|x64.ActiveCfg = strel|x64
		{28A1B915-7618-4A20-B9CA-CDF3D71BFF1F}.strel|x64.Build.0 = strel|x64
		{377D307A-4C54-48C0-A63F-EA2CE57A7454}.debug|Win32.ActiveCfg = debug|Win32
		{377D307A-4C54-48C0-A63F-EA2CE57A7454}.debug|Win32.Build.0 = debug|Win32
		{377D307A-4C54-48C0-A63F-EA2CE57A7454}.debug|x64.ActiveCfg = debug|x64
		{377D307A-4C54-48C0-A63F-EA2CE57A7454}.debug|x64.Build.0 = debug|x64
		{377D307A-4C54-48C0-A63F-EA2CE57A7454}.profile|Win32.ActiveCfg = profile|Win32
		{377D307A-4C54-48C0-A63F-EA2CE57A7454}.profile|Win32.Build.0 = profile|Win32
		{377D307A-4C54-48C0-A63F-EA2CE57A7454}.profile|x64.ActiveCfg = profile|x64
		{377D307A-4C54-48C0-A63F-EA2CE57A7454}.profile|x64.Build.0 = profile|x64
		{377D307A-4C54-48C0-A63F-EA2CE57A7454}.release|Win32.ActiveCfg = debug|Win32
		{377D307A-4C54-48C0-A63F-EA2CE57A7454}.release|Win32.Build.0 = debug|Win32
		{377D307A-4C54-48C0-A63F-EA2CE57A7454}.release|x64.ActiveCfg = release|x64
		{377D307A-4C54-48C0-A63F-EA2CE57A7454}.release|x64.Build.0 = release|x64
		{377D307A-4C54-48C0-A63F-EA2CE57A7454}.stdbg|Win32.ActiveCfg = stdbg|Win32
		{377D307A-4C54-48C0-A63F-EA2CE57A7454}.stdbg|Win32.Build.0 = stdbg|Win32
		{377D307A-4C54-48C0-A63F-EA2CE57A7454}.stdbg|x64.ActiveCfg = stdbg|x64
		{377D307A-4C54-48C0-A63F-EA2CE57A7454}.stdbg|x64.Build.0 = stdbg|x64
		{377D307A-4C54-48C0-A63F-EA2CE57A7454}.stprof|Win32.ActiveCfg = stprof|Win32
		{377D307A-4C54-48C0-A63F-EA2CE57A7454}.stprof|Win32.Build.0 = stprof|Win32
		{377D307A-4C54-48C0-A63F-EA2CE57A7454}.stprof|x64.ActiveCfg = stprof|x64
		{377D307A-4C54-48C0-A63F-EA2CE57A7454}.stprof|x64.Build.0 = stprof|x64
		{377D307A-4C54-48C0-A63F-EA2CE57A7454}.strel|Win32.ActiveCfg = strel|Win32
		{377D307A-4C54-48C0-A63F-EA2CE57A7454}.strel|Win32.Build.0 = strel|Win32
		{377D307A-4C54-48C0-A63F-EA2CE57A7454}.strel|x64.ActiveCfg = strel|x64
		{377D307A-4C54-48C0-A63F-EA2CE57A7454}.strel|x64.Build.0 = strel|x64
		{73FAB416-7CC6-4C10-9796-D31EFB1ECF93}.debug|Win32.ActiveCfg = debug|Win32
		{73FAB416-7CC6-4C10-9796-D31EFB1ECF93}.debug|Win32.Build.0 = debug|Win32
		{73FAB416-7CC6-4C10-9796-D31EFB1ECF93}.debug|x64.ActiveCfg = debug|x64
		{73FAB416-7CC6-4C10-9796-D31EFB1ECF93}.debug|x64.Build.0 = debug|x64
		{73FAB416-7CC6-4C10-9796-D31EFB1ECF93}.profile|Win32.ActiveCfg = profile|Win32
		{73FAB416-7CC6-4C10-9796-D31EFB1ECF93}.profile|Win32.Build.0 = profile|Win32
		{73FAB416-7CC6-4C10-9796-D31EFB1ECF93}.profile|x64.ActiveCfg = profile|x64
		{73FAB416-7CC6-4C10-9796-D31EFB1ECF93}.profile|x64.Build.0 = profile|x64
		{73FAB416-7CC6-4C10-9796-D31EFB1ECF93}.release|Win32.ActiveCfg = debug|Win32
		{73FAB416-7CC6-4C10-9796-D31EFB1ECF93}.release|Win32.Build.0 = debug|Win32
		{73FAB416-7CC6-4C10-9796-D31EFB1ECF93}.release|x64.ActiveCfg = release|x64
		{73FAB416-7CC6-4C10-9796-D31EFB1ECF93}.release|x64.Build.0 = release|x64
		{73FAB416-7CC6-4C10-9796-D31EFB1ECF93}.stdbg|Win32.ActiveCfg = stdbg|Win32
		{73FAB416-7CC6-4C10-9796-D31EFB1ECF93}.stdbg|Win32.Build.0 = stdbg|Win32
		{73FAB416-7CC6-4C10-9796-D31EFB1ECF93}.stdbg|x64.ActiveCfg = stdbg|x64
		{73FAB416-7CC6-4C10-9796-D31EFB1ECF93}.stdbg|x64.Build.0 = stdbg|x64
		{73FAB416-7CC6-4C10-9796-D31EFB1ECF93}.stprof|Win32.ActiveCfg = stprof|Win32
		{73FAB416-7CC6-4C10-9796-D31EFB1ECF93}.stprof|Win32.Build.0 = stprof|Win32
		{73FAB416-7CC6-4C10-9796-D31EFB1ECF93}.stprof|x64.ActiveCfg = stprof|x64
		{73FAB416-7CC6-4C10-9796-D31EFB1ECF93}.stprof|x64.Build.0 = stprof|x64
		{73FAB416-7CC6-4C10-9796-D31EFB1ECF93}.strel|Win32.ActiveCfg = strel|Win32
		{73FAB416-7CC6-4C10-9796-D31EFB1ECF93}.strel|Win32.Build.0 = strel|Win32
		{73FAB416-7CC6-4C10-9796-D31EFB1ECF93}.strel|x64.ActiveCfg = strel|x64
		{73FAB416-7CC6-4C10-9796-D31EFB1ECF93}.strel|x64.Build.0 = strel|x64
		{F6477341-665B-4364-94CA-54A90D73DDF8}.debug|Win32.ActiveCfg = debug|Win32
		{F6477341-665B-4364-94CA-54A90D73DDF8}.debug|Win32.Build.0 = debug|Win32
		{F6477341-665B-4364-94CA-54A90D73DDF8}.debug|x64.ActiveCfg = debug|x64
		{F6477341-665B-4364-94CA-54A90D73DDF8}.debug|x64.Build.0 = debug|x64
		{F6477341-665B-4364-94CA-54A90D73DDF8}.profile|Win32.ActiveCfg = profile|Win32
		{F6477341-665B-4364-94CA-54A90D73DDF8}.profile|Win32.Build.0 = profile|Win32
		{F6477341-665B-4364-94CA-54A90D73DDF8}.profile|x64.ActiveCfg = profile|x64
		{F6477341-665B-4364-94CA-54A90D73DDF8}.profile|x64.Build.0 = profile|x64
		{F6477341-665B-4364-94CA-54A90D73DDF8}.release|Win32.ActiveCfg = debug|Win32
		{F6477341-665B-4364-94CA-54A90D73DDF8}.release|Win32.Build.0 = debug|Win32
		{F6477341-665B-4364-94CA-54A90D73DDF8}.release|x64.ActiveCfg = release|x64
		{F6477341-665B-4364-94CA-54A90D73DDF8}.release|x64.Build.0 = release|x64
		{F6477341-665B-4364-94CA-54A90D73DDF8}.stdbg|Win32.ActiveCfg = stdbg|Win32
		{F6477341-665B-4364-94CA-54A90D73DDF8}.stdbg|Win32.Build.0 = stdbg|Win32
		{F6477341-665B-4364-94CA-54A90D73DDF8}.stdbg|x64.ActiveCfg = stdbg|x64
		{F6477341-665B-4364-94CA-54A90D73DDF8}.stdbg|x64.Build.0 = stdbg|x64
		{F6477341-665B-4364-94CA-54A90D73DDF8}.stprof|Win32.ActiveCfg = stprof|Win32
		{F6477341-665B-4364-94CA-54A90D73DDF8}.stprof|Win32.Build.0 = stprof|Win32
		{F6477341-665B-4364-94CA-54A90D73DDF8}.stprof|x64.ActiveCfg = stprof|x64
		{F6477341-665B-4364-94CA-54A90D73DDF8}.stprof|x64.Build.0 = stprof|x64
		{F6477341-665B-4364-94CA-54A90D73DDF8}.strel|Win32.ActiveCfg = strel|Win32
		{F6477341-665B-4364-94CA-54A90D73DDF8}.strel|Win32.Build.0 = strel|Win32
		{F6477341-665B-4364-94CA-54A90D73DDF8}.strel|x64.ActiveCfg = strel|x64
		{F6477341-665B-4364-94CA-54A90D73DDF8}.strel|x64.Build.0 = strel|x64
		{8610F200-C249-468C-9639-CD9C88CC95E3}.debug|Win32.ActiveCfg = debug|Win32
		{8610F200-C249-468C-9639-CD9C88CC95E3}.debug|Win32.Build.0 = debug|Win32
		{8610F200-C249-468C-9639-CD9C88CC95E3}.debug|x64.ActiveCfg = debug|x64
		{8610F200-C249-468C-9639-CD9C88CC95E3}.debug|x64.Build.0 = debug|x64
		{8610F200-C249-468C-9639-CD9C88CC95E3}.profile|Win32.ActiveCfg = profile|Win32
		{8610F200-C249-468C-9639-CD9C88CC95E3}.profile|Win32.Build.0 = profile|Win32
		{8610F200-C249-468C-9639-CD9C88CC95E3}.profile|x64.ActiveCfg = profile|x64
		{8610F200-C249-468C-9639-CD9C88CC95E3}.profile|x64.Build.0 = profile|x64
		{8610F200-C249-468C-9639-CD9C88CC95E3}.release|Win32.ActiveCfg = debug|Win32
		{8610F200-C249-468C-9639-CD9C88CC95E3}.release|Win32.Build.0 = debug|Win32
		{8610F200-C249-468C-9639-CD9C88CC95E3}.release|x64.ActiveCfg = release|x64
		{8610F200-C249-468C-9639-CD9C88CC95E3}.release|x64.Build.0 = release|x64
		{8610F200-C249-468C-9639-CD9C88CC95E3}.stdbg|Win32.ActiveCfg = stdbg|Win32
		{8610F200-C249-468C-9639-CD9C88CC95E3}.stdbg|Win32.Build.0 = stdbg|Win32
		{8610F200-C249-468C-9639-CD9C88CC95E3}.stdbg|x64.ActiveCfg = stdbg|x64
		{8610F200-C249-468C-9639-CD9C88CC95E3}.stdbg|x64.Build.0 = stdbg|x64
		{8610F200-C249-468C-9639-CD9C88CC95E3}.stprof|Win32.ActiveCfg = stprof|Win32
		{8610F200-C249-468C-9639-CD9C88CC95E3}.stprof|Win32.Build.0 = stprof|Win32
		{8610F200-C249-468C-9639-CD9C88CC95E3}.stprof|x64.ActiveCfg = stprof|x64
		{8610F200-C249-468C-9639-CD9C88CC95E3}.stprof|x64.Build.0 = stprof|x64
		{8610F200-C249-468C-9639-CD9C88CC95E3}.strel|Win32.ActiveCfg = strel|Win32
		{8610F200-C249-468C-9639-CD9C88CC95E3}.strel|Win32.Build.0 = strel|Win32
		{8610F200-C249-468C-9639-CD9C88CC95E3}.strel|x64.ActiveCfg = strel|x64
		{8610F200-C249-468C-9639-CD9C88CC95E3}.strel|x64.Build.0 = strel|x64
		{351F298C-528A-47EC-99AC-8EFD4E35F309}.debug|Win32.ActiveCfg = debug|Win32
		{351F298C-528A-47EC-99AC-8EFD4E35F309}.debug|Win32.Build.0 = debug|Win32
		{351F298C-528A-47EC-99AC-8EFD4E35F309}.debug|x64.ActiveCfg = debug|x64
		{351F298C-528A-47EC-99AC-8EFD4E35F309}.debug|x64.Build.0 = debug|x64
		{351F298C-528A-47EC-99AC-8EFD4E35F309}.profile|Win32.ActiveCfg = profile|Win32
		{351F298C-528A-47EC-99AC-8EFD4E35F309}.profile|Win32.Build.0 = profile|Win32
		{351F298C-528A-47EC-99AC-8EFD4E35F309}.profile|x64.ActiveCfg = profile|x64
		{351F298C-528A-47EC-99AC-8EFD4E35F309}.profile|x64.Build.0 = profile|x64
		{351F298C-528A-47EC-99AC-8EFD4E35F309}.release|Win32.ActiveCfg = debug|Win32
		{351F298C-528A-47EC-99AC-8EFD4E35F309}.release|Win32.Build.0 = debug|Win32
		{351F298C-528A-47EC-99AC-8EFD4E35F309}.release|x64.ActiveCfg = release|x64
		{351F298C-528A-47EC-99AC-8EFD4E35F309}.release|x64.Build.0 = release|x64
		{351F298C-528A-47EC-99AC-8EFD4E35F309}.stdbg|Win32.ActiveCfg = stdbg|Win32
		{351F298C-528A-47EC-99AC-8EFD4E35F309}.stdbg|Win32.Build.0 = stdbg|Win32
		{351F298C-528A-47EC-99AC-8EFD4E35F309}.stdbg|x64.ActiveCfg = stdbg|x64
		{351F298C-528A-47EC-99AC-8EFD4E35F309}.stdbg|x64.Build.0 = stdbg|x64
		{351F298C-528A-47EC-99AC-8EFD4E35F309}.stprof|Win32.ActiveCfg = stprof|Win32
		{351F298C-528A-47EC-99AC-8EFD4E35F309}.stprof|Win32.Build.0 = stprof|Win32
		{351F298C-528A-47EC-99AC-8EFD4E35F309}.stprof|x64.ActiveCfg = stprof|x64
		{351F298C-528A-47EC-99AC-8EFD4E35F309}.stprof|x64.Build.0 = stprof|x64
		{351F298C-528A-47EC-99AC-8EFD4E35F309}.strel|Win32.ActiveCfg = strel|Win32
		{351F298C-528A-47EC-99AC-8EFD4E35F309}.strel|Win32.Build.0 = strel|Win32
		{351F298C-528A-47EC-99AC-8EFD4E35F309}.strel|x64.ActiveCfg = strel|x64
		{351F298C-528A-47EC-99AC-8EFD4E35F309}.strel|x64.Build.0 = strel|x64
		{E02AA3B9-18D7-46C3-BEF5-44823CFD78A7}.debug|Win32.ActiveCfg = debug|Win32
		{E02AA3B9-18D7-46C3-BEF5-44823CFD78A7}.debug|Win32.Build.0 = debug|Win32
		{E02AA3B9-18D7-46C3-BEF5-44823CFD78A7}.debug|x64.ActiveCfg = debug|x64
		{E02AA3B9-18D7-46C3-BEF5-44823CFD78A7}.debug|x64.Build.0 = debug|x64
		{E02AA3B9-18D7-46C3-BEF5-44823CFD78A7}.profile|Win32.ActiveCfg = profile|Win32
		{E02AA3B9-18D7-46C3-BEF5-44823CFD78A7}.profile|Win32.Build.0 = profile|Win32
		{E02AA3B9-18D7-46C3-BEF5-44823CFD78A7}.profile|x64.ActiveCfg = profile|x64
		{E02AA3B9-18D7-46C3-BEF5-44823CFD78A7}.profile|x64.Build.0 = profile|x64
		{E02AA3B9-18D7-46C3-BEF5-44823CFD78A7}.release|Win32.ActiveCfg = debug|Win32
		{E02AA3B9-18D7-46C3-BEF5-44823CFD78A7}.release|Win32.Build.0 = debug|Win32
		{E02AA3B9-18D7-46C3-BEF5-44823CFD78A7}.release|x64.ActiveCfg = release|x64
		{E02AA3B9-18D7-46C3-BEF5-44823CFD78A7}.release|x64.Build.0 = release|x64
		{E02AA3B9-18D7-46C3-BEF5-44823CFD78A7}.stdbg|Win32.ActiveCfg = stdbg|Win32
		{E02AA3B9-18D7-46C3-BEF5-44823CFD78A7}.stdbg|Win32.Build.0 = stdbg|Win32
		{E02AA3B9-18D7-46C3-BEF5-44823CFD78A7}.stdbg|x64.ActiveCfg = stdbg|x64
		{E02AA3B9-18D7-46C3-BEF5-44823CFD78A7}.stdbg|x64.Build.0 = stdbg|x64
		{E02AA3B9-18D7-46C3-BEF5-44823CFD78A7}.stprof|Win32.ActiveCfg = stprof|Win32
		{E02AA3B9-18D7-46C3-BEF5-44823CFD78A7}.stprof|Win32.Build.0 = stprof|Win32
		{E02AA3B9-18D7-46C3-BEF5-44823CFD78A7}.stprof|x64.ActiveCfg = stprof|x64
		{E02AA3B9-18D7-46C3-BEF5-44823CFD78A7}.stprof|x64.Build.0 = stprof|x64
		{E02AA3B9-18D7-46C3-BEF5-44823CFD78A7}.strel|Win32.ActiveCfg = strel|Win32
		{E02AA3B9-18D7-46C3-BEF5-44823CFD78A7}.strel|Win32.Build.0 = strel|Win32
		{E02AA3B9-18D7-46C3-BEF5-44823CFD78A7}.strel|x64.ActiveCfg = strel|x64
		{E02AA3B9-18D7-46C3-BEF5-44823CFD78A7}.strel|x64.Build.0 = strel|x64
		{277441C3-4DA1-4FD1-BE8D-BCFA37C8A023}.debug|Win32.ActiveCfg = debug|Win32
		{277441C3-4DA1-4FD1-BE8D-BCFA37C8A023}.debug|Win32.Build.0 = debug|Win32
		{277441C3-4DA1-4FD1-BE8D-BCFA37C8A023}.debug|x64.ActiveCfg = debug|x64
		{277441C3-4DA1-4FD1-BE8D-BCFA37C8A023}.debug|x64.Build.0 = debug|x64
		{277441C3-4DA1-4FD1-BE8D-BCFA37C8A023}.profile|Win32.ActiveCfg = profile|Win32
		{277441C3-4DA1-4FD1-BE8D-BCFA37C8A023}.profile|Win32.Build.0 = profile|Win32
		{277441C3-4DA1-4FD1-BE8D-BCFA37C8A023}.profile|x64.ActiveCfg = profile|x64
		{277441C3-4DA1-4FD1-BE8D-BCFA37C8A023}.profile|x64.Build.0 = profile|x64
		{277441C3-4DA1-4FD1-BE8D-BCFA37C8A023}.release|Win32.ActiveCfg = debug|Win32
		{277441C3-4DA1-4FD1-BE8D-BCFA37C8A023}.release|Win32.Build.0 = debug|Win32
		{277441C3-4DA1-4FD1-BE8D-BCFA37C8A023}.release|x64.ActiveCfg = release|x64
		{277441C3-4DA1-4FD1-BE8D-BCFA37C8A023}.release|x64.Build.0 = release|x64
		{277441C3-4DA1-4FD1-BE8D-BCFA37C8A023}.stdbg|Win32.ActiveCfg = stdbg|Win32
		{277441C3-4DA1-4FD1-BE8D-BCFA37C8A023}.stdbg|Win32.Build.0 = stdbg|Win32
		{277441C3-4DA1-4FD1-BE8D-BCFA37C8A023}.stdbg|x64.ActiveCfg = stdbg|x64
		{277441C3-4DA1-4FD1-BE8D-BCFA37C8A023}.stdbg|x64.Build.0 = stdbg|x64
		{277441C3-4DA1-4FD1-BE8D-BCFA37C8A023}.stprof|Win32.ActiveCfg = stprof|Win32
		{277441C3-4DA1-4FD1-BE8D-BCFA37C8A023}.stprof|Win32.Build.0 = stprof|Win32
		{277441C3-4DA1-4FD1-BE8D-BCFA37C8A023}.stprof|x64.ActiveCfg = stprof|x64
		{277441C3-4DA1-4FD1-BE8D-BCFA37C8A023}.stprof|x64.Build.0 = stprof|x64
		{277441C3-4DA1-4FD1-BE8D-BCFA37C8A023}.strel|Win32.ActiveCfg = strel|Win32
		{277441C3-4DA1-4FD1-BE8D-BCFA37C8A023}.strel|Win32.Build.0 = strel|Win32
		{277441C3-4DA1-4FD1-BE8D-BCFA37C8A023}.strel|x64.ActiveCfg = strel|x64
		{277441C3-4DA1-4FD1-BE8D-BCFA37C8A023}.strel|x64.Build.0 = strel|x64
		{6FFBC754-64A4-4B99-BA6A-51DC9AAB91EA}.debug|Win32.ActiveCfg = debug|Win32
		{6FFBC754-64A4-4B99-BA6A-51DC9AAB91EA}.debug|Win32.Build.0 = debug|Win32
		{6FFBC754-64A4-4B99-BA6A-51DC9AAB91EA}.debug|x64.ActiveCfg = debug|x64
		{6FFBC754-64A4-4B99-BA6A-51DC9AAB91EA}.debug|x64.Build.0 = debug|x64
		{6FFBC754-64A4-4B99-BA6A-51DC9AAB91EA}.profile|Win32.ActiveCfg = profile|Win32
		{6FFBC754-64A4-4B99-BA6A-51DC9AAB91EA}.profile|Win32.Build.0 = profile|Win32
		{6FFBC754-64A4-4B99-BA6A-51DC9AAB91EA}.profile|x64.ActiveCfg = profile|x64
		{6FFBC754-64A4-4B99-BA6A-51DC9AAB91EA}.profile|x64.Build.0 = profile|x64
		{6FFBC754-64A4-4B99-BA6A-51DC9AAB91EA}.release|Win32.ActiveCfg = debug|Win32
		{6FFBC754-64A4-4B99-BA6A-51DC9AAB91EA}.release|Win32.Build.0 = debug|Win32
		{6FFBC754-64A4-4B99-BA6A-51DC9AAB91EA}.release|x64.ActiveCfg = release|x64
		{6FFBC754-64A4-4B99-BA6A-51DC9AAB91EA}.release|x64.Build.0 = release|x64
		{6FFBC754-64A4-4B99-BA6A-51DC9AAB91EA}.stdbg|Win32.ActiveCfg = stdbg|Win32
		{6FFBC754-64A4-4B99-BA6A-51DC9AAB91EA}.stdbg|Win32.Build.0 = stdbg|Win32
		{6FFBC754-64A4-4B99-BA6A-51DC9AAB91EA}.stdbg|x64.ActiveCfg = stdbg|x64
		{6FFBC754-64A4-4B99-BA6A-51DC9AAB91EA}.stdbg|x64.Build.0 = stdbg|x64
		{6FFBC754-64A4-4B99-BA6A-51DC9AAB91EA}.stprof|Win32.ActiveCfg = stprof|Win32
		{6FFBC754-64A4-4B99-BA6A-51DC9AAB91EA}.stprof|Win32.Build.0 = stprof|Win32
		{6FFBC754-64A4-4B99-BA6A-51DC9AAB91EA}.stprof|x64.ActiveCfg = stprof|x64
		{6FFBC754-64A4-4B99-BA6A-51DC9AAB91EA}.stprof|x64.Build.0 = stprof|x64
		{6FFBC754-64A4-4B99-BA6A-51DC9AAB91EA}.strel|Win32.ActiveCfg = strel|Win32
		{6FFBC754-64A4-4B99-BA6A-51DC9AAB91EA}.strel|Win32.Build.0 = strel|Win32
		{6FFBC754-64A4-4B99-BA6A-51DC9AAB91EA}.strel|x64.ActiveCfg = strel|x64
		{6FFBC754-64A4-4B99-BA6A-51DC9AAB91EA}.strel|x64.Build.0 = strel|x64
		{CA9338CE-DC53-4203-811D-E95AAB5A1E86}.debug|Win32.ActiveCfg = debug|Win32
		{CA9338CE-DC53-4203-811D-E95AAB5A1E86}.debug|Win32.Build.0 = debug|Win32
		{CA9338CE-DC53-4203-811D-E95AAB5A1E86}.debug|x64.ActiveCfg = debug|x64
		{CA9338CE-DC53-4203-811D-E95AAB5A1E86}.debug|x64.Build.0 = debug|x64
		{CA9338CE-DC53-4203-811D-E95AAB5A1E86}.profile|Win32.ActiveCfg = profile|Win32
		{CA9338CE-DC53-4203-811D-E95AAB5A1E86}.profile|Win32.Build.0 = profile|Win32
		{CA9338CE-DC53-4203-811D-E95AAB5A1E86}.profile|x64.ActiveCfg = profile|x64
		{CA9338CE-DC53-4203-811D-E95AAB5A1E86}.profile|x64.Build.0 = profile|x64
		{CA9338CE-DC53-4203-811D-E95AAB5A1E86}.release|Win32.ActiveCfg = release|Win32
		{CA9338CE-DC53-4203-811D-E95AAB5A1E86}.release|Win32.Build.0 = release|Win32
		{CA9338CE-DC53-4203-811D-E95AAB5A1E86}.release|x64.ActiveCfg = release|x64
		{CA9338CE-DC53-4203-811D-E95AAB5A1E86}.release|x64.Build.0 = release|x64
		{CA9338CE-DC53-4203-811D-E95AAB5A1E86}.stdbg|Win32.ActiveCfg = stdbg|Win32
		{CA9338CE-DC53-4203-811D-E95AAB5A1E86}.stdbg|Win32.Build.0 = stdbg|Win32
		{CA9338CE-DC53-4203-811D-E95AAB5A1E86}.stdbg|x64.ActiveCfg = stdbg|x64
		{CA9338CE-DC53-4203-811D-E95AAB5A1E86}.stdbg|x64.Build.0 = stdbg|x64
		{CA9338CE-DC53-4203-811D-E95AAB5A1E86}.stprof|Win32.ActiveCfg = stprof|Win32
		{CA9338CE-DC53-4203-811D-E95AAB5A1E86}.stprof|Win32.Build.0 = stprof|Win32
		{CA9338CE-DC53-4203-811D-E95AAB5A1E86}.stprof|x64.ActiveCfg = stprof|x64
		{CA9338CE-DC53-4203-811D-E95AAB5A1E86}.stprof|x64.Build.0 = stprof|x64
		{CA9338CE-DC53-4203-811D-E95AAB5A1E86}.strel|Win32.ActiveCfg = strel|Win32
		{CA9338CE-DC53-4203-811D-E95AAB5A1E86}.strel|Win32.Build.0 = strel|Win32
		{CA9338CE-DC53-4203-811D-E95AAB5A1E86}.strel|x64.ActiveCfg = strel|x64
		{CA9338CE-DC53-4203-811D-E95AAB5A1E86}.strel|x64.Build.0 = strel|x64
		{852718FB-B7D5-4247-8DF6-3A423A677CA7}.debug|Win32.ActiveCfg = debug|Win32
		{852718FB-B7D5-4247-8DF6-3A423A677CA7}.debug|Win32.Build.0 = debug|Win32
		{852718FB-B7D5-4247-8DF6-3A423A677CA7}.debug|x64.ActiveCfg = debug|x64
		{852718FB-B7D5-4247-8DF6-3A423A677CA7}.debug|x64.Build.0 = debug|x64
		{852718FB-B7D5-4247-8DF6-3A423A677CA7}.profile|Win32.ActiveCfg = profile|Win32
		{852718FB-B7D5-4247-8DF6-3A423A677CA7}.profile|Win32.Build.0 = profile|Win32
		{852718FB-B7D5-4247-8DF6-3A423A677CA7}.profile|x64.ActiveCfg = profile|x64
		{852718FB-B7D5-4247-8DF6-3A423A677CA7}.profile|x64.Build.0 = profile|x64
		{852718FB-B7D5-4247-8DF6-3A423A677CA7}.release|Win32.ActiveCfg = release|Win32
		{852718FB-B7D5-4247-8DF6-3A423A677CA7}.release|Win32.Build.0 = release|Win32
		{852718FB-B7D5-4247-8DF6-3A423A677CA7}.release|x64.ActiveCfg = release|x64
		{852718FB-B7D5-4247-8DF6-3A423A677CA7}.release|x64.Build.0 = release|x64
		{852718FB-B7D5-4247-8DF6-3A423A677CA7}.stdbg|Win32.ActiveCfg = stdbg|Win32
		{852718FB-B7D5-4247-8DF6-3A423A677CA7}.stdbg|Win32.Build.0 = stdbg|Win32
		{852718FB-B7D5-4247-8DF6-3A423A677CA7}.stdbg|x64.ActiveCfg = stdbg|x64
		{852718FB-B7D5-4247-8DF6-3A423A677CA7}.stdbg|x64.Build.0 = stdbg|x64
		{852718FB-B7D5-4247-8DF6-3A423A677CA7}.stprof|Win32.ActiveCfg = stprof|Win32
		{852718FB-B7D5-4247-8DF6-3A423A677CA7}.stprof|Win32.Build.0 = stprof|Win32
		{852718FB-B7D5-4247-8DF6-3A423A677CA7}.stprof|x64.ActiveCfg = stprof|x64
		{852718FB-B7D5-4247-8DF6-3A423A677CA7}.stprof|x64.Build.0 = stprof|x64
		{852718FB-B7D5-4247-8DF6-3A423A677CA7}.strel|Win32.ActiveCfg = strel|Win32
		{852718FB-B7D5-4247-8DF6-3A423A677CA7}.strel|Win32.Build.0 = strel|Win32
		{852718FB-B7D5-4247-8DF6-3A423A677CA7}.strel|x64.ActiveCfg = strel|x64
		{852718FB-B7D5-4247-8DF6-3A423A677CA7}.strel|x64.Build.0 = strel|x64
		{5B8EA5C9-45F6-450E-AA4B-91A1A8129B60}.debug|Win32.ActiveCfg = debug|Win32
		{5B8EA5C9-45F6-450E-AA4B-91A1A8129B60}.debug|Win32.Build.0 = debug|Win32
		{5B8EA5C9-45F6-450E-AA4B-91A1A8129B60}.debug|x64.ActiveCfg = debug|x64
		{5B8EA5C9-45F6-450E-AA4B-91A1A8129B60}.debug|x64.Build.0 = debug|x64
		{5B8EA5C9-45F6-450E-AA4B-91A1A8129B60}.profile|Win32.ActiveCfg = profile|Win32
		{5B8EA5C9-45F6-450E-AA4B-91A1A8129B60}.profile|Win32.Build.0 = profile|Win32
		{5B8EA5C9-45F6-450E-AA4B-91A1A8129B60}.profile|x64.ActiveCfg = profile|x64
		{5B8EA5C9-45F6-450E-AA4B-91A1A8129B60}.profile|x64.Build.0 = profile|x64
		{5B8EA5C9-45F6-450E-AA4B-91A1A8129B60}.release|Win32.ActiveCfg = release|Win32
		{5B8EA5C9-45F6-450E-AA4B-91A1A8129B60}.release|Win32.Build.0 = release|Win32
		{5B8EA5C9-45F6-450E-AA4B-91A1A8129B60}.release|x64.ActiveCfg = release|x64
		{5B8EA5C9-45F6-450E-AA4B-91A1A8129B60}.release|x64.Build.0 = release|x64
		{5B8EA5C9-45F6-450E-AA4B-91A1A8129B60}.stdbg|Win32.ActiveCfg = stdbg|Win32
		{5B8EA5C9-45F6-450E-AA4B-91A1A8129B60}.stdbg|Win32.Build.0 = stdbg|Win32
		{5B8EA5C9-45F6-450E-AA4B-91A1A8129B60}.stdbg|x64.ActiveCfg = stdbg|x64
		{5B8EA5C9-45F6-450E-AA4B-91A1A8129B60}.stdbg|x64.Build.0 = stdbg|x64
		{5B8EA5C9-45F6-450E-AA4B-91A1A8129B60}.stprof|Win32.ActiveCfg = stprof|Win32
		{5B8EA5C9-45F6-450E-AA4B-91A1A8129B60}.stprof|Win32.Build.0 = stprof|Win32
		{5B8EA5C9-45F6-450E-AA4B-91A1A8129B60}.stprof|x64.ActiveCfg = stprof|x64
		{5B8EA5C9-45F6-450E-AA4B-91A1A8129B60}.stprof|x64.Build.0 = stprof|x64
		{5B8EA5C9-45F6-450E-AA4B-91A1A8129B60}.strel|Win32.ActiveCfg = strel|Win32
		{5B8EA5C9-45F6-450E-AA4B-91A1A8129B60}.strel|Win32.Build.0 = strel|Win32
		{5B8EA5C9-45F6-450E-AA4B-91A1A8129B60}.strel|x64.ActiveCfg = strel|x64
		{5B8EA5C9-45F6-450E-AA4B-91A1A8129B60}.strel|x64.Build.0 = strel|x64
		{3C7D1DE8-C651-40A2-B334-0F18557EB853}.debug|Win32.ActiveCfg = debug|Win32
		{3C7D1DE8-C651-40A2-B334-0F18557EB853}.debug|Win32.Build.0 = debug|Win32
		{3C7D1DE8-C651-40A2-B334-0F18557EB853}.debug|x64.ActiveCfg = debug|x64
		{3C7D1DE8-C651-40A2-B334-0F18557EB853}.debug|x64.Build.0 = debug|x64
		{3C7D1DE8-C651-40A2-B334-0F18557EB853}.profile|Win32.ActiveCfg = strel|x64
		{3C7D1DE8-C651-40A2-B334-0F18557EB853}.profile|x64.ActiveCfg = strel|x64
		{3C7D1DE8-C651-40A2-B334-0F18557EB853}.release|Win32.ActiveCfg = release|Win32
		{3C7D1DE8-C651-40A2-B334-0F18557EB853}.release|Win32.Build.0 = release|Win32
		{3C7D1DE8-C651-40A2-B334-0F18557EB853}.release|x64.ActiveCfg = release|x64
		{3C7D1DE8-C651-40A2-B334-0F18557EB853}.release|x64.Build.0 = release|x64
		{3C7D1DE8-C651-40A2-B334-0F18557EB853}.stdbg|Win32.ActiveCfg = stdbg|Win32
		{3C7D1DE8-C651-40A2-B334-0F18557EB853}.stdbg|Win32.Build.0 = stdbg|Win32
		{3C7D1DE8-C651-40A2-B334-0F18557EB853}.stdbg|x64.ActiveCfg = stdbg|x64
		{3C7D1DE8-C651-40A2-B334-0F18557EB853}.stdbg|x64.Build.0 = stdbg|x64
		{3C7D1DE8-C651-40A2-B334-0F18557EB853}.stprof|Win32.ActiveCfg = strel|x64
		{3C7D1DE8-C651-40A2-B334-0F18557EB853}.stprof|x64.ActiveCfg = strel|x64
		{3C7D1DE8-C651-40A2-B334-0F18557EB853}.strel|Win32.ActiveCfg = strel|Win32
		{3C7D1DE8-C651-40A2-B334-0F18557EB853}.strel|Win32.Build.0 = strel|Win32
		{3C7D1DE8-C651-40A2-B334-0F18557EB853}.strel|x64.ActiveCfg = strel|x64
		{3C7D1DE8-C651-40A2-B334-0F18557EB853}.strel|x64.Build.0 = strel|x64
		{191C7E8F-B272-4B8A-B770-1D8CC6CAA925}.debug|Win32.ActiveCfg = debug|Win32
		{191C7E8F-B272-4B8A-B770-1D8CC6CAA925}.debug|Win32.Build.0 = debug|Win32
		{191C7E8F-B272-4B8A-B770-1D8CC6CAA925}.debug|x64.ActiveCfg = debug|x64
		{191C7E8F-B272-4B8A-B770-1D8CC6CAA925}.debug|x64.Build.0 = debug|x64
		{191C7E8F-B272-4B8A-B770-1D8CC6CAA925}.profile|Win32.ActiveCfg = profile|Win32
		{191C7E8F-B272-4B8A-B770-1D8CC6CAA925}.profile|Win32.Build.0 = profile|Win32
		{191C7E8F-B272-4B8A-B770-1D8CC6CAA925}.profile|x64.ActiveCfg = profile|x64
		{191C7E8F-B272-4B8A-B770-1D8CC6CAA925}.profile|x64.Build.0 = profile|x64
		{191C7E8F-B272-4B8A-B770-1D8CC6CAA925}.release|Win32.ActiveCfg = release|Win32
		{191C7E8F-B272-4B8A-B770-1D8CC6CAA925}.release|Win32.Build.0 = release|Win32
		{191C7E8F-B272-4B8A-B770-1D8CC6CAA925}.release|x64.ActiveCfg = release|x64
		{191C7E8F-B272-4B8A-B770-1D8CC6CAA925}.release|x64.Build.0 = release|x64
		{191C7E8F-B272-4B8A-B770-1D8CC6CAA925}.stdbg|Win32.ActiveCfg = stdbg|Win32
		{191C7E8F-B272-4B8A-B770-1D8CC6CAA925}.stdbg|Win32.Build.0 = stdbg|Win32
		{191C7E8F-B272-4B8A-B770-1D8CC6CAA925}.stdbg|x64.ActiveCfg = stdbg|x64
		{191C7E8F-B272-4B8A-B770-1D8CC6CAA925}.stdbg|x64.Build.0 = stdbg|x64
		{191C7E8F-B272-4B8A-B770-1D8CC6CAA925}.stprof|Win32.ActiveCfg = stprof|Win32
		{191C7E8F-B272-4B8A-B770-1D8CC6CAA925}.stprof|Win32.Build.0 = stprof|Win32
		{191C7E8F-B272-4B8A-B770-1D8CC6CAA925}.stprof|x64.ActiveCfg = stprof|x64
		{191C7E8F-B272-4B8A-B770-1D8CC6CAA925}.stprof|x64.Build.0 = stprof|x64
		{191C7E8F-B272-4B8A-B770-1D8CC6CAA925}.strel|Win32.ActiveCfg = strel|Win32
		{191C7E8F-B272-4B8A-B770-1D8CC6CAA925}.strel|Win32.Build.0 = strel|Win32
		{191C7E8F-B272-4B8A-B770-1D8CC6CAA925}.strel|x64.ActiveCfg = strel|x64
		{191C7E8F-B272-4B8A-B770-1D8CC6CAA925}.strel|x64.Build.0 = strel|x64
		{8E909D7F-21E5-490B-949C-98B5BD80CCAB}.debug|Win32.ActiveCfg = debug|Win32
		{8E909D7F-21E5-490B-949C-98B5BD80CCAB}.debug|Win32.Build.0 = debug|Win32
		{8E909D7F-21E5-490B-949C-98B5BD80CCAB}.debug|x64.ActiveCfg = debug|x64
		{8E909D7F-21E5-490B-949C-98B5BD80CCAB}.debug|x64.Build.0 = debug|x64
		{8E909D7F-21E5-490B-949C-98B5BD80CCAB}.profile|Win32.ActiveCfg = profile|Win32
		{8E909D7F-21E5-490B-949C-98B5BD80CCAB}.profile|Win32.Build.0 = profile|Win32
		{8E909D7F-21E5-490B-949C-98B5BD80CCAB}.profile|x64.ActiveCfg = profile|x64
		{8E909D7F-21E5-490B-949C-98B5BD80CCAB}.profile|x64.Build.0 = profile|x64
		{8E909D7F-21E5-490B-949C-98B5BD80CCAB}.release|Win32.ActiveCfg = release|Win32
		{8E909D7F-21E5-490B-949C-98B5BD80CCAB}.release|Win32.Build.0 = release|Win32
		{8E909D7F-21E5-490B-949C-98B5BD80CCAB}.release|x64.ActiveCfg = release|x64
		{8E909D7F-21E5-490B-949C-98B5BD80CCAB}.release|x64.Build.0 = release|x64
		{8E909D7F-21E5-490B-949C-98B5BD80CCAB}.stdbg|Win32.ActiveCfg = stdbg|Win32
		{8E909D7F-21E5-490B-949C-98B5BD80CCAB}.stdbg|Win32.Build.0 = stdbg|Win32
		{8E909D7F-21E5-490B-949C-98B5BD80CCAB}.stdbg|x64.ActiveCfg = stdbg|x64
		{8E909D7F-21E5-490B-949C-98B5BD80CCAB}.stdbg|x64.Build.0 = stdbg|x64
		{8E909D7F-21E5-490B-949C-98B5BD80CCAB}.stprof|Win32.ActiveCfg = stprof|Win32
		{8E909D7F-21E5-490B-949C-98B5BD80CCAB}.stprof|Win32.Build.0 = stprof|Win32
		{8E909D7F-21E5-490B-949C-98B5BD80CCAB}.stprof|x64.ActiveCfg = stprof|x64
		{8E909D7F-21E5-490B-949C-98B5BD80CCAB}.stprof|x64.Build.0 = stprof|x64
		{8E909D7F-21E5-490B-949C-98B5BD80CCAB}.strel|Win32.ActiveCfg = strel|Win32
		{8E909D7F-21E5-490B-949C-98B5BD80CCAB}.strel|Win32.Build.0 = strel|Win32
		{8E909D7F-21E5-490B-949C-98B5BD80CCAB}.strel|x64.ActiveCfg = strel|x64
		{8E909D7F-21E5-490B-949C-98B5BD80CCAB}.strel|x64.Build.0 = strel|x64
	EndGlobalSection
	GlobalSection(SolutionProperties) = preSolution
		HideSolutionNode = FALSE
	EndGlobalSection
	GlobalSection(DPCodeReviewSolutionGUID) = preSolution
		DPCodeReviewSolutionGUID = {00000000-0000-0000-0000-000000000000}
	EndGlobalSection
EndGlobal
