Microsoft Visual Studio Solution File, Format Version 8.00
Project("{8BC9CEB8-8B4A-11D0-8D11-00A0C91BC942}") = "GNbase", "7.1\GNbase.vcproj", "{28A1B915-7618-4A20-B9CA-CDF3D71BFF1F}"
	ProjectSection(ProjectDependencies) = postProject
	EndProjectSection
EndProject
Project("{8BC9CEB8-8B4A-11D0-8D11-00A0C91BC942}") = "GNcore", "7.1\GNcore.vcproj", "{377D307A-4C54-48C0-A63F-EA2CE57A7454}"
	ProjectSection(ProjectDependencies) = postProject
	EndProjectSection
EndProject
Project("{8BC9CEB8-8B4A-11D0-8D11-00A0C91BC942}") = "GNextern", "7.1\GNextern.vcproj", "{F7F7A69C-0335-4F7E-8A89-0F02F2E151A7}"
	ProjectSection(ProjectDependencies) = postProject
	EndProjectSection
EndProject
Project("{8BC9CEB8-8B4A-11D0-8D11-00A0C91BC942}") = "GNgfxD3D", "7.1\GNgfxD3D.vcproj", "{F6477341-665B-4364-94CA-54A90D73DDF8}"
	ProjectSection(ProjectDependencies) = postProject
	EndProjectSection
EndProject
Project("{8BC9CEB8-8B4A-11D0-8D11-00A0C91BC942}") = "GNgfxOGL", "7.1\GNgfxOGL.vcproj", "{8610F200-C249-468C-9639-CD9C88CC95E3}"
	ProjectSection(ProjectDependencies) = postProject
	EndProjectSection
EndProject
Project("{8BC9CEB8-8B4A-11D0-8D11-00A0C91BC942}") = "GNgfxCommon", "7.1\GNgfxCommon.vcproj", "{351F298C-528A-47EC-99AC-8EFD4E35F309}"
	ProjectSection(ProjectDependencies) = postProject
	EndProjectSection
EndProject
Project("{8BC9CEB8-8B4A-11D0-8D11-00A0C91BC942}") = "GNgfxTest", "7.1\GNgfxTest.vcproj", "{E02AA3B9-18D7-46C3-BEF5-44823CFD78A7}"
	ProjectSection(ProjectDependencies) = postProject
	EndProjectSection
EndProject
Project("{8BC9CEB8-8B4A-11D0-8D11-00A0C91BC942}") = "GNinputTest", "7.1\GNinputTest.vcproj", "{277441C3-4DA1-4FD1-BE8D-BCFA37C8A023}"
	ProjectSection(ProjectDependencies) = postProject
	EndProjectSection
EndProject
Project("{8BC9CEB8-8B4A-11D0-8D11-00A0C91BC942}") = "GNut", "7.1\GNut.vcproj", "{6FFBC754-64A4-4B99-BA6A-51DC9AAB91EA}"
	ProjectSection(ProjectDependencies) = postProject
	EndProjectSection
EndProject
Project("{8BC9CEB8-8B4A-11D0-8D11-00A0C91BC942}") = "GNrenderToTexture", "7.1\GNrenderToTexture.vcproj", "{E2602755-C7BC-49D2-9DFD-8408162F5305}"
	ProjectSection(ProjectDependencies) = postProject
	EndProjectSection
EndProject
Project("{8BC9CEB8-8B4A-11D0-8D11-00A0C91BC942}") = "GNdepthTexture", "7.1\GNdepthTexture.vcproj", "{E0CBB63B-6A6B-48C8-8CFB-D1BF446CB3CA}"
	ProjectSection(ProjectDependencies) = postProject
	EndProjectSection
EndProject
Global
	GlobalSection(SolutionConfiguration) = preSolution
		Debug = Debug
		Release = Release
		Stdbg = Stdbg
		Strel = Strel
	EndGlobalSection
	GlobalSection(ProjectConfiguration) = postSolution
		{28A1B915-7618-4A20-B9CA-CDF3D71BFF1F}.Debug.ActiveCfg = debug|Win32
		{28A1B915-7618-4A20-B9CA-CDF3D71BFF1F}.Debug.Build.0 = debug|Win32
		{28A1B915-7618-4A20-B9CA-CDF3D71BFF1F}.Release.ActiveCfg = release|Win32
		{28A1B915-7618-4A20-B9CA-CDF3D71BFF1F}.Release.Build.0 = release|Win32
		{28A1B915-7618-4A20-B9CA-CDF3D71BFF1F}.Stdbg.ActiveCfg = stdbg|Win32
		{28A1B915-7618-4A20-B9CA-CDF3D71BFF1F}.Stdbg.Build.0 = stdbg|Win32
		{28A1B915-7618-4A20-B9CA-CDF3D71BFF1F}.Strel.ActiveCfg = strel|Win32
		{28A1B915-7618-4A20-B9CA-CDF3D71BFF1F}.Strel.Build.0 = strel|Win32
		{377D307A-4C54-48C0-A63F-EA2CE57A7454}.Debug.ActiveCfg = debug|Win32
		{377D307A-4C54-48C0-A63F-EA2CE57A7454}.Debug.Build.0 = debug|Win32
		{377D307A-4C54-48C0-A63F-EA2CE57A7454}.Release.ActiveCfg = release|Win32
		{377D307A-4C54-48C0-A63F-EA2CE57A7454}.Release.Build.0 = release|Win32
		{377D307A-4C54-48C0-A63F-EA2CE57A7454}.Stdbg.ActiveCfg = stdbg|Win32
		{377D307A-4C54-48C0-A63F-EA2CE57A7454}.Stdbg.Build.0 = stdbg|Win32
		{377D307A-4C54-48C0-A63F-EA2CE57A7454}.Strel.ActiveCfg = strel|Win32
		{377D307A-4C54-48C0-A63F-EA2CE57A7454}.Strel.Build.0 = strel|Win32
		{F7F7A69C-0335-4F7E-8A89-0F02F2E151A7}.Debug.ActiveCfg = debug|Win32
		{F7F7A69C-0335-4F7E-8A89-0F02F2E151A7}.Release.ActiveCfg = release|Win32
		{F7F7A69C-0335-4F7E-8A89-0F02F2E151A7}.Stdbg.ActiveCfg = stdbg|Win32
		{F7F7A69C-0335-4F7E-8A89-0F02F2E151A7}.Strel.ActiveCfg = strel|Win32
		{F6477341-665B-4364-94CA-54A90D73DDF8}.Debug.ActiveCfg = debug|Win32
		{F6477341-665B-4364-94CA-54A90D73DDF8}.Debug.Build.0 = debug|Win32
		{F6477341-665B-4364-94CA-54A90D73DDF8}.Release.ActiveCfg = release|Win32
		{F6477341-665B-4364-94CA-54A90D73DDF8}.Release.Build.0 = release|Win32
		{F6477341-665B-4364-94CA-54A90D73DDF8}.Stdbg.ActiveCfg = stdbg|Win32
		{F6477341-665B-4364-94CA-54A90D73DDF8}.Stdbg.Build.0 = stdbg|Win32
		{F6477341-665B-4364-94CA-54A90D73DDF8}.Strel.ActiveCfg = strel|Win32
		{F6477341-665B-4364-94CA-54A90D73DDF8}.Strel.Build.0 = strel|Win32
		{8610F200-C249-468C-9639-CD9C88CC95E3}.Debug.ActiveCfg = debug|Win32
		{8610F200-C249-468C-9639-CD9C88CC95E3}.Debug.Build.0 = debug|Win32
		{8610F200-C249-468C-9639-CD9C88CC95E3}.Release.ActiveCfg = release|Win32
		{8610F200-C249-468C-9639-CD9C88CC95E3}.Release.Build.0 = release|Win32
		{8610F200-C249-468C-9639-CD9C88CC95E3}.Stdbg.ActiveCfg = stdbg|Win32
		{8610F200-C249-468C-9639-CD9C88CC95E3}.Stdbg.Build.0 = stdbg|Win32
		{8610F200-C249-468C-9639-CD9C88CC95E3}.Strel.ActiveCfg = strel|Win32
		{8610F200-C249-468C-9639-CD9C88CC95E3}.Strel.Build.0 = strel|Win32
		{351F298C-528A-47EC-99AC-8EFD4E35F309}.Debug.ActiveCfg = debug|Win32
		{351F298C-528A-47EC-99AC-8EFD4E35F309}.Debug.Build.0 = debug|Win32
		{351F298C-528A-47EC-99AC-8EFD4E35F309}.Release.ActiveCfg = release|Win32
		{351F298C-528A-47EC-99AC-8EFD4E35F309}.Release.Build.0 = release|Win32
		{351F298C-528A-47EC-99AC-8EFD4E35F309}.Stdbg.ActiveCfg = stdbg|Win32
		{351F298C-528A-47EC-99AC-8EFD4E35F309}.Stdbg.Build.0 = stdbg|Win32
		{351F298C-528A-47EC-99AC-8EFD4E35F309}.Strel.ActiveCfg = strel|Win32
		{351F298C-528A-47EC-99AC-8EFD4E35F309}.Strel.Build.0 = strel|Win32
		{E02AA3B9-18D7-46C3-BEF5-44823CFD78A7}.Debug.ActiveCfg = debug|Win32
		{E02AA3B9-18D7-46C3-BEF5-44823CFD78A7}.Debug.Build.0 = debug|Win32
		{E02AA3B9-18D7-46C3-BEF5-44823CFD78A7}.Release.ActiveCfg = release|Win32
		{E02AA3B9-18D7-46C3-BEF5-44823CFD78A7}.Release.Build.0 = release|Win32
		{E02AA3B9-18D7-46C3-BEF5-44823CFD78A7}.Stdbg.ActiveCfg = stdbg|Win32
		{E02AA3B9-18D7-46C3-BEF5-44823CFD78A7}.Stdbg.Build.0 = stdbg|Win32
		{E02AA3B9-18D7-46C3-BEF5-44823CFD78A7}.Strel.ActiveCfg = strel|Win32
		{E02AA3B9-18D7-46C3-BEF5-44823CFD78A7}.Strel.Build.0 = strel|Win32
		{277441C3-4DA1-4FD1-BE8D-BCFA37C8A023}.Debug.ActiveCfg = debug|Win32
		{277441C3-4DA1-4FD1-BE8D-BCFA37C8A023}.Debug.Build.0 = debug|Win32
		{277441C3-4DA1-4FD1-BE8D-BCFA37C8A023}.Release.ActiveCfg = release|Win32
		{277441C3-4DA1-4FD1-BE8D-BCFA37C8A023}.Release.Build.0 = release|Win32
		{277441C3-4DA1-4FD1-BE8D-BCFA37C8A023}.Stdbg.ActiveCfg = stdbg|Win32
		{277441C3-4DA1-4FD1-BE8D-BCFA37C8A023}.Stdbg.Build.0 = stdbg|Win32
		{277441C3-4DA1-4FD1-BE8D-BCFA37C8A023}.Strel.ActiveCfg = strel|Win32
		{277441C3-4DA1-4FD1-BE8D-BCFA37C8A023}.Strel.Build.0 = strel|Win32
		{6FFBC754-64A4-4B99-BA6A-51DC9AAB91EA}.Debug.ActiveCfg = debug|Win32
		{6FFBC754-64A4-4B99-BA6A-51DC9AAB91EA}.Debug.Build.0 = debug|Win32
		{6FFBC754-64A4-4B99-BA6A-51DC9AAB91EA}.Release.ActiveCfg = release|Win32
		{6FFBC754-64A4-4B99-BA6A-51DC9AAB91EA}.Release.Build.0 = release|Win32
		{6FFBC754-64A4-4B99-BA6A-51DC9AAB91EA}.Stdbg.ActiveCfg = stdbg|Win32
		{6FFBC754-64A4-4B99-BA6A-51DC9AAB91EA}.Stdbg.Build.0 = stdbg|Win32
		{6FFBC754-64A4-4B99-BA6A-51DC9AAB91EA}.Strel.ActiveCfg = strel|Win32
		{6FFBC754-64A4-4B99-BA6A-51DC9AAB91EA}.Strel.Build.0 = strel|Win32
		{E2602755-C7BC-49D2-9DFD-8408162F5305}.Debug.ActiveCfg = debug|Win32
		{E2602755-C7BC-49D2-9DFD-8408162F5305}.Debug.Build.0 = debug|Win32
		{E2602755-C7BC-49D2-9DFD-8408162F5305}.Release.ActiveCfg = release|Win32
		{E2602755-C7BC-49D2-9DFD-8408162F5305}.Release.Build.0 = release|Win32
		{E2602755-C7BC-49D2-9DFD-8408162F5305}.Stdbg.ActiveCfg = stdbg|Win32
		{E2602755-C7BC-49D2-9DFD-8408162F5305}.Stdbg.Build.0 = stdbg|Win32
		{E2602755-C7BC-49D2-9DFD-8408162F5305}.Strel.ActiveCfg = strel|Win32
		{E2602755-C7BC-49D2-9DFD-8408162F5305}.Strel.Build.0 = strel|Win32
		{E0CBB63B-6A6B-48C8-8CFB-D1BF446CB3CA}.Debug.ActiveCfg = debug|Win32
		{E0CBB63B-6A6B-48C8-8CFB-D1BF446CB3CA}.Debug.Build.0 = debug|Win32
		{E0CBB63B-6A6B-48C8-8CFB-D1BF446CB3CA}.Release.ActiveCfg = release|Win32
		{E0CBB63B-6A6B-48C8-8CFB-D1BF446CB3CA}.Release.Build.0 = release|Win32
		{E0CBB63B-6A6B-48C8-8CFB-D1BF446CB3CA}.Stdbg.ActiveCfg = stdbg|Win32
		{E0CBB63B-6A6B-48C8-8CFB-D1BF446CB3CA}.Stdbg.Build.0 = stdbg|Win32
		{E0CBB63B-6A6B-48C8-8CFB-D1BF446CB3CA}.Strel.ActiveCfg = strel|Win32
		{E0CBB63B-6A6B-48C8-8CFB-D1BF446CB3CA}.Strel.Build.0 = strel|Win32
	EndGlobalSection
	GlobalSection(ExtensibilityGlobals) = postSolution
	EndGlobalSection
	GlobalSection(ExtensibilityAddIns) = postSolution
	EndGlobalSection
	GlobalSection(DPCodeReviewSolutionGUID) = preSolution
		DPCodeReviewSolutionGUID = {00000000-0000-0000-0000-000000000000}
	EndGlobalSection
EndGlobal
