
Microsoft Visual Studio Solution File, Format Version 10.00
# Visual Studio 2008
Project("{8BC9CEB8-8B4A-11D0-8D11-00A0C91BC942}") = "GNtestRndr", "GNtestRndr.vcproj", "{41FC2250-7BFF-40D0-8420-BDF072DA73FA}"
EndProject
Project("{8BC9CEB8-8B4A-11D0-8D11-00A0C91BC942}") = "GNtestSprite", "GNtestSprite.vcproj", "{2C9C8AD1-2098-440E-87AC-7374A026FB84}"
EndProject
Global
	GlobalSection(SolutionConfigurationPlatforms) = preSolution
		Debug|Xbox 360 = Debug|Xbox 360
		Release|Xbox 360 = Release|Xbox 360
	EndGlobalSection
	GlobalSection(ProjectConfigurationPlatforms) = postSolution
		{41FC2250-7BFF-40D0-8420-BDF072DA73FA}.Debug|Xbox 360.ActiveCfg = Debug|Xbox 360
		{41FC2250-7BFF-40D0-8420-BDF072DA73FA}.Debug|Xbox 360.Build.0 = Debug|Xbox 360
		{41FC2250-7BFF-40D0-8420-BDF072DA73FA}.Release|Xbox 360.ActiveCfg = Release|Xbox 360
		{41FC2250-7BFF-40D0-8420-BDF072DA73FA}.Release|Xbox 360.Build.0 = Release|Xbox 360
		{2C9C8AD1-2098-440E-87AC-7374A026FB84}.Debug|Xbox 360.ActiveCfg = Debug|Xbox 360
		{2C9C8AD1-2098-440E-87AC-7374A026FB84}.Debug|Xbox 360.Build.0 = Debug|Xbox 360
		{2C9C8AD1-2098-440E-87AC-7374A026FB84}.Release|Xbox 360.ActiveCfg = Release|Xbox 360
		{2C9C8AD1-2098-440E-87AC-7374A026FB84}.Release|Xbox 360.Build.0 = Release|Xbox 360
	EndGlobalSection
	GlobalSection(SolutionProperties) = preSolution
		HideSolutionNode = FALSE
	EndGlobalSection
EndGlobal
